Microsoft Visual Studio Solution File, Format Version 12.00
# Visual Studio 14
VisualStudioVersion = 14.0.25123.0
MinimumVisualStudioVersion = 10.0.40219.1
Project("{8BC9CEB8-8B4A-11D0-8D11-00A0C91BC942}") = "gamemachine", "gamemachine\gamemachine.vcxproj", "{421D5CC0-A094-40E3-9570-4C0DB51B4B8F}"
EndProject
Project("{8BC9CEB8-8B4A-11D0-8D11-00A0C91BC942}") = "demo", "demo\demo.vcxproj", "{89EDC5D8-CCE5-4590-87B3-CD12BDDF655C}"
EndProject
Project("{2150E333-8FDC-42A3-9474-1A3956D46DE8}") = "bullet3", "bullet3", "{E6888896-758B-43FC-B8E0-4CD4BA077C07}"
EndProject
Project("{8BC9CEB8-8B4A-11D0-8D11-00A0C91BC942}") = "ALL_BUILD", "..\bullet3_windows\ALL_BUILD.vcxproj", "{61CDBBA2-B80A-49A3-9262-3AD356B298D7}"
	ProjectSection(ProjectDependencies) = postProject
		{8C63BD5D-2D6D-4B53-A48F-E819D8C57039} = {8C63BD5D-2D6D-4B53-A48F-E819D8C57039}
		{1E1249F2-97E6-4AE5-AA7B-8C7EFE2C0C3C} = {1E1249F2-97E6-4AE5-AA7B-8C7EFE2C0C3C}
		{0E64EF06-C597-4630-A5E2-EF1811095995} = {0E64EF06-C597-4630-A5E2-EF1811095995}
		{A5B71515-E3B5-4D22-9B08-F3A6AACCDDF9} = {A5B71515-E3B5-4D22-9B08-F3A6AACCDDF9}
		{10B9C4DA-5DA2-46CE-813E-871333ED57F4} = {10B9C4DA-5DA2-46CE-813E-871333ED57F4}
		{811AEA2E-804B-48C2-986F-EE18DDB77D46} = {811AEA2E-804B-48C2-986F-EE18DDB77D46}
		{3F36B224-009A-46FD-85DD-F8CC46057692} = {3F36B224-009A-46FD-85DD-F8CC46057692}
		{0BBDD524-7929-4A76-8D91-B2A3B068FC88} = {0BBDD524-7929-4A76-8D91-B2A3B068FC88}
		{4C441149-544F-4592-95B0-C8720C0FB75D} = {4C441149-544F-4592-95B0-C8720C0FB75D}
		{34350725-F289-4872-95D5-1779837D8A86} = {34350725-F289-4872-95D5-1779837D8A86}
		{2439E096-368D-471C-A38F-DDC6D7C74756} = {2439E096-368D-471C-A38F-DDC6D7C74756}
		{43F8DD6A-8048-468A-A36A-74FA8410476E} = {43F8DD6A-8048-468A-A36A-74FA8410476E}
		{58DE2A64-BE83-4DFA-AE7D-BBD3C987922E} = {58DE2A64-BE83-4DFA-AE7D-BBD3C987922E}
		{677BE743-B397-4ADC-B37E-CCCB3C42D4BF} = {677BE743-B397-4ADC-B37E-CCCB3C42D4BF}
		{15EFFEE7-5754-4BBA-B1BF-EECB0CB2B738} = {15EFFEE7-5754-4BBA-B1BF-EECB0CB2B738}
		{DCB01501-F59D-4D74-92D1-2F7B0C7422DA} = {DCB01501-F59D-4D74-92D1-2F7B0C7422DA}
		{3629700F-ED12-4650-9236-32AEE32347B3} = {3629700F-ED12-4650-9236-32AEE32347B3}
		{923BEF00-D612-4473-AC4F-D2C0C891FD14} = {923BEF00-D612-4473-AC4F-D2C0C891FD14}
		{CAF2C8F9-6B18-4403-92EA-2B92D5419519} = {CAF2C8F9-6B18-4403-92EA-2B92D5419519}
		{3E21E180-D912-4575-BD1E-A54D2F9F4CD8} = {3E21E180-D912-4575-BD1E-A54D2F9F4CD8}
		{A11D793A-693F-4A6D-AD5E-2538ED41D5AC} = {A11D793A-693F-4A6D-AD5E-2538ED41D5AC}
		{443DED58-DA76-48C1-9417-2D4BB8E542E3} = {443DED58-DA76-48C1-9417-2D4BB8E542E3}
		{D25695EF-3D1D-4D31-B844-31DF1AFBFDFC} = {D25695EF-3D1D-4D31-B844-31DF1AFBFDFC}
		{35DF9AAA-8E91-4B9D-9CFC-01909820D429} = {35DF9AAA-8E91-4B9D-9CFC-01909820D429}
		{7E1AD272-3BB8-4740-A8C3-C87889113D09} = {7E1AD272-3BB8-4740-A8C3-C87889113D09}
		{C4D2A869-FC15-4E87-B7B3-52E164CE41E1} = {C4D2A869-FC15-4E87-B7B3-52E164CE41E1}
		{EA39F15A-060A-4D65-8E19-24B3193B08C0} = {EA39F15A-060A-4D65-8E19-24B3193B08C0}
		{6AB3DB84-2FB8-483D-AE59-03BD7F0C8581} = {6AB3DB84-2FB8-483D-AE59-03BD7F0C8581}
		{CFC9FCA2-7DEC-4B34-83E4-7C0A5551387F} = {CFC9FCA2-7DEC-4B34-83E4-7C0A5551387F}
		{7F84F173-892C-454C-8F8F-600189BCFD66} = {7F84F173-892C-454C-8F8F-600189BCFD66}
		{7E289500-D080-4FC3-BE9D-E2122534D813} = {7E289500-D080-4FC3-BE9D-E2122534D813}
		{DE1FA815-A79D-4119-A425-E9F08A393373} = {DE1FA815-A79D-4119-A425-E9F08A393373}
		{B9218949-2EBF-4241-8AB1-C614985617A2} = {B9218949-2EBF-4241-8AB1-C614985617A2}
		{FB76E7F5-2940-45C1-A6DA-5E76EB289FE6} = {FB76E7F5-2940-45C1-A6DA-5E76EB289FE6}
	EndProjectSection
EndProject
Project("{8BC9CEB8-8B4A-11D0-8D11-00A0C91BC942}") = "AppBasicExampleGui", "..\bullet3_windows\examples\BasicDemo\AppBasicExampleGui.vcxproj", "{8C63BD5D-2D6D-4B53-A48F-E819D8C57039}"
	ProjectSection(ProjectDependencies) = postProject
		{3F36B224-009A-46FD-85DD-F8CC46057692} = {3F36B224-009A-46FD-85DD-F8CC46057692}
		{2439E096-368D-471C-A38F-DDC6D7C74756} = {2439E096-368D-471C-A38F-DDC6D7C74756}
		{43F8DD6A-8048-468A-A36A-74FA8410476E} = {43F8DD6A-8048-468A-A36A-74FA8410476E}
		{35DF9AAA-8E91-4B9D-9CFC-01909820D429} = {35DF9AAA-8E91-4B9D-9CFC-01909820D429}
		{7E1AD272-3BB8-4740-A8C3-C87889113D09} = {7E1AD272-3BB8-4740-A8C3-C87889113D09}
		{DE1FA815-A79D-4119-A425-E9F08A393373} = {DE1FA815-A79D-4119-A425-E9F08A393373}
	EndProjectSection
EndProject
Project("{8BC9CEB8-8B4A-11D0-8D11-00A0C91BC942}") = "App_BasicExample", "..\bullet3_windows\examples\BasicDemo\App_BasicExample.vcxproj", "{1E1249F2-97E6-4AE5-AA7B-8C7EFE2C0C3C}"
	ProjectSection(ProjectDependencies) = postProject
		{2439E096-368D-471C-A38F-DDC6D7C74756} = {2439E096-368D-471C-A38F-DDC6D7C74756}
		{43F8DD6A-8048-468A-A36A-74FA8410476E} = {43F8DD6A-8048-468A-A36A-74FA8410476E}
		{35DF9AAA-8E91-4B9D-9CFC-01909820D429} = {35DF9AAA-8E91-4B9D-9CFC-01909820D429}
		{DE1FA815-A79D-4119-A425-E9F08A393373} = {DE1FA815-A79D-4119-A425-E9F08A393373}
	EndProjectSection
EndProject
Project("{8BC9CEB8-8B4A-11D0-8D11-00A0C91BC942}") = "App_ExampleBrowser", "..\bullet3_windows\examples\ExampleBrowser\App_ExampleBrowser.vcxproj", "{0E64EF06-C597-4630-A5E2-EF1811095995}"
	ProjectSection(ProjectDependencies) = postProject
		{3F36B224-009A-46FD-85DD-F8CC46057692} = {3F36B224-009A-46FD-85DD-F8CC46057692}
		{2439E096-368D-471C-A38F-DDC6D7C74756} = {2439E096-368D-471C-A38F-DDC6D7C74756}
		{43F8DD6A-8048-468A-A36A-74FA8410476E} = {43F8DD6A-8048-468A-A36A-74FA8410476E}
		{58DE2A64-BE83-4DFA-AE7D-BBD3C987922E} = {58DE2A64-BE83-4DFA-AE7D-BBD3C987922E}
		{15EFFEE7-5754-4BBA-B1BF-EECB0CB2B738} = {15EFFEE7-5754-4BBA-B1BF-EECB0CB2B738}
		{DCB01501-F59D-4D74-92D1-2F7B0C7422DA} = {DCB01501-F59D-4D74-92D1-2F7B0C7422DA}
		{3629700F-ED12-4650-9236-32AEE32347B3} = {3629700F-ED12-4650-9236-32AEE32347B3}
		{3E21E180-D912-4575-BD1E-A54D2F9F4CD8} = {3E21E180-D912-4575-BD1E-A54D2F9F4CD8}
		{35DF9AAA-8E91-4B9D-9CFC-01909820D429} = {35DF9AAA-8E91-4B9D-9CFC-01909820D429}
		{7E1AD272-3BB8-4740-A8C3-C87889113D09} = {7E1AD272-3BB8-4740-A8C3-C87889113D09}
		{DE1FA815-A79D-4119-A425-E9F08A393373} = {DE1FA815-A79D-4119-A425-E9F08A393373}
		{FB76E7F5-2940-45C1-A6DA-5E76EB289FE6} = {FB76E7F5-2940-45C1-A6DA-5E76EB289FE6}
	EndProjectSection
EndProject
Project("{8BC9CEB8-8B4A-11D0-8D11-00A0C91BC942}") = "App_HelloWorld", "..\bullet3_windows\examples\HelloWorld\App_HelloWorld.vcxproj", "{A5B71515-E3B5-4D22-9B08-F3A6AACCDDF9}"
	ProjectSection(ProjectDependencies) = postProject
		{2439E096-368D-471C-A38F-DDC6D7C74756} = {2439E096-368D-471C-A38F-DDC6D7C74756}
		{43F8DD6A-8048-468A-A36A-74FA8410476E} = {43F8DD6A-8048-468A-A36A-74FA8410476E}
		{35DF9AAA-8E91-4B9D-9CFC-01909820D429} = {35DF9AAA-8E91-4B9D-9CFC-01909820D429}
		{DE1FA815-A79D-4119-A425-E9F08A393373} = {DE1FA815-A79D-4119-A425-E9F08A393373}
	EndProjectSection
EndProject
Project("{8BC9CEB8-8B4A-11D0-8D11-00A0C91BC942}") = "Bullet2FileLoader", "..\bullet3_windows\src\Bullet3Serialize\Bullet2FileLoader\Bullet2FileLoader.vcxproj", "{10B9C4DA-5DA2-46CE-813E-871333ED57F4}"
	ProjectSection(ProjectDependencies) = postProject
		{DE1FA815-A79D-4119-A425-E9F08A393373} = {DE1FA815-A79D-4119-A425-E9F08A393373}
	EndProjectSection
EndProject
Project("{8BC9CEB8-8B4A-11D0-8D11-00A0C91BC942}") = "Bullet3Collision", "..\bullet3_windows\src\Bullet3Collision\Bullet3Collision.vcxproj", "{811AEA2E-804B-48C2-986F-EE18DDB77D46}"
	ProjectSection(ProjectDependencies) = postProject
		{DE1FA815-A79D-4119-A425-E9F08A393373} = {DE1FA815-A79D-4119-A425-E9F08A393373}
	EndProjectSection
EndProject
Project("{8BC9CEB8-8B4A-11D0-8D11-00A0C91BC942}") = "Bullet3Common", "..\bullet3_windows\src\Bullet3Common\Bullet3Common.vcxproj", "{3F36B224-009A-46FD-85DD-F8CC46057692}"
	ProjectSection(ProjectDependencies) = postProject
		{DE1FA815-A79D-4119-A425-E9F08A393373} = {DE1FA815-A79D-4119-A425-E9F08A393373}
	EndProjectSection
EndProject
Project("{8BC9CEB8-8B4A-11D0-8D11-00A0C91BC942}") = "Bullet3Dynamics", "..\bullet3_windows\src\Bullet3Dynamics\Bullet3Dynamics.vcxproj", "{0BBDD524-7929-4A76-8D91-B2A3B068FC88}"
	ProjectSection(ProjectDependencies) = postProject
		{DE1FA815-A79D-4119-A425-E9F08A393373} = {DE1FA815-A79D-4119-A425-E9F08A393373}
	EndProjectSection
EndProject
Project("{8BC9CEB8-8B4A-11D0-8D11-00A0C91BC942}") = "Bullet3Geometry", "..\bullet3_windows\src\Bullet3Geometry\Bullet3Geometry.vcxproj", "{4C441149-544F-4592-95B0-C8720C0FB75D}"
	ProjectSection(ProjectDependencies) = postProject
		{DE1FA815-A79D-4119-A425-E9F08A393373} = {DE1FA815-A79D-4119-A425-E9F08A393373}
	EndProjectSection
EndProject
Project("{8BC9CEB8-8B4A-11D0-8D11-00A0C91BC942}") = "Bullet3OpenCL_clew", "..\bullet3_windows\src\Bullet3OpenCL\Bullet3OpenCL_clew.vcxproj", "{34350725-F289-4872-95D5-1779837D8A86}"
	ProjectSection(ProjectDependencies) = postProject
		{DE1FA815-A79D-4119-A425-E9F08A393373} = {DE1FA815-A79D-4119-A425-E9F08A393373}
	EndProjectSection
EndProject
Project("{8BC9CEB8-8B4A-11D0-8D11-00A0C91BC942}") = "BulletCollision", "..\bullet3_windows\src\BulletCollision\BulletCollision.vcxproj", "{2439E096-368D-471C-A38F-DDC6D7C74756}"
	ProjectSection(ProjectDependencies) = postProject
		{DE1FA815-A79D-4119-A425-E9F08A393373} = {DE1FA815-A79D-4119-A425-E9F08A393373}
	EndProjectSection
EndProject
Project("{8BC9CEB8-8B4A-11D0-8D11-00A0C91BC942}") = "BulletDynamics", "..\bullet3_windows\src\BulletDynamics\BulletDynamics.vcxproj", "{43F8DD6A-8048-468A-A36A-74FA8410476E}"
	ProjectSection(ProjectDependencies) = postProject
		{DE1FA815-A79D-4119-A425-E9F08A393373} = {DE1FA815-A79D-4119-A425-E9F08A393373}
	EndProjectSection
EndProject
Project("{8BC9CEB8-8B4A-11D0-8D11-00A0C91BC942}") = "BulletExampleBrowserLib", "..\bullet3_windows\examples\ExampleBrowser\BulletExampleBrowserLib.vcxproj", "{58DE2A64-BE83-4DFA-AE7D-BBD3C987922E}"
	ProjectSection(ProjectDependencies) = postProject
		{DE1FA815-A79D-4119-A425-E9F08A393373} = {DE1FA815-A79D-4119-A425-E9F08A393373}
	EndProjectSection
EndProject
Project("{8BC9CEB8-8B4A-11D0-8D11-00A0C91BC942}") = "BulletFileLoader", "..\bullet3_windows\Extras\Serialize\BulletFileLoader\BulletFileLoader.vcxproj", "{677BE743-B397-4ADC-B37E-CCCB3C42D4BF}"
	ProjectSection(ProjectDependencies) = postProject
		{DE1FA815-A79D-4119-A425-E9F08A393373} = {DE1FA815-A79D-4119-A425-E9F08A393373}
	EndProjectSection
EndProject
Project("{8BC9CEB8-8B4A-11D0-8D11-00A0C91BC942}") = "BulletInverseDynamics", "..\bullet3_windows\src\BulletInverseDynamics\BulletInverseDynamics.vcxproj", "{15EFFEE7-5754-4BBA-B1BF-EECB0CB2B738}"
	ProjectSection(ProjectDependencies) = postProject
		{DE1FA815-A79D-4119-A425-E9F08A393373} = {DE1FA815-A79D-4119-A425-E9F08A393373}
	EndProjectSection
EndProject
Project("{8BC9CEB8-8B4A-11D0-8D11-00A0C91BC942}") = "BulletInverseDynamicsUtils", "..\bullet3_windows\Extras\InverseDynamics\BulletInverseDynamicsUtils.vcxproj", "{DCB01501-F59D-4D74-92D1-2F7B0C7422DA}"
	ProjectSection(ProjectDependencies) = postProject
		{DE1FA815-A79D-4119-A425-E9F08A393373} = {DE1FA815-A79D-4119-A425-E9F08A393373}
	EndProjectSection
EndProject
Project("{8BC9CEB8-8B4A-11D0-8D11-00A0C91BC942}") = "BulletSoftBody", "..\bullet3_windows\src\BulletSoftBody\BulletSoftBody.vcxproj", "{3629700F-ED12-4650-9236-32AEE32347B3}"
	ProjectSection(ProjectDependencies) = postProject
		{DE1FA815-A79D-4119-A425-E9F08A393373} = {DE1FA815-A79D-4119-A425-E9F08A393373}
	EndProjectSection
EndProject
Project("{8BC9CEB8-8B4A-11D0-8D11-00A0C91BC942}") = "BulletWorldImporter", "..\bullet3_windows\Extras\Serialize\BulletWorldImporter\BulletWorldImporter.vcxproj", "{923BEF00-D612-4473-AC4F-D2C0C891FD14}"
	ProjectSection(ProjectDependencies) = postProject
		{DE1FA815-A79D-4119-A425-E9F08A393373} = {DE1FA815-A79D-4119-A425-E9F08A393373}
	EndProjectSection
EndProject
Project("{8BC9CEB8-8B4A-11D0-8D11-00A0C91BC942}") = "BulletXmlWorldImporter", "..\bullet3_windows\Extras\Serialize\BulletXmlWorldImporter\BulletXmlWorldImporter.vcxproj", "{CAF2C8F9-6B18-4403-92EA-2B92D5419519}"
	ProjectSection(ProjectDependencies) = postProject
		{DE1FA815-A79D-4119-A425-E9F08A393373} = {DE1FA815-A79D-4119-A425-E9F08A393373}
	EndProjectSection
EndProject
Project("{8BC9CEB8-8B4A-11D0-8D11-00A0C91BC942}") = "BussIK", "..\bullet3_windows\examples\ThirdPartyLibs\BussIK\BussIK.vcxproj", "{3E21E180-D912-4575-BD1E-A54D2F9F4CD8}"
	ProjectSection(ProjectDependencies) = postProject
		{DE1FA815-A79D-4119-A425-E9F08A393373} = {DE1FA815-A79D-4119-A425-E9F08A393373}
	EndProjectSection
EndProject
Project("{8BC9CEB8-8B4A-11D0-8D11-00A0C91BC942}") = "ConvexDecomposition", "..\bullet3_windows\Extras\ConvexDecomposition\ConvexDecomposition.vcxproj", "{A11D793A-693F-4A6D-AD5E-2538ED41D5AC}"
	ProjectSection(ProjectDependencies) = postProject
		{DE1FA815-A79D-4119-A425-E9F08A393373} = {DE1FA815-A79D-4119-A425-E9F08A393373}
	EndProjectSection
EndProject
Project("{8BC9CEB8-8B4A-11D0-8D11-00A0C91BC942}") = "GIMPACTUtils", "..\bullet3_windows\Extras\GIMPACTUtils\GIMPACTUtils.vcxproj", "{443DED58-DA76-48C1-9417-2D4BB8E542E3}"
	ProjectSection(ProjectDependencies) = postProject
		{DE1FA815-A79D-4119-A425-E9F08A393373} = {DE1FA815-A79D-4119-A425-E9F08A393373}
	EndProjectSection
EndProject
Project("{8BC9CEB8-8B4A-11D0-8D11-00A0C91BC942}") = "HACD", "..\bullet3_windows\Extras\HACD\HACD.vcxproj", "{D25695EF-3D1D-4D31-B844-31DF1AFBFDFC}"
	ProjectSection(ProjectDependencies) = postProject
		{DE1FA815-A79D-4119-A425-E9F08A393373} = {DE1FA815-A79D-4119-A425-E9F08A393373}
	EndProjectSection
EndProject
Project("{8BC9CEB8-8B4A-11D0-8D11-00A0C91BC942}") = "INSTALL", "..\bullet3_windows\INSTALL.vcxproj", "{623CABEF-E6BC-47D6-954E-37B8023BD33D}"
	ProjectSection(ProjectDependencies) = postProject
		{61CDBBA2-B80A-49A3-9262-3AD356B298D7} = {61CDBBA2-B80A-49A3-9262-3AD356B298D7}
	EndProjectSection
EndProject
Project("{8BC9CEB8-8B4A-11D0-8D11-00A0C91BC942}") = "LinearMath", "..\bullet3_windows\src\LinearMath\LinearMath.vcxproj", "{35DF9AAA-8E91-4B9D-9CFC-01909820D429}"
	ProjectSection(ProjectDependencies) = postProject
		{DE1FA815-A79D-4119-A425-E9F08A393373} = {DE1FA815-A79D-4119-A425-E9F08A393373}
	EndProjectSection
EndProject
Project("{8BC9CEB8-8B4A-11D0-8D11-00A0C91BC942}") = "OpenGLWindow", "..\bullet3_windows\examples\OpenGLWindow\OpenGLWindow.vcxproj", "{7E1AD272-3BB8-4740-A8C3-C87889113D09}"
	ProjectSection(ProjectDependencies) = postProject
		{DE1FA815-A79D-4119-A425-E9F08A393373} = {DE1FA815-A79D-4119-A425-E9F08A393373}
	EndProjectSection
EndProject
Project("{8BC9CEB8-8B4A-11D0-8D11-00A0C91BC942}") = "RUN_TESTS", "..\bullet3_windows\RUN_TESTS.vcxproj", "{D151CEA4-4254-45B7-BAD7-DB88A5CCE52C}"
EndProject
Project("{8BC9CEB8-8B4A-11D0-8D11-00A0C91BC942}") = "Test_BulletDynamics", "..\bullet3_windows\test\BulletDynamics\pendulum\Test_BulletDynamics.vcxproj", "{C4D2A869-FC15-4E87-B7B3-52E164CE41E1}"
	ProjectSection(ProjectDependencies) = postProject
		{2439E096-368D-471C-A38F-DDC6D7C74756} = {2439E096-368D-471C-A38F-DDC6D7C74756}
		{43F8DD6A-8048-468A-A36A-74FA8410476E} = {43F8DD6A-8048-468A-A36A-74FA8410476E}
		{35DF9AAA-8E91-4B9D-9CFC-01909820D429} = {35DF9AAA-8E91-4B9D-9CFC-01909820D429}
		{DE1FA815-A79D-4119-A425-E9F08A393373} = {DE1FA815-A79D-4119-A425-E9F08A393373}
		{B9218949-2EBF-4241-8AB1-C614985617A2} = {B9218949-2EBF-4241-8AB1-C614985617A2}
	EndProjectSection
EndProject
Project("{8BC9CEB8-8B4A-11D0-8D11-00A0C91BC942}") = "Test_BulletInverseDynamics", "..\bullet3_windows\test\InverseDynamics\Test_BulletInverseDynamics.vcxproj", "{EA39F15A-060A-4D65-8E19-24B3193B08C0}"
	ProjectSection(ProjectDependencies) = postProject
		{3F36B224-009A-46FD-85DD-F8CC46057692} = {3F36B224-009A-46FD-85DD-F8CC46057692}
		{2439E096-368D-471C-A38F-DDC6D7C74756} = {2439E096-368D-471C-A38F-DDC6D7C74756}
		{43F8DD6A-8048-468A-A36A-74FA8410476E} = {43F8DD6A-8048-468A-A36A-74FA8410476E}
		{15EFFEE7-5754-4BBA-B1BF-EECB0CB2B738} = {15EFFEE7-5754-4BBA-B1BF-EECB0CB2B738}
		{DCB01501-F59D-4D74-92D1-2F7B0C7422DA} = {DCB01501-F59D-4D74-92D1-2F7B0C7422DA}
		{35DF9AAA-8E91-4B9D-9CFC-01909820D429} = {35DF9AAA-8E91-4B9D-9CFC-01909820D429}
		{DE1FA815-A79D-4119-A425-E9F08A393373} = {DE1FA815-A79D-4119-A425-E9F08A393373}
		{B9218949-2EBF-4241-8AB1-C614985617A2} = {B9218949-2EBF-4241-8AB1-C614985617A2}
	EndProjectSection
EndProject
Project("{8BC9CEB8-8B4A-11D0-8D11-00A0C91BC942}") = "Test_BulletInverseDynamicsJacobian", "..\bullet3_windows\test\InverseDynamics\Test_BulletInverseDynamicsJacobian.vcxproj", "{6AB3DB84-2FB8-483D-AE59-03BD7F0C8581}"
	ProjectSection(ProjectDependencies) = postProject
		{3F36B224-009A-46FD-85DD-F8CC46057692} = {3F36B224-009A-46FD-85DD-F8CC46057692}
		{15EFFEE7-5754-4BBA-B1BF-EECB0CB2B738} = {15EFFEE7-5754-4BBA-B1BF-EECB0CB2B738}
		{DCB01501-F59D-4D74-92D1-2F7B0C7422DA} = {DCB01501-F59D-4D74-92D1-2F7B0C7422DA}
		{35DF9AAA-8E91-4B9D-9CFC-01909820D429} = {35DF9AAA-8E91-4B9D-9CFC-01909820D429}
		{DE1FA815-A79D-4119-A425-E9F08A393373} = {DE1FA815-A79D-4119-A425-E9F08A393373}
		{B9218949-2EBF-4241-8AB1-C614985617A2} = {B9218949-2EBF-4241-8AB1-C614985617A2}
	EndProjectSection
EndProject
Project("{8BC9CEB8-8B4A-11D0-8D11-00A0C91BC942}") = "Test_BulletInverseForwardDynamics", "..\bullet3_windows\test\InverseDynamics\Test_BulletInverseForwardDynamics.vcxproj", "{CFC9FCA2-7DEC-4B34-83E4-7C0A5551387F}"
	ProjectSection(ProjectDependencies) = postProject
		{3F36B224-009A-46FD-85DD-F8CC46057692} = {3F36B224-009A-46FD-85DD-F8CC46057692}
		{2439E096-368D-471C-A38F-DDC6D7C74756} = {2439E096-368D-471C-A38F-DDC6D7C74756}
		{43F8DD6A-8048-468A-A36A-74FA8410476E} = {43F8DD6A-8048-468A-A36A-74FA8410476E}
		{15EFFEE7-5754-4BBA-B1BF-EECB0CB2B738} = {15EFFEE7-5754-4BBA-B1BF-EECB0CB2B738}
		{DCB01501-F59D-4D74-92D1-2F7B0C7422DA} = {DCB01501-F59D-4D74-92D1-2F7B0C7422DA}
		{35DF9AAA-8E91-4B9D-9CFC-01909820D429} = {35DF9AAA-8E91-4B9D-9CFC-01909820D429}
		{DE1FA815-A79D-4119-A425-E9F08A393373} = {DE1FA815-A79D-4119-A425-E9F08A393373}
		{B9218949-2EBF-4241-8AB1-C614985617A2} = {B9218949-2EBF-4241-8AB1-C614985617A2}
	EndProjectSection
EndProject
Project("{8BC9CEB8-8B4A-11D0-8D11-00A0C91BC942}") = "Test_Collision", "..\bullet3_windows\test\collision\Test_Collision.vcxproj", "{7F84F173-892C-454C-8F8F-600189BCFD66}"
	ProjectSection(ProjectDependencies) = postProject
		{35DF9AAA-8E91-4B9D-9CFC-01909820D429} = {35DF9AAA-8E91-4B9D-9CFC-01909820D429}
		{DE1FA815-A79D-4119-A425-E9F08A393373} = {DE1FA815-A79D-4119-A425-E9F08A393373}
		{B9218949-2EBF-4241-8AB1-C614985617A2} = {B9218949-2EBF-4241-8AB1-C614985617A2}
	EndProjectSection
EndProject
Project("{8BC9CEB8-8B4A-11D0-8D11-00A0C91BC942}") = "Test_PhysicsClientServer", "..\bullet3_windows\test\SharedMemory\Test_PhysicsClientServer.vcxproj", "{7E289500-D080-4FC3-BE9D-E2122534D813}"
	ProjectSection(ProjectDependencies) = postProject
		{3F36B224-009A-46FD-85DD-F8CC46057692} = {3F36B224-009A-46FD-85DD-F8CC46057692}
		{2439E096-368D-471C-A38F-DDC6D7C74756} = {2439E096-368D-471C-A38F-DDC6D7C74756}
		{43F8DD6A-8048-468A-A36A-74FA8410476E} = {43F8DD6A-8048-468A-A36A-74FA8410476E}
		{677BE743-B397-4ADC-B37E-CCCB3C42D4BF} = {677BE743-B397-4ADC-B37E-CCCB3C42D4BF}
		{15EFFEE7-5754-4BBA-B1BF-EECB0CB2B738} = {15EFFEE7-5754-4BBA-B1BF-EECB0CB2B738}
		{DCB01501-F59D-4D74-92D1-2F7B0C7422DA} = {DCB01501-F59D-4D74-92D1-2F7B0C7422DA}
		{923BEF00-D612-4473-AC4F-D2C0C891FD14} = {923BEF00-D612-4473-AC4F-D2C0C891FD14}
		{3E21E180-D912-4575-BD1E-A54D2F9F4CD8} = {3E21E180-D912-4575-BD1E-A54D2F9F4CD8}
		{35DF9AAA-8E91-4B9D-9CFC-01909820D429} = {35DF9AAA-8E91-4B9D-9CFC-01909820D429}
		{DE1FA815-A79D-4119-A425-E9F08A393373} = {DE1FA815-A79D-4119-A425-E9F08A393373}
		{B9218949-2EBF-4241-8AB1-C614985617A2} = {B9218949-2EBF-4241-8AB1-C614985617A2}
	EndProjectSection
EndProject
Project("{8BC9CEB8-8B4A-11D0-8D11-00A0C91BC942}") = "ZERO_CHECK", "..\bullet3_windows\ZERO_CHECK.vcxproj", "{DE1FA815-A79D-4119-A425-E9F08A393373}"
EndProject
Project("{8BC9CEB8-8B4A-11D0-8D11-00A0C91BC942}") = "gtest", "..\bullet3_windows\test\gtest-1.7.0\gtest.vcxproj", "{B9218949-2EBF-4241-8AB1-C614985617A2}"
	ProjectSection(ProjectDependencies) = postProject
		{DE1FA815-A79D-4119-A425-E9F08A393373} = {DE1FA815-A79D-4119-A425-E9F08A393373}
	EndProjectSection
EndProject
Project("{8BC9CEB8-8B4A-11D0-8D11-00A0C91BC942}") = "gwen", "..\bullet3_windows\examples\ThirdPartyLibs\Gwen\gwen.vcxproj", "{FB76E7F5-2940-45C1-A6DA-5E76EB289FE6}"
	ProjectSection(ProjectDependencies) = postProject
		{DE1FA815-A79D-4119-A425-E9F08A393373} = {DE1FA815-A79D-4119-A425-E9F08A393373}
	EndProjectSection
EndProject
Project("{2150E333-8FDC-42A3-9474-1A3956D46DE8}") = "freeglut-3.0.0", "freeglut-3.0.0", "{4915F6FD-8B55-4EDE-9B7B-5CCEC00B1AF0}"
EndProject
Project("{8BC9CEB8-8B4A-11D0-8D11-00A0C91BC942}") = "ALL_BUILD", "..\freeglut-3.0.0_windows\ALL_BUILD.vcxproj", "{F1338BCF-47F8-4717-AA2E-D2BEFCF69D77}"
	ProjectSection(ProjectDependencies) = postProject
		{E5E465CB-FACB-4069-BC48-274F4B694A12} = {E5E465CB-FACB-4069-BC48-274F4B694A12}
		{C4CAADB6-BF54-49E1-A658-B9B648C408E0} = {C4CAADB6-BF54-49E1-A658-B9B648C408E0}
		{726BA84E-119A-4D7B-86CB-F13B85AF6BF4} = {726BA84E-119A-4D7B-86CB-F13B85AF6BF4}
		{CE02C97E-6521-4A18-90C2-049919BF9A5D} = {CE02C97E-6521-4A18-90C2-049919BF9A5D}
		{65CEFB90-9A9E-4365-9E0E-522A88825C4D} = {65CEFB90-9A9E-4365-9E0E-522A88825C4D}
		{BCCBB95E-E784-464D-90AC-BAF398C052CB} = {BCCBB95E-E784-464D-90AC-BAF398C052CB}
		{188CD533-FF8B-44DE-8B84-EC39A3A746C9} = {188CD533-FF8B-44DE-8B84-EC39A3A746C9}
		{35507415-3B06-4804-A3F7-C3C83316DDFC} = {35507415-3B06-4804-A3F7-C3C83316DDFC}
		{275620DC-994C-4CBE-ABFD-98E50E296504} = {275620DC-994C-4CBE-ABFD-98E50E296504}
		{382D544F-E491-4E8E-9DCB-84B435A5EF7D} = {382D544F-E491-4E8E-9DCB-84B435A5EF7D}
		{6EB1F677-2D26-4519-86DE-2882D63B3651} = {6EB1F677-2D26-4519-86DE-2882D63B3651}
		{380AE363-5698-48AA-A175-AA459DBC62CE} = {380AE363-5698-48AA-A175-AA459DBC62CE}
		{0CA5766F-B512-4E4D-8181-2DDCE975DBAC} = {0CA5766F-B512-4E4D-8181-2DDCE975DBAC}
		{13F468F7-A1AB-40FB-8B15-03B717174BB5} = {13F468F7-A1AB-40FB-8B15-03B717174BB5}
		{53C2D66F-D153-4A24-8489-6B8B6DF19579} = {53C2D66F-D153-4A24-8489-6B8B6DF19579}
		{FAA866F7-D05F-4928-B51C-8C53782E5CFD} = {FAA866F7-D05F-4928-B51C-8C53782E5CFD}
		{7A8A717A-DDAF-4459-815A-27E21500AA76} = {7A8A717A-DDAF-4459-815A-27E21500AA76}
		{E8370C33-776B-48DC-964C-BC2E62B7C2A9} = {E8370C33-776B-48DC-964C-BC2E62B7C2A9}
		{06490EBE-0242-48B8-AF95-F9D822C40DC8} = {06490EBE-0242-48B8-AF95-F9D822C40DC8}
		{A2CC1CC5-93FD-407A-AC97-65AFA0AABEB8} = {A2CC1CC5-93FD-407A-AC97-65AFA0AABEB8}
		{11416EF2-7BDA-4C2C-817D-E7FB18DE5F39} = {11416EF2-7BDA-4C2C-817D-E7FB18DE5F39}
		{3ADCC317-8FC1-4B1E-AF7D-377AF90B00AF} = {3ADCC317-8FC1-4B1E-AF7D-377AF90B00AF}
		{E55C2CFB-1EAB-4232-8C13-EB34BEAC7039} = {E55C2CFB-1EAB-4232-8C13-EB34BEAC7039}
		{851B566B-C1A3-46F1-ADD5-EAFC29E32A26} = {851B566B-C1A3-46F1-ADD5-EAFC29E32A26}
		{A1FE990A-DB9E-445C-B8E3-1CC3BC0A692F} = {A1FE990A-DB9E-445C-B8E3-1CC3BC0A692F}
	EndProjectSection
EndProject
Project("{8BC9CEB8-8B4A-11D0-8D11-00A0C91BC942}") = "CallbackMaker", "..\freeglut-3.0.0_windows\CallbackMaker.vcxproj", "{E5E465CB-FACB-4069-BC48-274F4B694A12}"
	ProjectSection(ProjectDependencies) = postProject
		{0CA5766F-B512-4E4D-8181-2DDCE975DBAC} = {0CA5766F-B512-4E4D-8181-2DDCE975DBAC}
		{13F468F7-A1AB-40FB-8B15-03B717174BB5} = {13F468F7-A1AB-40FB-8B15-03B717174BB5}
	EndProjectSection
EndProject
Project("{8BC9CEB8-8B4A-11D0-8D11-00A0C91BC942}") = "CallbackMaker_static", "..\freeglut-3.0.0_windows\CallbackMaker_static.vcxproj", "{C4CAADB6-BF54-49E1-A658-B9B648C408E0}"
	ProjectSection(ProjectDependencies) = postProject
		{0CA5766F-B512-4E4D-8181-2DDCE975DBAC} = {0CA5766F-B512-4E4D-8181-2DDCE975DBAC}
		{53C2D66F-D153-4A24-8489-6B8B6DF19579} = {53C2D66F-D153-4A24-8489-6B8B6DF19579}
	EndProjectSection
EndProject
Project("{8BC9CEB8-8B4A-11D0-8D11-00A0C91BC942}") = "Fractals", "..\freeglut-3.0.0_windows\Fractals.vcxproj", "{726BA84E-119A-4D7B-86CB-F13B85AF6BF4}"
	ProjectSection(ProjectDependencies) = postProject
		{0CA5766F-B512-4E4D-8181-2DDCE975DBAC} = {0CA5766F-B512-4E4D-8181-2DDCE975DBAC}
		{13F468F7-A1AB-40FB-8B15-03B717174BB5} = {13F468F7-A1AB-40FB-8B15-03B717174BB5}
	EndProjectSection
EndProject
Project("{8BC9CEB8-8B4A-11D0-8D11-00A0C91BC942}") = "Fractals_random", "..\freeglut-3.0.0_windows\Fractals_random.vcxproj", "{CE02C97E-6521-4A18-90C2-049919BF9A5D}"
	ProjectSection(ProjectDependencies) = postProject
		{0CA5766F-B512-4E4D-8181-2DDCE975DBAC} = {0CA5766F-B512-4E4D-8181-2DDCE975DBAC}
		{13F468F7-A1AB-40FB-8B15-03B717174BB5} = {13F468F7-A1AB-40FB-8B15-03B717174BB5}
	EndProjectSection
EndProject
Project("{8BC9CEB8-8B4A-11D0-8D11-00A0C91BC942}") = "Fractals_random_static", "..\freeglut-3.0.0_windows\Fractals_random_static.vcxproj", "{65CEFB90-9A9E-4365-9E0E-522A88825C4D}"
	ProjectSection(ProjectDependencies) = postProject
		{0CA5766F-B512-4E4D-8181-2DDCE975DBAC} = {0CA5766F-B512-4E4D-8181-2DDCE975DBAC}
		{53C2D66F-D153-4A24-8489-6B8B6DF19579} = {53C2D66F-D153-4A24-8489-6B8B6DF19579}
	EndProjectSection
EndProject
Project("{8BC9CEB8-8B4A-11D0-8D11-00A0C91BC942}") = "Fractals_static", "..\freeglut-3.0.0_windows\Fractals_static.vcxproj", "{BCCBB95E-E784-464D-90AC-BAF398C052CB}"
	ProjectSection(ProjectDependencies) = postProject
		{0CA5766F-B512-4E4D-8181-2DDCE975DBAC} = {0CA5766F-B512-4E4D-8181-2DDCE975DBAC}
		{53C2D66F-D153-4A24-8489-6B8B6DF19579} = {53C2D66F-D153-4A24-8489-6B8B6DF19579}
	EndProjectSection
EndProject
Project("{8BC9CEB8-8B4A-11D0-8D11-00A0C91BC942}") = "INSTALL", "..\freeglut-3.0.0_windows\INSTALL.vcxproj", "{DAB9E782-7027-4652-B34E-798B446AB904}"
	ProjectSection(ProjectDependencies) = postProject
		{F1338BCF-47F8-4717-AA2E-D2BEFCF69D77} = {F1338BCF-47F8-4717-AA2E-D2BEFCF69D77}
	EndProjectSection
EndProject
Project("{8BC9CEB8-8B4A-11D0-8D11-00A0C91BC942}") = "Lorenz", "..\freeglut-3.0.0_windows\Lorenz.vcxproj", "{188CD533-FF8B-44DE-8B84-EC39A3A746C9}"
	ProjectSection(ProjectDependencies) = postProject
		{0CA5766F-B512-4E4D-8181-2DDCE975DBAC} = {0CA5766F-B512-4E4D-8181-2DDCE975DBAC}
		{13F468F7-A1AB-40FB-8B15-03B717174BB5} = {13F468F7-A1AB-40FB-8B15-03B717174BB5}
	EndProjectSection
EndProject
Project("{8BC9CEB8-8B4A-11D0-8D11-00A0C91BC942}") = "Lorenz_static", "..\freeglut-3.0.0_windows\Lorenz_static.vcxproj", "{35507415-3B06-4804-A3F7-C3C83316DDFC}"
	ProjectSection(ProjectDependencies) = postProject
		{0CA5766F-B512-4E4D-8181-2DDCE975DBAC} = {0CA5766F-B512-4E4D-8181-2DDCE975DBAC}
		{53C2D66F-D153-4A24-8489-6B8B6DF19579} = {53C2D66F-D153-4A24-8489-6B8B6DF19579}
	EndProjectSection
EndProject
Project("{8BC9CEB8-8B4A-11D0-8D11-00A0C91BC942}") = "One", "..\freeglut-3.0.0_windows\One.vcxproj", "{275620DC-994C-4CBE-ABFD-98E50E296504}"
	ProjectSection(ProjectDependencies) = postProject
		{0CA5766F-B512-4E4D-8181-2DDCE975DBAC} = {0CA5766F-B512-4E4D-8181-2DDCE975DBAC}
		{13F468F7-A1AB-40FB-8B15-03B717174BB5} = {13F468F7-A1AB-40FB-8B15-03B717174BB5}
	EndProjectSection
EndProject
Project("{8BC9CEB8-8B4A-11D0-8D11-00A0C91BC942}") = "One_static", "..\freeglut-3.0.0_windows\One_static.vcxproj", "{382D544F-E491-4E8E-9DCB-84B435A5EF7D}"
	ProjectSection(ProjectDependencies) = postProject
		{0CA5766F-B512-4E4D-8181-2DDCE975DBAC} = {0CA5766F-B512-4E4D-8181-2DDCE975DBAC}
		{53C2D66F-D153-4A24-8489-6B8B6DF19579} = {53C2D66F-D153-4A24-8489-6B8B6DF19579}
	EndProjectSection
EndProject
Project("{8BC9CEB8-8B4A-11D0-8D11-00A0C91BC942}") = "Resizer", "..\freeglut-3.0.0_windows\Resizer.vcxproj", "{6EB1F677-2D26-4519-86DE-2882D63B3651}"
	ProjectSection(ProjectDependencies) = postProject
		{0CA5766F-B512-4E4D-8181-2DDCE975DBAC} = {0CA5766F-B512-4E4D-8181-2DDCE975DBAC}
		{13F468F7-A1AB-40FB-8B15-03B717174BB5} = {13F468F7-A1AB-40FB-8B15-03B717174BB5}
	EndProjectSection
EndProject
Project("{8BC9CEB8-8B4A-11D0-8D11-00A0C91BC942}") = "Resizer_static", "..\freeglut-3.0.0_windows\Resizer_static.vcxproj", "{380AE363-5698-48AA-A175-AA459DBC62CE}"
	ProjectSection(ProjectDependencies) = postProject
		{0CA5766F-B512-4E4D-8181-2DDCE975DBAC} = {0CA5766F-B512-4E4D-8181-2DDCE975DBAC}
		{53C2D66F-D153-4A24-8489-6B8B6DF19579} = {53C2D66F-D153-4A24-8489-6B8B6DF19579}
	EndProjectSection
EndProject
Project("{8BC9CEB8-8B4A-11D0-8D11-00A0C91BC942}") = "ZERO_CHECK", "..\freeglut-3.0.0_windows\ZERO_CHECK.vcxproj", "{0CA5766F-B512-4E4D-8181-2DDCE975DBAC}"
EndProject
Project("{8BC9CEB8-8B4A-11D0-8D11-00A0C91BC942}") = "freeglut", "..\freeglut-3.0.0_windows\freeglut.vcxproj", "{13F468F7-A1AB-40FB-8B15-03B717174BB5}"
	ProjectSection(ProjectDependencies) = postProject
		{0CA5766F-B512-4E4D-8181-2DDCE975DBAC} = {0CA5766F-B512-4E4D-8181-2DDCE975DBAC}
	EndProjectSection
EndProject
Project("{8BC9CEB8-8B4A-11D0-8D11-00A0C91BC942}") = "freeglut_static", "..\freeglut-3.0.0_windows\freeglut_static.vcxproj", "{53C2D66F-D153-4A24-8489-6B8B6DF19579}"
	ProjectSection(ProjectDependencies) = postProject
		{0CA5766F-B512-4E4D-8181-2DDCE975DBAC} = {0CA5766F-B512-4E4D-8181-2DDCE975DBAC}
	EndProjectSection
EndProject
Project("{8BC9CEB8-8B4A-11D0-8D11-00A0C91BC942}") = "multi-touch", "..\freeglut-3.0.0_windows\multi-touch.vcxproj", "{FAA866F7-D05F-4928-B51C-8C53782E5CFD}"
	ProjectSection(ProjectDependencies) = postProject
		{0CA5766F-B512-4E4D-8181-2DDCE975DBAC} = {0CA5766F-B512-4E4D-8181-2DDCE975DBAC}
		{13F468F7-A1AB-40FB-8B15-03B717174BB5} = {13F468F7-A1AB-40FB-8B15-03B717174BB5}
	EndProjectSection
EndProject
Project("{8BC9CEB8-8B4A-11D0-8D11-00A0C91BC942}") = "multi-touch_static", "..\freeglut-3.0.0_windows\multi-touch_static.vcxproj", "{7A8A717A-DDAF-4459-815A-27E21500AA76}"
	ProjectSection(ProjectDependencies) = postProject
		{0CA5766F-B512-4E4D-8181-2DDCE975DBAC} = {0CA5766F-B512-4E4D-8181-2DDCE975DBAC}
		{53C2D66F-D153-4A24-8489-6B8B6DF19579} = {53C2D66F-D153-4A24-8489-6B8B6DF19579}
	EndProjectSection
EndProject
Project("{8BC9CEB8-8B4A-11D0-8D11-00A0C91BC942}") = "shapes", "..\freeglut-3.0.0_windows\shapes.vcxproj", "{E8370C33-776B-48DC-964C-BC2E62B7C2A9}"
	ProjectSection(ProjectDependencies) = postProject
		{0CA5766F-B512-4E4D-8181-2DDCE975DBAC} = {0CA5766F-B512-4E4D-8181-2DDCE975DBAC}
		{13F468F7-A1AB-40FB-8B15-03B717174BB5} = {13F468F7-A1AB-40FB-8B15-03B717174BB5}
	EndProjectSection
EndProject
Project("{8BC9CEB8-8B4A-11D0-8D11-00A0C91BC942}") = "shapes_static", "..\freeglut-3.0.0_windows\shapes_static.vcxproj", "{06490EBE-0242-48B8-AF95-F9D822C40DC8}"
	ProjectSection(ProjectDependencies) = postProject
		{0CA5766F-B512-4E4D-8181-2DDCE975DBAC} = {0CA5766F-B512-4E4D-8181-2DDCE975DBAC}
		{53C2D66F-D153-4A24-8489-6B8B6DF19579} = {53C2D66F-D153-4A24-8489-6B8B6DF19579}
	EndProjectSection
EndProject
Project("{8BC9CEB8-8B4A-11D0-8D11-00A0C91BC942}") = "smooth_opengl3", "..\freeglut-3.0.0_windows\smooth_opengl3.vcxproj", "{A2CC1CC5-93FD-407A-AC97-65AFA0AABEB8}"
	ProjectSection(ProjectDependencies) = postProject
		{0CA5766F-B512-4E4D-8181-2DDCE975DBAC} = {0CA5766F-B512-4E4D-8181-2DDCE975DBAC}
		{13F468F7-A1AB-40FB-8B15-03B717174BB5} = {13F468F7-A1AB-40FB-8B15-03B717174BB5}
	EndProjectSection
EndProject
Project("{8BC9CEB8-8B4A-11D0-8D11-00A0C91BC942}") = "smooth_opengl3_static", "..\freeglut-3.0.0_windows\smooth_opengl3_static.vcxproj", "{11416EF2-7BDA-4C2C-817D-E7FB18DE5F39}"
	ProjectSection(ProjectDependencies) = postProject
		{0CA5766F-B512-4E4D-8181-2DDCE975DBAC} = {0CA5766F-B512-4E4D-8181-2DDCE975DBAC}
		{53C2D66F-D153-4A24-8489-6B8B6DF19579} = {53C2D66F-D153-4A24-8489-6B8B6DF19579}
	EndProjectSection
EndProject
Project("{8BC9CEB8-8B4A-11D0-8D11-00A0C91BC942}") = "subwin", "..\freeglut-3.0.0_windows\subwin.vcxproj", "{3ADCC317-8FC1-4B1E-AF7D-377AF90B00AF}"
	ProjectSection(ProjectDependencies) = postProject
		{0CA5766F-B512-4E4D-8181-2DDCE975DBAC} = {0CA5766F-B512-4E4D-8181-2DDCE975DBAC}
		{13F468F7-A1AB-40FB-8B15-03B717174BB5} = {13F468F7-A1AB-40FB-8B15-03B717174BB5}
	EndProjectSection
EndProject
Project("{8BC9CEB8-8B4A-11D0-8D11-00A0C91BC942}") = "subwin_static", "..\freeglut-3.0.0_windows\subwin_static.vcxproj", "{E55C2CFB-1EAB-4232-8C13-EB34BEAC7039}"
	ProjectSection(ProjectDependencies) = postProject
		{0CA5766F-B512-4E4D-8181-2DDCE975DBAC} = {0CA5766F-B512-4E4D-8181-2DDCE975DBAC}
		{53C2D66F-D153-4A24-8489-6B8B6DF19579} = {53C2D66F-D153-4A24-8489-6B8B6DF19579}
	EndProjectSection
EndProject
Project("{8BC9CEB8-8B4A-11D0-8D11-00A0C91BC942}") = "timer", "..\freeglut-3.0.0_windows\timer.vcxproj", "{851B566B-C1A3-46F1-ADD5-EAFC29E32A26}"
	ProjectSection(ProjectDependencies) = postProject
		{0CA5766F-B512-4E4D-8181-2DDCE975DBAC} = {0CA5766F-B512-4E4D-8181-2DDCE975DBAC}
		{13F468F7-A1AB-40FB-8B15-03B717174BB5} = {13F468F7-A1AB-40FB-8B15-03B717174BB5}
	EndProjectSection
EndProject
Project("{8BC9CEB8-8B4A-11D0-8D11-00A0C91BC942}") = "timer_static", "..\freeglut-3.0.0_windows\timer_static.vcxproj", "{A1FE990A-DB9E-445C-B8E3-1CC3BC0A692F}"
	ProjectSection(ProjectDependencies) = postProject
		{0CA5766F-B512-4E4D-8181-2DDCE975DBAC} = {0CA5766F-B512-4E4D-8181-2DDCE975DBAC}
		{53C2D66F-D153-4A24-8489-6B8B6DF19579} = {53C2D66F-D153-4A24-8489-6B8B6DF19579}
	EndProjectSection
EndProject
Global
	GlobalSection(SolutionConfigurationPlatforms) = preSolution
		Debug|Win32 = Debug|Win32
		MinSizeRel|Win32 = MinSizeRel|Win32
		Release|Win32 = Release|Win32
		RelWithDebInfo|Win32 = RelWithDebInfo|Win32
	EndGlobalSection
	GlobalSection(ProjectConfigurationPlatforms) = postSolution
		{421D5CC0-A094-40E3-9570-4C0DB51B4B8F}.Debug|Win32.ActiveCfg = Debug|Win32
		{421D5CC0-A094-40E3-9570-4C0DB51B4B8F}.Debug|Win32.Build.0 = Debug|Win32
		{421D5CC0-A094-40E3-9570-4C0DB51B4B8F}.MinSizeRel|Win32.ActiveCfg = Release|Win32
		{421D5CC0-A094-40E3-9570-4C0DB51B4B8F}.MinSizeRel|Win32.Build.0 = Release|Win32
		{421D5CC0-A094-40E3-9570-4C0DB51B4B8F}.Release|Win32.ActiveCfg = Release|Win32
		{421D5CC0-A094-40E3-9570-4C0DB51B4B8F}.Release|Win32.Build.0 = Release|Win32
		{421D5CC0-A094-40E3-9570-4C0DB51B4B8F}.RelWithDebInfo|Win32.ActiveCfg = Release|Win32
		{421D5CC0-A094-40E3-9570-4C0DB51B4B8F}.RelWithDebInfo|Win32.Build.0 = Release|Win32
		{89EDC5D8-CCE5-4590-87B3-CD12BDDF655C}.Debug|Win32.ActiveCfg = Debug|Win32
		{89EDC5D8-CCE5-4590-87B3-CD12BDDF655C}.Debug|Win32.Build.0 = Debug|Win32
		{89EDC5D8-CCE5-4590-87B3-CD12BDDF655C}.MinSizeRel|Win32.ActiveCfg = Release|Win32
		{89EDC5D8-CCE5-4590-87B3-CD12BDDF655C}.MinSizeRel|Win32.Build.0 = Release|Win32
		{89EDC5D8-CCE5-4590-87B3-CD12BDDF655C}.Release|Win32.ActiveCfg = Release|Win32
		{89EDC5D8-CCE5-4590-87B3-CD12BDDF655C}.Release|Win32.Build.0 = Release|Win32
		{89EDC5D8-CCE5-4590-87B3-CD12BDDF655C}.RelWithDebInfo|Win32.ActiveCfg = Release|Win32
		{89EDC5D8-CCE5-4590-87B3-CD12BDDF655C}.RelWithDebInfo|Win32.Build.0 = Release|Win32
		{61CDBBA2-B80A-49A3-9262-3AD356B298D7}.Debug|Win32.ActiveCfg = Debug|Win32
		{61CDBBA2-B80A-49A3-9262-3AD356B298D7}.Debug|Win32.Build.0 = Debug|Win32
		{61CDBBA2-B80A-49A3-9262-3AD356B298D7}.MinSizeRel|Win32.ActiveCfg = MinSizeRel|Win32
		{61CDBBA2-B80A-49A3-9262-3AD356B298D7}.MinSizeRel|Win32.Build.0 = MinSizeRel|Win32
		{61CDBBA2-B80A-49A3-9262-3AD356B298D7}.Release|Win32.ActiveCfg = Release|Win32
		{61CDBBA2-B80A-49A3-9262-3AD356B298D7}.Release|Win32.Build.0 = Release|Win32
		{61CDBBA2-B80A-49A3-9262-3AD356B298D7}.RelWithDebInfo|Win32.ActiveCfg = RelWithDebInfo|Win32
		{61CDBBA2-B80A-49A3-9262-3AD356B298D7}.RelWithDebInfo|Win32.Build.0 = RelWithDebInfo|Win32
		{8C63BD5D-2D6D-4B53-A48F-E819D8C57039}.Debug|Win32.ActiveCfg = Debug|Win32
		{8C63BD5D-2D6D-4B53-A48F-E819D8C57039}.Debug|Win32.Build.0 = Debug|Win32
		{8C63BD5D-2D6D-4B53-A48F-E819D8C57039}.MinSizeRel|Win32.ActiveCfg = MinSizeRel|Win32
		{8C63BD5D-2D6D-4B53-A48F-E819D8C57039}.MinSizeRel|Win32.Build.0 = MinSizeRel|Win32
		{8C63BD5D-2D6D-4B53-A48F-E819D8C57039}.Release|Win32.ActiveCfg = Release|Win32
		{8C63BD5D-2D6D-4B53-A48F-E819D8C57039}.Release|Win32.Build.0 = Release|Win32
		{8C63BD5D-2D6D-4B53-A48F-E819D8C57039}.RelWithDebInfo|Win32.ActiveCfg = RelWithDebInfo|Win32
		{8C63BD5D-2D6D-4B53-A48F-E819D8C57039}.RelWithDebInfo|Win32.Build.0 = RelWithDebInfo|Win32
		{1E1249F2-97E6-4AE5-AA7B-8C7EFE2C0C3C}.Debug|Win32.ActiveCfg = Debug|Win32
		{1E1249F2-97E6-4AE5-AA7B-8C7EFE2C0C3C}.Debug|Win32.Build.0 = Debug|Win32
		{1E1249F2-97E6-4AE5-AA7B-8C7EFE2C0C3C}.MinSizeRel|Win32.ActiveCfg = MinSizeRel|Win32
		{1E1249F2-97E6-4AE5-AA7B-8C7EFE2C0C3C}.MinSizeRel|Win32.Build.0 = MinSizeRel|Win32
		{1E1249F2-97E6-4AE5-AA7B-8C7EFE2C0C3C}.Release|Win32.ActiveCfg = Release|Win32
		{1E1249F2-97E6-4AE5-AA7B-8C7EFE2C0C3C}.Release|Win32.Build.0 = Release|Win32
		{1E1249F2-97E6-4AE5-AA7B-8C7EFE2C0C3C}.RelWithDebInfo|Win32.ActiveCfg = RelWithDebInfo|Win32
		{1E1249F2-97E6-4AE5-AA7B-8C7EFE2C0C3C}.RelWithDebInfo|Win32.Build.0 = RelWithDebInfo|Win32
		{0E64EF06-C597-4630-A5E2-EF1811095995}.Debug|Win32.ActiveCfg = Debug|Win32
		{0E64EF06-C597-4630-A5E2-EF1811095995}.Debug|Win32.Build.0 = Debug|Win32
		{0E64EF06-C597-4630-A5E2-EF1811095995}.MinSizeRel|Win32.ActiveCfg = MinSizeRel|Win32
		{0E64EF06-C597-4630-A5E2-EF1811095995}.MinSizeRel|Win32.Build.0 = MinSizeRel|Win32
		{0E64EF06-C597-4630-A5E2-EF1811095995}.Release|Win32.ActiveCfg = Release|Win32
		{0E64EF06-C597-4630-A5E2-EF1811095995}.Release|Win32.Build.0 = Release|Win32
		{0E64EF06-C597-4630-A5E2-EF1811095995}.RelWithDebInfo|Win32.ActiveCfg = RelWithDebInfo|Win32
		{0E64EF06-C597-4630-A5E2-EF1811095995}.RelWithDebInfo|Win32.Build.0 = RelWithDebInfo|Win32
		{A5B71515-E3B5-4D22-9B08-F3A6AACCDDF9}.Debug|Win32.ActiveCfg = Debug|Win32
		{A5B71515-E3B5-4D22-9B08-F3A6AACCDDF9}.Debug|Win32.Build.0 = Debug|Win32
		{A5B71515-E3B5-4D22-9B08-F3A6AACCDDF9}.MinSizeRel|Win32.ActiveCfg = MinSizeRel|Win32
		{A5B71515-E3B5-4D22-9B08-F3A6AACCDDF9}.MinSizeRel|Win32.Build.0 = MinSizeRel|Win32
		{A5B71515-E3B5-4D22-9B08-F3A6AACCDDF9}.Release|Win32.ActiveCfg = Release|Win32
		{A5B71515-E3B5-4D22-9B08-F3A6AACCDDF9}.Release|Win32.Build.0 = Release|Win32
		{A5B71515-E3B5-4D22-9B08-F3A6AACCDDF9}.RelWithDebInfo|Win32.ActiveCfg = RelWithDebInfo|Win32
		{A5B71515-E3B5-4D22-9B08-F3A6AACCDDF9}.RelWithDebInfo|Win32.Build.0 = RelWithDebInfo|Win32
		{10B9C4DA-5DA2-46CE-813E-871333ED57F4}.Debug|Win32.ActiveCfg = Debug|Win32
		{10B9C4DA-5DA2-46CE-813E-871333ED57F4}.Debug|Win32.Build.0 = Debug|Win32
		{10B9C4DA-5DA2-46CE-813E-871333ED57F4}.MinSizeRel|Win32.ActiveCfg = MinSizeRel|Win32
		{10B9C4DA-5DA2-46CE-813E-871333ED57F4}.MinSizeRel|Win32.Build.0 = MinSizeRel|Win32
		{10B9C4DA-5DA2-46CE-813E-871333ED57F4}.Release|Win32.ActiveCfg = Release|Win32
		{10B9C4DA-5DA2-46CE-813E-871333ED57F4}.Release|Win32.Build.0 = Release|Win32
		{10B9C4DA-5DA2-46CE-813E-871333ED57F4}.RelWithDebInfo|Win32.ActiveCfg = RelWithDebInfo|Win32
		{10B9C4DA-5DA2-46CE-813E-871333ED57F4}.RelWithDebInfo|Win32.Build.0 = RelWithDebInfo|Win32
		{811AEA2E-804B-48C2-986F-EE18DDB77D46}.Debug|Win32.ActiveCfg = Debug|Win32
		{811AEA2E-804B-48C2-986F-EE18DDB77D46}.Debug|Win32.Build.0 = Debug|Win32
		{811AEA2E-804B-48C2-986F-EE18DDB77D46}.MinSizeRel|Win32.ActiveCfg = MinSizeRel|Win32
		{811AEA2E-804B-48C2-986F-EE18DDB77D46}.MinSizeRel|Win32.Build.0 = MinSizeRel|Win32
		{811AEA2E-804B-48C2-986F-EE18DDB77D46}.Release|Win32.ActiveCfg = Release|Win32
		{811AEA2E-804B-48C2-986F-EE18DDB77D46}.Release|Win32.Build.0 = Release|Win32
		{811AEA2E-804B-48C2-986F-EE18DDB77D46}.RelWithDebInfo|Win32.ActiveCfg = RelWithDebInfo|Win32
		{811AEA2E-804B-48C2-986F-EE18DDB77D46}.RelWithDebInfo|Win32.Build.0 = RelWithDebInfo|Win32
		{3F36B224-009A-46FD-85DD-F8CC46057692}.Debug|Win32.ActiveCfg = Debug|Win32
		{3F36B224-009A-46FD-85DD-F8CC46057692}.Debug|Win32.Build.0 = Debug|Win32
		{3F36B224-009A-46FD-85DD-F8CC46057692}.MinSizeRel|Win32.ActiveCfg = MinSizeRel|Win32
		{3F36B224-009A-46FD-85DD-F8CC46057692}.MinSizeRel|Win32.Build.0 = MinSizeRel|Win32
		{3F36B224-009A-46FD-85DD-F8CC46057692}.Release|Win32.ActiveCfg = Release|Win32
		{3F36B224-009A-46FD-85DD-F8CC46057692}.Release|Win32.Build.0 = Release|Win32
		{3F36B224-009A-46FD-85DD-F8CC46057692}.RelWithDebInfo|Win32.ActiveCfg = RelWithDebInfo|Win32
		{3F36B224-009A-46FD-85DD-F8CC46057692}.RelWithDebInfo|Win32.Build.0 = RelWithDebInfo|Win32
		{0BBDD524-7929-4A76-8D91-B2A3B068FC88}.Debug|Win32.ActiveCfg = Debug|Win32
		{0BBDD524-7929-4A76-8D91-B2A3B068FC88}.Debug|Win32.Build.0 = Debug|Win32
		{0BBDD524-7929-4A76-8D91-B2A3B068FC88}.MinSizeRel|Win32.ActiveCfg = MinSizeRel|Win32
		{0BBDD524-7929-4A76-8D91-B2A3B068FC88}.MinSizeRel|Win32.Build.0 = MinSizeRel|Win32
		{0BBDD524-7929-4A76-8D91-B2A3B068FC88}.Release|Win32.ActiveCfg = Release|Win32
		{0BBDD524-7929-4A76-8D91-B2A3B068FC88}.Release|Win32.Build.0 = Release|Win32
		{0BBDD524-7929-4A76-8D91-B2A3B068FC88}.RelWithDebInfo|Win32.ActiveCfg = RelWithDebInfo|Win32
		{0BBDD524-7929-4A76-8D91-B2A3B068FC88}.RelWithDebInfo|Win32.Build.0 = RelWithDebInfo|Win32
		{4C441149-544F-4592-95B0-C8720C0FB75D}.Debug|Win32.ActiveCfg = Debug|Win32
		{4C441149-544F-4592-95B0-C8720C0FB75D}.Debug|Win32.Build.0 = Debug|Win32
		{4C441149-544F-4592-95B0-C8720C0FB75D}.MinSizeRel|Win32.ActiveCfg = MinSizeRel|Win32
		{4C441149-544F-4592-95B0-C8720C0FB75D}.MinSizeRel|Win32.Build.0 = MinSizeRel|Win32
		{4C441149-544F-4592-95B0-C8720C0FB75D}.Release|Win32.ActiveCfg = Release|Win32
		{4C441149-544F-4592-95B0-C8720C0FB75D}.Release|Win32.Build.0 = Release|Win32
		{4C441149-544F-4592-95B0-C8720C0FB75D}.RelWithDebInfo|Win32.ActiveCfg = RelWithDebInfo|Win32
		{4C441149-544F-4592-95B0-C8720C0FB75D}.RelWithDebInfo|Win32.Build.0 = RelWithDebInfo|Win32
		{34350725-F289-4872-95D5-1779837D8A86}.Debug|Win32.ActiveCfg = Debug|Win32
		{34350725-F289-4872-95D5-1779837D8A86}.Debug|Win32.Build.0 = Debug|Win32
		{34350725-F289-4872-95D5-1779837D8A86}.MinSizeRel|Win32.ActiveCfg = MinSizeRel|Win32
		{34350725-F289-4872-95D5-1779837D8A86}.MinSizeRel|Win32.Build.0 = MinSizeRel|Win32
		{34350725-F289-4872-95D5-1779837D8A86}.Release|Win32.ActiveCfg = Release|Win32
		{34350725-F289-4872-95D5-1779837D8A86}.Release|Win32.Build.0 = Release|Win32
		{34350725-F289-4872-95D5-1779837D8A86}.RelWithDebInfo|Win32.ActiveCfg = RelWithDebInfo|Win32
		{34350725-F289-4872-95D5-1779837D8A86}.RelWithDebInfo|Win32.Build.0 = RelWithDebInfo|Win32
		{2439E096-368D-471C-A38F-DDC6D7C74756}.Debug|Win32.ActiveCfg = Debug|Win32
		{2439E096-368D-471C-A38F-DDC6D7C74756}.Debug|Win32.Build.0 = Debug|Win32
		{2439E096-368D-471C-A38F-DDC6D7C74756}.MinSizeRel|Win32.ActiveCfg = MinSizeRel|Win32
		{2439E096-368D-471C-A38F-DDC6D7C74756}.MinSizeRel|Win32.Build.0 = MinSizeRel|Win32
		{2439E096-368D-471C-A38F-DDC6D7C74756}.Release|Win32.ActiveCfg = Release|Win32
		{2439E096-368D-471C-A38F-DDC6D7C74756}.Release|Win32.Build.0 = Release|Win32
		{2439E096-368D-471C-A38F-DDC6D7C74756}.RelWithDebInfo|Win32.ActiveCfg = RelWithDebInfo|Win32
		{2439E096-368D-471C-A38F-DDC6D7C74756}.RelWithDebInfo|Win32.Build.0 = RelWithDebInfo|Win32
		{43F8DD6A-8048-468A-A36A-74FA8410476E}.Debug|Win32.ActiveCfg = Debug|Win32
		{43F8DD6A-8048-468A-A36A-74FA8410476E}.Debug|Win32.Build.0 = Debug|Win32
		{43F8DD6A-8048-468A-A36A-74FA8410476E}.MinSizeRel|Win32.ActiveCfg = MinSizeRel|Win32
		{43F8DD6A-8048-468A-A36A-74FA8410476E}.MinSizeRel|Win32.Build.0 = MinSizeRel|Win32
		{43F8DD6A-8048-468A-A36A-74FA8410476E}.Release|Win32.ActiveCfg = Release|Win32
		{43F8DD6A-8048-468A-A36A-74FA8410476E}.Release|Win32.Build.0 = Release|Win32
		{43F8DD6A-8048-468A-A36A-74FA8410476E}.RelWithDebInfo|Win32.ActiveCfg = RelWithDebInfo|Win32
		{43F8DD6A-8048-468A-A36A-74FA8410476E}.RelWithDebInfo|Win32.Build.0 = RelWithDebInfo|Win32
		{58DE2A64-BE83-4DFA-AE7D-BBD3C987922E}.Debug|Win32.ActiveCfg = Debug|Win32
		{58DE2A64-BE83-4DFA-AE7D-BBD3C987922E}.Debug|Win32.Build.0 = Debug|Win32
		{58DE2A64-BE83-4DFA-AE7D-BBD3C987922E}.MinSizeRel|Win32.ActiveCfg = MinSizeRel|Win32
		{58DE2A64-BE83-4DFA-AE7D-BBD3C987922E}.MinSizeRel|Win32.Build.0 = MinSizeRel|Win32
		{58DE2A64-BE83-4DFA-AE7D-BBD3C987922E}.Release|Win32.ActiveCfg = Release|Win32
		{58DE2A64-BE83-4DFA-AE7D-BBD3C987922E}.Release|Win32.Build.0 = Release|Win32
		{58DE2A64-BE83-4DFA-AE7D-BBD3C987922E}.RelWithDebInfo|Win32.ActiveCfg = RelWithDebInfo|Win32
		{58DE2A64-BE83-4DFA-AE7D-BBD3C987922E}.RelWithDebInfo|Win32.Build.0 = RelWithDebInfo|Win32
		{677BE743-B397-4ADC-B37E-CCCB3C42D4BF}.Debug|Win32.ActiveCfg = Debug|Win32
		{677BE743-B397-4ADC-B37E-CCCB3C42D4BF}.Debug|Win32.Build.0 = Debug|Win32
		{677BE743-B397-4ADC-B37E-CCCB3C42D4BF}.MinSizeRel|Win32.ActiveCfg = MinSizeRel|Win32
		{677BE743-B397-4ADC-B37E-CCCB3C42D4BF}.MinSizeRel|Win32.Build.0 = MinSizeRel|Win32
		{677BE743-B397-4ADC-B37E-CCCB3C42D4BF}.Release|Win32.ActiveCfg = Release|Win32
		{677BE743-B397-4ADC-B37E-CCCB3C42D4BF}.Release|Win32.Build.0 = Release|Win32
		{677BE743-B397-4ADC-B37E-CCCB3C42D4BF}.RelWithDebInfo|Win32.ActiveCfg = RelWithDebInfo|Win32
		{677BE743-B397-4ADC-B37E-CCCB3C42D4BF}.RelWithDebInfo|Win32.Build.0 = RelWithDebInfo|Win32
		{15EFFEE7-5754-4BBA-B1BF-EECB0CB2B738}.Debug|Win32.ActiveCfg = Debug|Win32
		{15EFFEE7-5754-4BBA-B1BF-EECB0CB2B738}.Debug|Win32.Build.0 = Debug|Win32
		{15EFFEE7-5754-4BBA-B1BF-EECB0CB2B738}.MinSizeRel|Win32.ActiveCfg = MinSizeRel|Win32
		{15EFFEE7-5754-4BBA-B1BF-EECB0CB2B738}.MinSizeRel|Win32.Build.0 = MinSizeRel|Win32
		{15EFFEE7-5754-4BBA-B1BF-EECB0CB2B738}.Release|Win32.ActiveCfg = Release|Win32
		{15EFFEE7-5754-4BBA-B1BF-EECB0CB2B738}.Release|Win32.Build.0 = Release|Win32
		{15EFFEE7-5754-4BBA-B1BF-EECB0CB2B738}.RelWithDebInfo|Win32.ActiveCfg = RelWithDebInfo|Win32
		{15EFFEE7-5754-4BBA-B1BF-EECB0CB2B738}.RelWithDebInfo|Win32.Build.0 = RelWithDebInfo|Win32
		{DCB01501-F59D-4D74-92D1-2F7B0C7422DA}.Debug|Win32.ActiveCfg = Debug|Win32
		{DCB01501-F59D-4D74-92D1-2F7B0C7422DA}.Debug|Win32.Build.0 = Debug|Win32
		{DCB01501-F59D-4D74-92D1-2F7B0C7422DA}.MinSizeRel|Win32.ActiveCfg = MinSizeRel|Win32
		{DCB01501-F59D-4D74-92D1-2F7B0C7422DA}.MinSizeRel|Win32.Build.0 = MinSizeRel|Win32
		{DCB01501-F59D-4D74-92D1-2F7B0C7422DA}.Release|Win32.ActiveCfg = Release|Win32
		{DCB01501-F59D-4D74-92D1-2F7B0C7422DA}.Release|Win32.Build.0 = Release|Win32
		{DCB01501-F59D-4D74-92D1-2F7B0C7422DA}.RelWithDebInfo|Win32.ActiveCfg = RelWithDebInfo|Win32
		{DCB01501-F59D-4D74-92D1-2F7B0C7422DA}.RelWithDebInfo|Win32.Build.0 = RelWithDebInfo|Win32
		{3629700F-ED12-4650-9236-32AEE32347B3}.Debug|Win32.ActiveCfg = Debug|Win32
		{3629700F-ED12-4650-9236-32AEE32347B3}.Debug|Win32.Build.0 = Debug|Win32
		{3629700F-ED12-4650-9236-32AEE32347B3}.MinSizeRel|Win32.ActiveCfg = MinSizeRel|Win32
		{3629700F-ED12-4650-9236-32AEE32347B3}.MinSizeRel|Win32.Build.0 = MinSizeRel|Win32
		{3629700F-ED12-4650-9236-32AEE32347B3}.Release|Win32.ActiveCfg = Release|Win32
		{3629700F-ED12-4650-9236-32AEE32347B3}.Release|Win32.Build.0 = Release|Win32
		{3629700F-ED12-4650-9236-32AEE32347B3}.RelWithDebInfo|Win32.ActiveCfg = RelWithDebInfo|Win32
		{3629700F-ED12-4650-9236-32AEE32347B3}.RelWithDebInfo|Win32.Build.0 = RelWithDebInfo|Win32
		{923BEF00-D612-4473-AC4F-D2C0C891FD14}.Debug|Win32.ActiveCfg = Debug|Win32
		{923BEF00-D612-4473-AC4F-D2C0C891FD14}.Debug|Win32.Build.0 = Debug|Win32
		{923BEF00-D612-4473-AC4F-D2C0C891FD14}.MinSizeRel|Win32.ActiveCfg = MinSizeRel|Win32
		{923BEF00-D612-4473-AC4F-D2C0C891FD14}.MinSizeRel|Win32.Build.0 = MinSizeRel|Win32
		{923BEF00-D612-4473-AC4F-D2C0C891FD14}.Release|Win32.ActiveCfg = Release|Win32
		{923BEF00-D612-4473-AC4F-D2C0C891FD14}.Release|Win32.Build.0 = Release|Win32
		{923BEF00-D612-4473-AC4F-D2C0C891FD14}.RelWithDebInfo|Win32.ActiveCfg = RelWithDebInfo|Win32
		{923BEF00-D612-4473-AC4F-D2C0C891FD14}.RelWithDebInfo|Win32.Build.0 = RelWithDebInfo|Win32
		{CAF2C8F9-6B18-4403-92EA-2B92D5419519}.Debug|Win32.ActiveCfg = Debug|Win32
		{CAF2C8F9-6B18-4403-92EA-2B92D5419519}.Debug|Win32.Build.0 = Debug|Win32
		{CAF2C8F9-6B18-4403-92EA-2B92D5419519}.MinSizeRel|Win32.ActiveCfg = MinSizeRel|Win32
		{CAF2C8F9-6B18-4403-92EA-2B92D5419519}.MinSizeRel|Win32.Build.0 = MinSizeRel|Win32
		{CAF2C8F9-6B18-4403-92EA-2B92D5419519}.Release|Win32.ActiveCfg = Release|Win32
		{CAF2C8F9-6B18-4403-92EA-2B92D5419519}.Release|Win32.Build.0 = Release|Win32
		{CAF2C8F9-6B18-4403-92EA-2B92D5419519}.RelWithDebInfo|Win32.ActiveCfg = RelWithDebInfo|Win32
		{CAF2C8F9-6B18-4403-92EA-2B92D5419519}.RelWithDebInfo|Win32.Build.0 = RelWithDebInfo|Win32
		{3E21E180-D912-4575-BD1E-A54D2F9F4CD8}.Debug|Win32.ActiveCfg = Debug|Win32
		{3E21E180-D912-4575-BD1E-A54D2F9F4CD8}.Debug|Win32.Build.0 = Debug|Win32
		{3E21E180-D912-4575-BD1E-A54D2F9F4CD8}.MinSizeRel|Win32.ActiveCfg = MinSizeRel|Win32
		{3E21E180-D912-4575-BD1E-A54D2F9F4CD8}.MinSizeRel|Win32.Build.0 = MinSizeRel|Win32
		{3E21E180-D912-4575-BD1E-A54D2F9F4CD8}.Release|Win32.ActiveCfg = Release|Win32
		{3E21E180-D912-4575-BD1E-A54D2F9F4CD8}.Release|Win32.Build.0 = Release|Win32
		{3E21E180-D912-4575-BD1E-A54D2F9F4CD8}.RelWithDebInfo|Win32.ActiveCfg = RelWithDebInfo|Win32
		{3E21E180-D912-4575-BD1E-A54D2F9F4CD8}.RelWithDebInfo|Win32.Build.0 = RelWithDebInfo|Win32
		{A11D793A-693F-4A6D-AD5E-2538ED41D5AC}.Debug|Win32.ActiveCfg = Debug|Win32
		{A11D793A-693F-4A6D-AD5E-2538ED41D5AC}.Debug|Win32.Build.0 = Debug|Win32
		{A11D793A-693F-4A6D-AD5E-2538ED41D5AC}.MinSizeRel|Win32.ActiveCfg = MinSizeRel|Win32
		{A11D793A-693F-4A6D-AD5E-2538ED41D5AC}.MinSizeRel|Win32.Build.0 = MinSizeRel|Win32
		{A11D793A-693F-4A6D-AD5E-2538ED41D5AC}.Release|Win32.ActiveCfg = Release|Win32
		{A11D793A-693F-4A6D-AD5E-2538ED41D5AC}.Release|Win32.Build.0 = Release|Win32
		{A11D793A-693F-4A6D-AD5E-2538ED41D5AC}.RelWithDebInfo|Win32.ActiveCfg = RelWithDebInfo|Win32
		{A11D793A-693F-4A6D-AD5E-2538ED41D5AC}.RelWithDebInfo|Win32.Build.0 = RelWithDebInfo|Win32
		{443DED58-DA76-48C1-9417-2D4BB8E542E3}.Debug|Win32.ActiveCfg = Debug|Win32
		{443DED58-DA76-48C1-9417-2D4BB8E542E3}.Debug|Win32.Build.0 = Debug|Win32
		{443DED58-DA76-48C1-9417-2D4BB8E542E3}.MinSizeRel|Win32.ActiveCfg = MinSizeRel|Win32
		{443DED58-DA76-48C1-9417-2D4BB8E542E3}.MinSizeRel|Win32.Build.0 = MinSizeRel|Win32
		{443DED58-DA76-48C1-9417-2D4BB8E542E3}.Release|Win32.ActiveCfg = Release|Win32
		{443DED58-DA76-48C1-9417-2D4BB8E542E3}.Release|Win32.Build.0 = Release|Win32
		{443DED58-DA76-48C1-9417-2D4BB8E542E3}.RelWithDebInfo|Win32.ActiveCfg = RelWithDebInfo|Win32
		{443DED58-DA76-48C1-9417-2D4BB8E542E3}.RelWithDebInfo|Win32.Build.0 = RelWithDebInfo|Win32
		{D25695EF-3D1D-4D31-B844-31DF1AFBFDFC}.Debug|Win32.ActiveCfg = Debug|Win32
		{D25695EF-3D1D-4D31-B844-31DF1AFBFDFC}.Debug|Win32.Build.0 = Debug|Win32
		{D25695EF-3D1D-4D31-B844-31DF1AFBFDFC}.MinSizeRel|Win32.ActiveCfg = MinSizeRel|Win32
		{D25695EF-3D1D-4D31-B844-31DF1AFBFDFC}.MinSizeRel|Win32.Build.0 = MinSizeRel|Win32
		{D25695EF-3D1D-4D31-B844-31DF1AFBFDFC}.Release|Win32.ActiveCfg = Release|Win32
		{D25695EF-3D1D-4D31-B844-31DF1AFBFDFC}.Release|Win32.Build.0 = Release|Win32
		{D25695EF-3D1D-4D31-B844-31DF1AFBFDFC}.RelWithDebInfo|Win32.ActiveCfg = RelWithDebInfo|Win32
		{D25695EF-3D1D-4D31-B844-31DF1AFBFDFC}.RelWithDebInfo|Win32.Build.0 = RelWithDebInfo|Win32
		{623CABEF-E6BC-47D6-954E-37B8023BD33D}.Debug|Win32.ActiveCfg = Debug|Win32
		{623CABEF-E6BC-47D6-954E-37B8023BD33D}.MinSizeRel|Win32.ActiveCfg = MinSizeRel|Win32
		{623CABEF-E6BC-47D6-954E-37B8023BD33D}.Release|Win32.ActiveCfg = Release|Win32
		{623CABEF-E6BC-47D6-954E-37B8023BD33D}.RelWithDebInfo|Win32.ActiveCfg = RelWithDebInfo|Win32
		{35DF9AAA-8E91-4B9D-9CFC-01909820D429}.Debug|Win32.ActiveCfg = Debug|Win32
		{35DF9AAA-8E91-4B9D-9CFC-01909820D429}.Debug|Win32.Build.0 = Debug|Win32
		{35DF9AAA-8E91-4B9D-9CFC-01909820D429}.MinSizeRel|Win32.ActiveCfg = MinSizeRel|Win32
		{35DF9AAA-8E91-4B9D-9CFC-01909820D429}.MinSizeRel|Win32.Build.0 = MinSizeRel|Win32
		{35DF9AAA-8E91-4B9D-9CFC-01909820D429}.Release|Win32.ActiveCfg = Release|Win32
		{35DF9AAA-8E91-4B9D-9CFC-01909820D429}.Release|Win32.Build.0 = Release|Win32
		{35DF9AAA-8E91-4B9D-9CFC-01909820D429}.RelWithDebInfo|Win32.ActiveCfg = RelWithDebInfo|Win32
		{35DF9AAA-8E91-4B9D-9CFC-01909820D429}.RelWithDebInfo|Win32.Build.0 = RelWithDebInfo|Win32
		{7E1AD272-3BB8-4740-A8C3-C87889113D09}.Debug|Win32.ActiveCfg = Debug|Win32
		{7E1AD272-3BB8-4740-A8C3-C87889113D09}.Debug|Win32.Build.0 = Debug|Win32
		{7E1AD272-3BB8-4740-A8C3-C87889113D09}.MinSizeRel|Win32.ActiveCfg = MinSizeRel|Win32
		{7E1AD272-3BB8-4740-A8C3-C87889113D09}.MinSizeRel|Win32.Build.0 = MinSizeRel|Win32
		{7E1AD272-3BB8-4740-A8C3-C87889113D09}.Release|Win32.ActiveCfg = Release|Win32
		{7E1AD272-3BB8-4740-A8C3-C87889113D09}.Release|Win32.Build.0 = Release|Win32
		{7E1AD272-3BB8-4740-A8C3-C87889113D09}.RelWithDebInfo|Win32.ActiveCfg = RelWithDebInfo|Win32
		{7E1AD272-3BB8-4740-A8C3-C87889113D09}.RelWithDebInfo|Win32.Build.0 = RelWithDebInfo|Win32
		{D151CEA4-4254-45B7-BAD7-DB88A5CCE52C}.Debug|Win32.ActiveCfg = Debug|Win32
		{D151CEA4-4254-45B7-BAD7-DB88A5CCE52C}.MinSizeRel|Win32.ActiveCfg = MinSizeRel|Win32
		{D151CEA4-4254-45B7-BAD7-DB88A5CCE52C}.Release|Win32.ActiveCfg = Release|Win32
		{D151CEA4-4254-45B7-BAD7-DB88A5CCE52C}.RelWithDebInfo|Win32.ActiveCfg = RelWithDebInfo|Win32
		{C4D2A869-FC15-4E87-B7B3-52E164CE41E1}.Debug|Win32.ActiveCfg = Debug|Win32
		{C4D2A869-FC15-4E87-B7B3-52E164CE41E1}.Debug|Win32.Build.0 = Debug|Win32
		{C4D2A869-FC15-4E87-B7B3-52E164CE41E1}.MinSizeRel|Win32.ActiveCfg = MinSizeRel|Win32
		{C4D2A869-FC15-4E87-B7B3-52E164CE41E1}.MinSizeRel|Win32.Build.0 = MinSizeRel|Win32
		{C4D2A869-FC15-4E87-B7B3-52E164CE41E1}.Release|Win32.ActiveCfg = Release|Win32
		{C4D2A869-FC15-4E87-B7B3-52E164CE41E1}.Release|Win32.Build.0 = Release|Win32
		{C4D2A869-FC15-4E87-B7B3-52E164CE41E1}.RelWithDebInfo|Win32.ActiveCfg = RelWithDebInfo|Win32
		{C4D2A869-FC15-4E87-B7B3-52E164CE41E1}.RelWithDebInfo|Win32.Build.0 = RelWithDebInfo|Win32
		{EA39F15A-060A-4D65-8E19-24B3193B08C0}.Debug|Win32.ActiveCfg = Debug|Win32
		{EA39F15A-060A-4D65-8E19-24B3193B08C0}.Debug|Win32.Build.0 = Debug|Win32
		{EA39F15A-060A-4D65-8E19-24B3193B08C0}.MinSizeRel|Win32.ActiveCfg = MinSizeRel|Win32
		{EA39F15A-060A-4D65-8E19-24B3193B08C0}.MinSizeRel|Win32.Build.0 = MinSizeRel|Win32
		{EA39F15A-060A-4D65-8E19-24B3193B08C0}.Release|Win32.ActiveCfg = Release|Win32
		{EA39F15A-060A-4D65-8E19-24B3193B08C0}.Release|Win32.Build.0 = Release|Win32
		{EA39F15A-060A-4D65-8E19-24B3193B08C0}.RelWithDebInfo|Win32.ActiveCfg = RelWithDebInfo|Win32
		{EA39F15A-060A-4D65-8E19-24B3193B08C0}.RelWithDebInfo|Win32.Build.0 = RelWithDebInfo|Win32
		{6AB3DB84-2FB8-483D-AE59-03BD7F0C8581}.Debug|Win32.ActiveCfg = Debug|Win32
		{6AB3DB84-2FB8-483D-AE59-03BD7F0C8581}.Debug|Win32.Build.0 = Debug|Win32
		{6AB3DB84-2FB8-483D-AE59-03BD7F0C8581}.MinSizeRel|Win32.ActiveCfg = MinSizeRel|Win32
		{6AB3DB84-2FB8-483D-AE59-03BD7F0C8581}.MinSizeRel|Win32.Build.0 = MinSizeRel|Win32
		{6AB3DB84-2FB8-483D-AE59-03BD7F0C8581}.Release|Win32.ActiveCfg = Release|Win32
		{6AB3DB84-2FB8-483D-AE59-03BD7F0C8581}.Release|Win32.Build.0 = Release|Win32
		{6AB3DB84-2FB8-483D-AE59-03BD7F0C8581}.RelWithDebInfo|Win32.ActiveCfg = RelWithDebInfo|Win32
		{6AB3DB84-2FB8-483D-AE59-03BD7F0C8581}.RelWithDebInfo|Win32.Build.0 = RelWithDebInfo|Win32
		{CFC9FCA2-7DEC-4B34-83E4-7C0A5551387F}.Debug|Win32.ActiveCfg = Debug|Win32
		{CFC9FCA2-7DEC-4B34-83E4-7C0A5551387F}.Debug|Win32.Build.0 = Debug|Win32
		{CFC9FCA2-7DEC-4B34-83E4-7C0A5551387F}.MinSizeRel|Win32.ActiveCfg = MinSizeRel|Win32
		{CFC9FCA2-7DEC-4B34-83E4-7C0A5551387F}.MinSizeRel|Win32.Build.0 = MinSizeRel|Win32
		{CFC9FCA2-7DEC-4B34-83E4-7C0A5551387F}.Release|Win32.ActiveCfg = Release|Win32
		{CFC9FCA2-7DEC-4B34-83E4-7C0A5551387F}.Release|Win32.Build.0 = Release|Win32
		{CFC9FCA2-7DEC-4B34-83E4-7C0A5551387F}.RelWithDebInfo|Win32.ActiveCfg = RelWithDebInfo|Win32
		{CFC9FCA2-7DEC-4B34-83E4-7C0A5551387F}.RelWithDebInfo|Win32.Build.0 = RelWithDebInfo|Win32
		{7F84F173-892C-454C-8F8F-600189BCFD66}.Debug|Win32.ActiveCfg = Debug|Win32
		{7F84F173-892C-454C-8F8F-600189BCFD66}.Debug|Win32.Build.0 = Debug|Win32
		{7F84F173-892C-454C-8F8F-600189BCFD66}.MinSizeRel|Win32.ActiveCfg = MinSizeRel|Win32
		{7F84F173-892C-454C-8F8F-600189BCFD66}.MinSizeRel|Win32.Build.0 = MinSizeRel|Win32
		{7F84F173-892C-454C-8F8F-600189BCFD66}.Release|Win32.ActiveCfg = Release|Win32
		{7F84F173-892C-454C-8F8F-600189BCFD66}.Release|Win32.Build.0 = Release|Win32
		{7F84F173-892C-454C-8F8F-600189BCFD66}.RelWithDebInfo|Win32.ActiveCfg = RelWithDebInfo|Win32
		{7F84F173-892C-454C-8F8F-600189BCFD66}.RelWithDebInfo|Win32.Build.0 = RelWithDebInfo|Win32
		{7E289500-D080-4FC3-BE9D-E2122534D813}.Debug|Win32.ActiveCfg = Debug|Win32
		{7E289500-D080-4FC3-BE9D-E2122534D813}.Debug|Win32.Build.0 = Debug|Win32
		{7E289500-D080-4FC3-BE9D-E2122534D813}.MinSizeRel|Win32.ActiveCfg = MinSizeRel|Win32
		{7E289500-D080-4FC3-BE9D-E2122534D813}.MinSizeRel|Win32.Build.0 = MinSizeRel|Win32
		{7E289500-D080-4FC3-BE9D-E2122534D813}.Release|Win32.ActiveCfg = Release|Win32
		{7E289500-D080-4FC3-BE9D-E2122534D813}.Release|Win32.Build.0 = Release|Win32
		{7E289500-D080-4FC3-BE9D-E2122534D813}.RelWithDebInfo|Win32.ActiveCfg = RelWithDebInfo|Win32
		{7E289500-D080-4FC3-BE9D-E2122534D813}.RelWithDebInfo|Win32.Build.0 = RelWithDebInfo|Win32
		{DE1FA815-A79D-4119-A425-E9F08A393373}.Debug|Win32.ActiveCfg = Debug|Win32
		{DE1FA815-A79D-4119-A425-E9F08A393373}.Debug|Win32.Build.0 = Debug|Win32
		{DE1FA815-A79D-4119-A425-E9F08A393373}.MinSizeRel|Win32.ActiveCfg = MinSizeRel|Win32
		{DE1FA815-A79D-4119-A425-E9F08A393373}.MinSizeRel|Win32.Build.0 = MinSizeRel|Win32
		{DE1FA815-A79D-4119-A425-E9F08A393373}.Release|Win32.ActiveCfg = Release|Win32
		{DE1FA815-A79D-4119-A425-E9F08A393373}.Release|Win32.Build.0 = Release|Win32
		{DE1FA815-A79D-4119-A425-E9F08A393373}.RelWithDebInfo|Win32.ActiveCfg = RelWithDebInfo|Win32
		{DE1FA815-A79D-4119-A425-E9F08A393373}.RelWithDebInfo|Win32.Build.0 = RelWithDebInfo|Win32
		{B9218949-2EBF-4241-8AB1-C614985617A2}.Debug|Win32.ActiveCfg = Debug|Win32
		{B9218949-2EBF-4241-8AB1-C614985617A2}.Debug|Win32.Build.0 = Debug|Win32
		{B9218949-2EBF-4241-8AB1-C614985617A2}.MinSizeRel|Win32.ActiveCfg = MinSizeRel|Win32
		{B9218949-2EBF-4241-8AB1-C614985617A2}.MinSizeRel|Win32.Build.0 = MinSizeRel|Win32
		{B9218949-2EBF-4241-8AB1-C614985617A2}.Release|Win32.ActiveCfg = Release|Win32
		{B9218949-2EBF-4241-8AB1-C614985617A2}.Release|Win32.Build.0 = Release|Win32
		{B9218949-2EBF-4241-8AB1-C614985617A2}.RelWithDebInfo|Win32.ActiveCfg = RelWithDebInfo|Win32
		{B9218949-2EBF-4241-8AB1-C614985617A2}.RelWithDebInfo|Win32.Build.0 = RelWithDebInfo|Win32
		{FB76E7F5-2940-45C1-A6DA-5E76EB289FE6}.Debug|Win32.ActiveCfg = Debug|Win32
		{FB76E7F5-2940-45C1-A6DA-5E76EB289FE6}.Debug|Win32.Build.0 = Debug|Win32
		{FB76E7F5-2940-45C1-A6DA-5E76EB289FE6}.MinSizeRel|Win32.ActiveCfg = MinSizeRel|Win32
		{FB76E7F5-2940-45C1-A6DA-5E76EB289FE6}.MinSizeRel|Win32.Build.0 = MinSizeRel|Win32
		{FB76E7F5-2940-45C1-A6DA-5E76EB289FE6}.Release|Win32.ActiveCfg = Release|Win32
		{FB76E7F5-2940-45C1-A6DA-5E76EB289FE6}.Release|Win32.Build.0 = Release|Win32
		{FB76E7F5-2940-45C1-A6DA-5E76EB289FE6}.RelWithDebInfo|Win32.ActiveCfg = RelWithDebInfo|Win32
		{FB76E7F5-2940-45C1-A6DA-5E76EB289FE6}.RelWithDebInfo|Win32.Build.0 = RelWithDebInfo|Win32
		{F1338BCF-47F8-4717-AA2E-D2BEFCF69D77}.Debug|Win32.ActiveCfg = Debug|Win32
		{F1338BCF-47F8-4717-AA2E-D2BEFCF69D77}.Debug|Win32.Build.0 = Debug|Win32
		{F1338BCF-47F8-4717-AA2E-D2BEFCF69D77}.MinSizeRel|Win32.ActiveCfg = MinSizeRel|Win32
		{F1338BCF-47F8-4717-AA2E-D2BEFCF69D77}.MinSizeRel|Win32.Build.0 = MinSizeRel|Win32
		{F1338BCF-47F8-4717-AA2E-D2BEFCF69D77}.Release|Win32.ActiveCfg = Release|Win32
		{F1338BCF-47F8-4717-AA2E-D2BEFCF69D77}.Release|Win32.Build.0 = Release|Win32
		{F1338BCF-47F8-4717-AA2E-D2BEFCF69D77}.RelWithDebInfo|Win32.ActiveCfg = RelWithDebInfo|Win32
		{F1338BCF-47F8-4717-AA2E-D2BEFCF69D77}.RelWithDebInfo|Win32.Build.0 = RelWithDebInfo|Win32
		{E5E465CB-FACB-4069-BC48-274F4B694A12}.Debug|Win32.ActiveCfg = Debug|Win32
		{E5E465CB-FACB-4069-BC48-274F4B694A12}.Debug|Win32.Build.0 = Debug|Win32
		{E5E465CB-FACB-4069-BC48-274F4B694A12}.MinSizeRel|Win32.ActiveCfg = MinSizeRel|Win32
		{E5E465CB-FACB-4069-BC48-274F4B694A12}.MinSizeRel|Win32.Build.0 = MinSizeRel|Win32
		{E5E465CB-FACB-4069-BC48-274F4B694A12}.Release|Win32.ActiveCfg = Release|Win32
		{E5E465CB-FACB-4069-BC48-274F4B694A12}.Release|Win32.Build.0 = Release|Win32
		{E5E465CB-FACB-4069-BC48-274F4B694A12}.RelWithDebInfo|Win32.ActiveCfg = RelWithDebInfo|Win32
		{E5E465CB-FACB-4069-BC48-274F4B694A12}.RelWithDebInfo|Win32.Build.0 = RelWithDebInfo|Win32
		{C4CAADB6-BF54-49E1-A658-B9B648C408E0}.Debug|Win32.ActiveCfg = Debug|Win32
		{C4CAADB6-BF54-49E1-A658-B9B648C408E0}.Debug|Win32.Build.0 = Debug|Win32
		{C4CAADB6-BF54-49E1-A658-B9B648C408E0}.MinSizeRel|Win32.ActiveCfg = MinSizeRel|Win32
		{C4CAADB6-BF54-49E1-A658-B9B648C408E0}.MinSizeRel|Win32.Build.0 = MinSizeRel|Win32
		{C4CAADB6-BF54-49E1-A658-B9B648C408E0}.Release|Win32.ActiveCfg = Release|Win32
		{C4CAADB6-BF54-49E1-A658-B9B648C408E0}.Release|Win32.Build.0 = Release|Win32
		{C4CAADB6-BF54-49E1-A658-B9B648C408E0}.RelWithDebInfo|Win32.ActiveCfg = RelWithDebInfo|Win32
		{C4CAADB6-BF54-49E1-A658-B9B648C408E0}.RelWithDebInfo|Win32.Build.0 = RelWithDebInfo|Win32
		{726BA84E-119A-4D7B-86CB-F13B85AF6BF4}.Debug|Win32.ActiveCfg = Debug|Win32
		{726BA84E-119A-4D7B-86CB-F13B85AF6BF4}.Debug|Win32.Build.0 = Debug|Win32
		{726BA84E-119A-4D7B-86CB-F13B85AF6BF4}.MinSizeRel|Win32.ActiveCfg = MinSizeRel|Win32
		{726BA84E-119A-4D7B-86CB-F13B85AF6BF4}.MinSizeRel|Win32.Build.0 = MinSizeRel|Win32
		{726BA84E-119A-4D7B-86CB-F13B85AF6BF4}.Release|Win32.ActiveCfg = Release|Win32
		{726BA84E-119A-4D7B-86CB-F13B85AF6BF4}.Release|Win32.Build.0 = Release|Win32
		{726BA84E-119A-4D7B-86CB-F13B85AF6BF4}.RelWithDebInfo|Win32.ActiveCfg = RelWithDebInfo|Win32
		{726BA84E-119A-4D7B-86CB-F13B85AF6BF4}.RelWithDebInfo|Win32.Build.0 = RelWithDebInfo|Win32
		{CE02C97E-6521-4A18-90C2-049919BF9A5D}.Debug|Win32.ActiveCfg = Debug|Win32
		{CE02C97E-6521-4A18-90C2-049919BF9A5D}.Debug|Win32.Build.0 = Debug|Win32
		{CE02C97E-6521-4A18-90C2-049919BF9A5D}.MinSizeRel|Win32.ActiveCfg = MinSizeRel|Win32
		{CE02C97E-6521-4A18-90C2-049919BF9A5D}.MinSizeRel|Win32.Build.0 = MinSizeRel|Win32
		{CE02C97E-6521-4A18-90C2-049919BF9A5D}.Release|Win32.ActiveCfg = Release|Win32
		{CE02C97E-6521-4A18-90C2-049919BF9A5D}.Release|Win32.Build.0 = Release|Win32
		{CE02C97E-6521-4A18-90C2-049919BF9A5D}.RelWithDebInfo|Win32.ActiveCfg = RelWithDebInfo|Win32
		{CE02C97E-6521-4A18-90C2-049919BF9A5D}.RelWithDebInfo|Win32.Build.0 = RelWithDebInfo|Win32
		{65CEFB90-9A9E-4365-9E0E-522A88825C4D}.Debug|Win32.ActiveCfg = Debug|Win32
		{65CEFB90-9A9E-4365-9E0E-522A88825C4D}.Debug|Win32.Build.0 = Debug|Win32
		{65CEFB90-9A9E-4365-9E0E-522A88825C4D}.MinSizeRel|Win32.ActiveCfg = MinSizeRel|Win32
		{65CEFB90-9A9E-4365-9E0E-522A88825C4D}.MinSizeRel|Win32.Build.0 = MinSizeRel|Win32
		{65CEFB90-9A9E-4365-9E0E-522A88825C4D}.Release|Win32.ActiveCfg = Release|Win32
		{65CEFB90-9A9E-4365-9E0E-522A88825C4D}.Release|Win32.Build.0 = Release|Win32
		{65CEFB90-9A9E-4365-9E0E-522A88825C4D}.RelWithDebInfo|Win32.ActiveCfg = RelWithDebInfo|Win32
		{65CEFB90-9A9E-4365-9E0E-522A88825C4D}.RelWithDebInfo|Win32.Build.0 = RelWithDebInfo|Win32
		{BCCBB95E-E784-464D-90AC-BAF398C052CB}.Debug|Win32.ActiveCfg = Debug|Win32
		{BCCBB95E-E784-464D-90AC-BAF398C052CB}.Debug|Win32.Build.0 = Debug|Win32
		{BCCBB95E-E784-464D-90AC-BAF398C052CB}.MinSizeRel|Win32.ActiveCfg = MinSizeRel|Win32
		{BCCBB95E-E784-464D-90AC-BAF398C052CB}.MinSizeRel|Win32.Build.0 = MinSizeRel|Win32
		{BCCBB95E-E784-464D-90AC-BAF398C052CB}.Release|Win32.ActiveCfg = Release|Win32
		{BCCBB95E-E784-464D-90AC-BAF398C052CB}.Release|Win32.Build.0 = Release|Win32
		{BCCBB95E-E784-464D-90AC-BAF398C052CB}.RelWithDebInfo|Win32.ActiveCfg = RelWithDebInfo|Win32
		{BCCBB95E-E784-464D-90AC-BAF398C052CB}.RelWithDebInfo|Win32.Build.0 = RelWithDebInfo|Win32
		{DAB9E782-7027-4652-B34E-798B446AB904}.Debug|Win32.ActiveCfg = Debug|Win32
		{DAB9E782-7027-4652-B34E-798B446AB904}.MinSizeRel|Win32.ActiveCfg = MinSizeRel|Win32
		{DAB9E782-7027-4652-B34E-798B446AB904}.Release|Win32.ActiveCfg = Release|Win32
		{DAB9E782-7027-4652-B34E-798B446AB904}.RelWithDebInfo|Win32.ActiveCfg = RelWithDebInfo|Win32
		{188CD533-FF8B-44DE-8B84-EC39A3A746C9}.Debug|Win32.ActiveCfg = Debug|Win32
		{188CD533-FF8B-44DE-8B84-EC39A3A746C9}.Debug|Win32.Build.0 = Debug|Win32
		{188CD533-FF8B-44DE-8B84-EC39A3A746C9}.MinSizeRel|Win32.ActiveCfg = MinSizeRel|Win32
		{188CD533-FF8B-44DE-8B84-EC39A3A746C9}.MinSizeRel|Win32.Build.0 = MinSizeRel|Win32
		{188CD533-FF8B-44DE-8B84-EC39A3A746C9}.Release|Win32.ActiveCfg = Release|Win32
		{188CD533-FF8B-44DE-8B84-EC39A3A746C9}.Release|Win32.Build.0 = Release|Win32
		{188CD533-FF8B-44DE-8B84-EC39A3A746C9}.RelWithDebInfo|Win32.ActiveCfg = RelWithDebInfo|Win32
		{188CD533-FF8B-44DE-8B84-EC39A3A746C9}.RelWithDebInfo|Win32.Build.0 = RelWithDebInfo|Win32
		{35507415-3B06-4804-A3F7-C3C83316DDFC}.Debug|Win32.ActiveCfg = Debug|Win32
		{35507415-3B06-4804-A3F7-C3C83316DDFC}.Debug|Win32.Build.0 = Debug|Win32
		{35507415-3B06-4804-A3F7-C3C83316DDFC}.MinSizeRel|Win32.ActiveCfg = MinSizeRel|Win32
		{35507415-3B06-4804-A3F7-C3C83316DDFC}.MinSizeRel|Win32.Build.0 = MinSizeRel|Win32
		{35507415-3B06-4804-A3F7-C3C83316DDFC}.Release|Win32.ActiveCfg = Release|Win32
		{35507415-3B06-4804-A3F7-C3C83316DDFC}.Release|Win32.Build.0 = Release|Win32
		{35507415-3B06-4804-A3F7-C3C83316DDFC}.RelWithDebInfo|Win32.ActiveCfg = RelWithDebInfo|Win32
		{35507415-3B06-4804-A3F7-C3C83316DDFC}.RelWithDebInfo|Win32.Build.0 = RelWithDebInfo|Win32
		{275620DC-994C-4CBE-ABFD-98E50E296504}.Debug|Win32.ActiveCfg = Debug|Win32
		{275620DC-994C-4CBE-ABFD-98E50E296504}.Debug|Win32.Build.0 = Debug|Win32
		{275620DC-994C-4CBE-ABFD-98E50E296504}.MinSizeRel|Win32.ActiveCfg = MinSizeRel|Win32
		{275620DC-994C-4CBE-ABFD-98E50E296504}.MinSizeRel|Win32.Build.0 = MinSizeRel|Win32
		{275620DC-994C-4CBE-ABFD-98E50E296504}.Release|Win32.ActiveCfg = Release|Win32
		{275620DC-994C-4CBE-ABFD-98E50E296504}.Release|Win32.Build.0 = Release|Win32
		{275620DC-994C-4CBE-ABFD-98E50E296504}.RelWithDebInfo|Win32.ActiveCfg = RelWithDebInfo|Win32
		{275620DC-994C-4CBE-ABFD-98E50E296504}.RelWithDebInfo|Win32.Build.0 = RelWithDebInfo|Win32
		{382D544F-E491-4E8E-9DCB-84B435A5EF7D}.Debug|Win32.ActiveCfg = Debug|Win32
		{382D544F-E491-4E8E-9DCB-84B435A5EF7D}.Debug|Win32.Build.0 = Debug|Win32
		{382D544F-E491-4E8E-9DCB-84B435A5EF7D}.MinSizeRel|Win32.ActiveCfg = MinSizeRel|Win32
		{382D544F-E491-4E8E-9DCB-84B435A5EF7D}.MinSizeRel|Win32.Build.0 = MinSizeRel|Win32
		{382D544F-E491-4E8E-9DCB-84B435A5EF7D}.Release|Win32.ActiveCfg = Release|Win32
		{382D544F-E491-4E8E-9DCB-84B435A5EF7D}.Release|Win32.Build.0 = Release|Win32
		{382D544F-E491-4E8E-9DCB-84B435A5EF7D}.RelWithDebInfo|Win32.ActiveCfg = RelWithDebInfo|Win32
		{382D544F-E491-4E8E-9DCB-84B435A5EF7D}.RelWithDebInfo|Win32.Build.0 = RelWithDebInfo|Win32
		{6EB1F677-2D26-4519-86DE-2882D63B3651}.Debug|Win32.ActiveCfg = Debug|Win32
		{6EB1F677-2D26-4519-86DE-2882D63B3651}.Debug|Win32.Build.0 = Debug|Win32
		{6EB1F677-2D26-4519-86DE-2882D63B3651}.MinSizeRel|Win32.ActiveCfg = MinSizeRel|Win32
		{6EB1F677-2D26-4519-86DE-2882D63B3651}.MinSizeRel|Win32.Build.0 = MinSizeRel|Win32
		{6EB1F677-2D26-4519-86DE-2882D63B3651}.Release|Win32.ActiveCfg = Release|Win32
		{6EB1F677-2D26-4519-86DE-2882D63B3651}.Release|Win32.Build.0 = Release|Win32
		{6EB1F677-2D26-4519-86DE-2882D63B3651}.RelWithDebInfo|Win32.ActiveCfg = RelWithDebInfo|Win32
		{6EB1F677-2D26-4519-86DE-2882D63B3651}.RelWithDebInfo|Win32.Build.0 = RelWithDebInfo|Win32
		{380AE363-5698-48AA-A175-AA459DBC62CE}.Debug|Win32.ActiveCfg = Debug|Win32
		{380AE363-5698-48AA-A175-AA459DBC62CE}.Debug|Win32.Build.0 = Debug|Win32
		{380AE363-5698-48AA-A175-AA459DBC62CE}.MinSizeRel|Win32.ActiveCfg = MinSizeRel|Win32
		{380AE363-5698-48AA-A175-AA459DBC62CE}.MinSizeRel|Win32.Build.0 = MinSizeRel|Win32
		{380AE363-5698-48AA-A175-AA459DBC62CE}.Release|Win32.ActiveCfg = Release|Win32
		{380AE363-5698-48AA-A175-AA459DBC62CE}.Release|Win32.Build.0 = Release|Win32
		{380AE363-5698-48AA-A175-AA459DBC62CE}.RelWithDebInfo|Win32.ActiveCfg = RelWithDebInfo|Win32
		{380AE363-5698-48AA-A175-AA459DBC62CE}.RelWithDebInfo|Win32.Build.0 = RelWithDebInfo|Win32
		{0CA5766F-B512-4E4D-8181-2DDCE975DBAC}.Debug|Win32.ActiveCfg = Debug|Win32
		{0CA5766F-B512-4E4D-8181-2DDCE975DBAC}.Debug|Win32.Build.0 = Debug|Win32
		{0CA5766F-B512-4E4D-8181-2DDCE975DBAC}.MinSizeRel|Win32.ActiveCfg = MinSizeRel|Win32
		{0CA5766F-B512-4E4D-8181-2DDCE975DBAC}.MinSizeRel|Win32.Build.0 = MinSizeRel|Win32
		{0CA5766F-B512-4E4D-8181-2DDCE975DBAC}.Release|Win32.ActiveCfg = Release|Win32
		{0CA5766F-B512-4E4D-8181-2DDCE975DBAC}.Release|Win32.Build.0 = Release|Win32
		{0CA5766F-B512-4E4D-8181-2DDCE975DBAC}.RelWithDebInfo|Win32.ActiveCfg = RelWithDebInfo|Win32
		{0CA5766F-B512-4E4D-8181-2DDCE975DBAC}.RelWithDebInfo|Win32.Build.0 = RelWithDebInfo|Win32
		{13F468F7-A1AB-40FB-8B15-03B717174BB5}.Debug|Win32.ActiveCfg = Debug|Win32
		{13F468F7-A1AB-40FB-8B15-03B717174BB5}.Debug|Win32.Build.0 = Debug|Win32
		{13F468F7-A1AB-40FB-8B15-03B717174BB5}.MinSizeRel|Win32.ActiveCfg = MinSizeRel|Win32
		{13F468F7-A1AB-40FB-8B15-03B717174BB5}.MinSizeRel|Win32.Build.0 = MinSizeRel|Win32
		{13F468F7-A1AB-40FB-8B15-03B717174BB5}.Release|Win32.ActiveCfg = Release|Win32
		{13F468F7-A1AB-40FB-8B15-03B717174BB5}.Release|Win32.Build.0 = Release|Win32
		{13F468F7-A1AB-40FB-8B15-03B717174BB5}.RelWithDebInfo|Win32.ActiveCfg = RelWithDebInfo|Win32
		{13F468F7-A1AB-40FB-8B15-03B717174BB5}.RelWithDebInfo|Win32.Build.0 = RelWithDebInfo|Win32
		{53C2D66F-D153-4A24-8489-6B8B6DF19579}.Debug|Win32.ActiveCfg = Debug|Win32
		{53C2D66F-D153-4A24-8489-6B8B6DF19579}.Debug|Win32.Build.0 = Debug|Win32
		{53C2D66F-D153-4A24-8489-6B8B6DF19579}.MinSizeRel|Win32.ActiveCfg = MinSizeRel|Win32
		{53C2D66F-D153-4A24-8489-6B8B6DF19579}.MinSizeRel|Win32.Build.0 = MinSizeRel|Win32
		{53C2D66F-D153-4A24-8489-6B8B6DF19579}.Release|Win32.ActiveCfg = Release|Win32
		{53C2D66F-D153-4A24-8489-6B8B6DF19579}.Release|Win32.Build.0 = Release|Win32
		{53C2D66F-D153-4A24-8489-6B8B6DF19579}.RelWithDebInfo|Win32.ActiveCfg = RelWithDebInfo|Win32
		{53C2D66F-D153-4A24-8489-6B8B6DF19579}.RelWithDebInfo|Win32.Build.0 = RelWithDebInfo|Win32
		{FAA866F7-D05F-4928-B51C-8C53782E5CFD}.Debug|Win32.ActiveCfg = Debug|Win32
		{FAA866F7-D05F-4928-B51C-8C53782E5CFD}.Debug|Win32.Build.0 = Debug|Win32
		{FAA866F7-D05F-4928-B51C-8C53782E5CFD}.MinSizeRel|Win32.ActiveCfg = MinSizeRel|Win32
		{FAA866F7-D05F-4928-B51C-8C53782E5CFD}.MinSizeRel|Win32.Build.0 = MinSizeRel|Win32
		{FAA866F7-D05F-4928-B51C-8C53782E5CFD}.Release|Win32.ActiveCfg = Release|Win32
		{FAA866F7-D05F-4928-B51C-8C53782E5CFD}.Release|Win32.Build.0 = Release|Win32
		{FAA866F7-D05F-4928-B51C-8C53782E5CFD}.RelWithDebInfo|Win32.ActiveCfg = RelWithDebInfo|Win32
		{FAA866F7-D05F-4928-B51C-8C53782E5CFD}.RelWithDebInfo|Win32.Build.0 = RelWithDebInfo|Win32
		{7A8A717A-DDAF-4459-815A-27E21500AA76}.Debug|Win32.ActiveCfg = Debug|Win32
		{7A8A717A-DDAF-4459-815A-27E21500AA76}.Debug|Win32.Build.0 = Debug|Win32
		{7A8A717A-DDAF-4459-815A-27E21500AA76}.MinSizeRel|Win32.ActiveCfg = MinSizeRel|Win32
		{7A8A717A-DDAF-4459-815A-27E21500AA76}.MinSizeRel|Win32.Build.0 = MinSizeRel|Win32
		{7A8A717A-DDAF-4459-815A-27E21500AA76}.Release|Win32.ActiveCfg = Release|Win32
		{7A8A717A-DDAF-4459-815A-27E21500AA76}.Release|Win32.Build.0 = Release|Win32
		{7A8A717A-DDAF-4459-815A-27E21500AA76}.RelWithDebInfo|Win32.ActiveCfg = RelWithDebInfo|Win32
		{7A8A717A-DDAF-4459-815A-27E21500AA76}.RelWithDebInfo|Win32.Build.0 = RelWithDebInfo|Win32
		{E8370C33-776B-48DC-964C-BC2E62B7C2A9}.Debug|Win32.ActiveCfg = Debug|Win32
		{E8370C33-776B-48DC-964C-BC2E62B7C2A9}.Debug|Win32.Build.0 = Debug|Win32
		{E8370C33-776B-48DC-964C-BC2E62B7C2A9}.MinSizeRel|Win32.ActiveCfg = MinSizeRel|Win32
		{E8370C33-776B-48DC-964C-BC2E62B7C2A9}.MinSizeRel|Win32.Build.0 = MinSizeRel|Win32
		{E8370C33-776B-48DC-964C-BC2E62B7C2A9}.Release|Win32.ActiveCfg = Release|Win32
		{E8370C33-776B-48DC-964C-BC2E62B7C2A9}.Release|Win32.Build.0 = Release|Win32
		{E8370C33-776B-48DC-964C-BC2E62B7C2A9}.RelWithDebInfo|Win32.ActiveCfg = RelWithDebInfo|Win32
		{E8370C33-776B-48DC-964C-BC2E62B7C2A9}.RelWithDebInfo|Win32.Build.0 = RelWithDebInfo|Win32
		{06490EBE-0242-48B8-AF95-F9D822C40DC8}.Debug|Win32.ActiveCfg = Debug|Win32
		{06490EBE-0242-48B8-AF95-F9D822C40DC8}.Debug|Win32.Build.0 = Debug|Win32
		{06490EBE-0242-48B8-AF95-F9D822C40DC8}.MinSizeRel|Win32.ActiveCfg = MinSizeRel|Win32
		{06490EBE-0242-48B8-AF95-F9D822C40DC8}.MinSizeRel|Win32.Build.0 = MinSizeRel|Win32
		{06490EBE-0242-48B8-AF95-F9D822C40DC8}.Release|Win32.ActiveCfg = Release|Win32
		{06490EBE-0242-48B8-AF95-F9D822C40DC8}.Release|Win32.Build.0 = Release|Win32
		{06490EBE-0242-48B8-AF95-F9D822C40DC8}.RelWithDebInfo|Win32.ActiveCfg = RelWithDebInfo|Win32
		{06490EBE-0242-48B8-AF95-F9D822C40DC8}.RelWithDebInfo|Win32.Build.0 = RelWithDebInfo|Win32
		{A2CC1CC5-93FD-407A-AC97-65AFA0AABEB8}.Debug|Win32.ActiveCfg = Debug|Win32
		{A2CC1CC5-93FD-407A-AC97-65AFA0AABEB8}.Debug|Win32.Build.0 = Debug|Win32
		{A2CC1CC5-93FD-407A-AC97-65AFA0AABEB8}.MinSizeRel|Win32.ActiveCfg = MinSizeRel|Win32
		{A2CC1CC5-93FD-407A-AC97-65AFA0AABEB8}.MinSizeRel|Win32.Build.0 = MinSizeRel|Win32
		{A2CC1CC5-93FD-407A-AC97-65AFA0AABEB8}.Release|Win32.ActiveCfg = Release|Win32
		{A2CC1CC5-93FD-407A-AC97-65AFA0AABEB8}.Release|Win32.Build.0 = Release|Win32
		{A2CC1CC5-93FD-407A-AC97-65AFA0AABEB8}.RelWithDebInfo|Win32.ActiveCfg = RelWithDebInfo|Win32
		{A2CC1CC5-93FD-407A-AC97-65AFA0AABEB8}.RelWithDebInfo|Win32.Build.0 = RelWithDebInfo|Win32
		{11416EF2-7BDA-4C2C-817D-E7FB18DE5F39}.Debug|Win32.ActiveCfg = Debug|Win32
		{11416EF2-7BDA-4C2C-817D-E7FB18DE5F39}.Debug|Win32.Build.0 = Debug|Win32
		{11416EF2-7BDA-4C2C-817D-E7FB18DE5F39}.MinSizeRel|Win32.ActiveCfg = MinSizeRel|Win32
		{11416EF2-7BDA-4C2C-817D-E7FB18DE5F39}.MinSizeRel|Win32.Build.0 = MinSizeRel|Win32
		{11416EF2-7BDA-4C2C-817D-E7FB18DE5F39}.Release|Win32.ActiveCfg = Release|Win32
		{11416EF2-7BDA-4C2C-817D-E7FB18DE5F39}.Release|Win32.Build.0 = Release|Win32
		{11416EF2-7BDA-4C2C-817D-E7FB18DE5F39}.RelWithDebInfo|Win32.ActiveCfg = RelWithDebInfo|Win32
		{11416EF2-7BDA-4C2C-817D-E7FB18DE5F39}.RelWithDebInfo|Win32.Build.0 = RelWithDebInfo|Win32
		{3ADCC317-8FC1-4B1E-AF7D-377AF90B00AF}.Debug|Win32.ActiveCfg = Debug|Win32
		{3ADCC317-8FC1-4B1E-AF7D-377AF90B00AF}.Debug|Win32.Build.0 = Debug|Win32
		{3ADCC317-8FC1-4B1E-AF7D-377AF90B00AF}.MinSizeRel|Win32.ActiveCfg = MinSizeRel|Win32
		{3ADCC317-8FC1-4B1E-AF7D-377AF90B00AF}.MinSizeRel|Win32.Build.0 = MinSizeRel|Win32
		{3ADCC317-8FC1-4B1E-AF7D-377AF90B00AF}.Release|Win32.ActiveCfg = Release|Win32
		{3ADCC317-8FC1-4B1E-AF7D-377AF90B00AF}.Release|Win32.Build.0 = Release|Win32
		{3ADCC317-8FC1-4B1E-AF7D-377AF90B00AF}.RelWithDebInfo|Win32.ActiveCfg = RelWithDebInfo|Win32
		{3ADCC317-8FC1-4B1E-AF7D-377AF90B00AF}.RelWithDebInfo|Win32.Build.0 = RelWithDebInfo|Win32
		{E55C2CFB-1EAB-4232-8C13-EB34BEAC7039}.Debug|Win32.ActiveCfg = Debug|Win32
		{E55C2CFB-1EAB-4232-8C13-EB34BEAC7039}.Debug|Win32.Build.0 = Debug|Win32
		{E55C2CFB-1EAB-4232-8C13-EB34BEAC7039}.MinSizeRel|Win32.ActiveCfg = MinSizeRel|Win32
		{E55C2CFB-1EAB-4232-8C13-EB34BEAC7039}.MinSizeRel|Win32.Build.0 = MinSizeRel|Win32
		{E55C2CFB-1EAB-4232-8C13-EB34BEAC7039}.Release|Win32.ActiveCfg = Release|Win32
		{E55C2CFB-1EAB-4232-8C13-EB34BEAC7039}.Release|Win32.Build.0 = Release|Win32
		{E55C2CFB-1EAB-4232-8C13-EB34BEAC7039}.RelWithDebInfo|Win32.ActiveCfg = RelWithDebInfo|Win32
		{E55C2CFB-1EAB-4232-8C13-EB34BEAC7039}.RelWithDebInfo|Win32.Build.0 = RelWithDebInfo|Win32
		{851B566B-C1A3-46F1-ADD5-EAFC29E32A26}.Debug|Win32.ActiveCfg = Debug|Win32
		{851B566B-C1A3-46F1-ADD5-EAFC29E32A26}.Debug|Win32.Build.0 = Debug|Win32
		{851B566B-C1A3-46F1-ADD5-EAFC29E32A26}.MinSizeRel|Win32.ActiveCfg = MinSizeRel|Win32
		{851B566B-C1A3-46F1-ADD5-EAFC29E32A26}.MinSizeRel|Win32.Build.0 = MinSizeRel|Win32
		{851B566B-C1A3-46F1-ADD5-EAFC29E32A26}.Release|Win32.ActiveCfg = Release|Win32
		{851B566B-C1A3-46F1-ADD5-EAFC29E32A26}.Release|Win32.Build.0 = Release|Win32
		{851B566B-C1A3-46F1-ADD5-EAFC29E32A26}.RelWithDebInfo|Win32.ActiveCfg = RelWithDebInfo|Win32
		{851B566B-C1A3-46F1-ADD5-EAFC29E32A26}.RelWithDebInfo|Win32.Build.0 = RelWithDebInfo|Win32
		{A1FE990A-DB9E-445C-B8E3-1CC3BC0A692F}.Debug|Win32.ActiveCfg = Debug|Win32
		{A1FE990A-DB9E-445C-B8E3-1CC3BC0A692F}.Debug|Win32.Build.0 = Debug|Win32
		{A1FE990A-DB9E-445C-B8E3-1CC3BC0A692F}.MinSizeRel|Win32.ActiveCfg = MinSizeRel|Win32
		{A1FE990A-DB9E-445C-B8E3-1CC3BC0A692F}.MinSizeRel|Win32.Build.0 = MinSizeRel|Win32
		{A1FE990A-DB9E-445C-B8E3-1CC3BC0A692F}.Release|Win32.ActiveCfg = Release|Win32
		{A1FE990A-DB9E-445C-B8E3-1CC3BC0A692F}.Release|Win32.Build.0 = Release|Win32
		{A1FE990A-DB9E-445C-B8E3-1CC3BC0A692F}.RelWithDebInfo|Win32.ActiveCfg = RelWithDebInfo|Win32
		{A1FE990A-DB9E-445C-B8E3-1CC3BC0A692F}.RelWithDebInfo|Win32.Build.0 = RelWithDebInfo|Win32
	EndGlobalSection
	GlobalSection(SolutionProperties) = preSolution
		HideSolutionNode = FALSE
	EndGlobalSection
	GlobalSection(NestedProjects) = preSolution
		{61CDBBA2-B80A-49A3-9262-3AD356B298D7} = {E6888896-758B-43FC-B8E0-4CD4BA077C07}
		{8C63BD5D-2D6D-4B53-A48F-E819D8C57039} = {E6888896-758B-43FC-B8E0-4CD4BA077C07}
		{1E1249F2-97E6-4AE5-AA7B-8C7EFE2C0C3C} = {E6888896-758B-43FC-B8E0-4CD4BA077C07}
		{0E64EF06-C597-4630-A5E2-EF1811095995} = {E6888896-758B-43FC-B8E0-4CD4BA077C07}
		{A5B71515-E3B5-4D22-9B08-F3A6AACCDDF9} = {E6888896-758B-43FC-B8E0-4CD4BA077C07}
		{10B9C4DA-5DA2-46CE-813E-871333ED57F4} = {E6888896-758B-43FC-B8E0-4CD4BA077C07}
		{811AEA2E-804B-48C2-986F-EE18DDB77D46} = {E6888896-758B-43FC-B8E0-4CD4BA077C07}
		{3F36B224-009A-46FD-85DD-F8CC46057692} = {E6888896-758B-43FC-B8E0-4CD4BA077C07}
		{0BBDD524-7929-4A76-8D91-B2A3B068FC88} = {E6888896-758B-43FC-B8E0-4CD4BA077C07}
		{4C441149-544F-4592-95B0-C8720C0FB75D} = {E6888896-758B-43FC-B8E0-4CD4BA077C07}
		{34350725-F289-4872-95D5-1779837D8A86} = {E6888896-758B-43FC-B8E0-4CD4BA077C07}
		{2439E096-368D-471C-A38F-DDC6D7C74756} = {E6888896-758B-43FC-B8E0-4CD4BA077C07}
		{43F8DD6A-8048-468A-A36A-74FA8410476E} = {E6888896-758B-43FC-B8E0-4CD4BA077C07}
		{58DE2A64-BE83-4DFA-AE7D-BBD3C987922E} = {E6888896-758B-43FC-B8E0-4CD4BA077C07}
		{677BE743-B397-4ADC-B37E-CCCB3C42D4BF} = {E6888896-758B-43FC-B8E0-4CD4BA077C07}
		{15EFFEE7-5754-4BBA-B1BF-EECB0CB2B738} = {E6888896-758B-43FC-B8E0-4CD4BA077C07}
		{DCB01501-F59D-4D74-92D1-2F7B0C7422DA} = {E6888896-758B-43FC-B8E0-4CD4BA077C07}
		{3629700F-ED12-4650-9236-32AEE32347B3} = {E6888896-758B-43FC-B8E0-4CD4BA077C07}
		{923BEF00-D612-4473-AC4F-D2C0C891FD14} = {E6888896-758B-43FC-B8E0-4CD4BA077C07}
		{CAF2C8F9-6B18-4403-92EA-2B92D5419519} = {E6888896-758B-43FC-B8E0-4CD4BA077C07}
		{3E21E180-D912-4575-BD1E-A54D2F9F4CD8} = {E6888896-758B-43FC-B8E0-4CD4BA077C07}
		{A11D793A-693F-4A6D-AD5E-2538ED41D5AC} = {E6888896-758B-43FC-B8E0-4CD4BA077C07}
		{443DED58-DA76-48C1-9417-2D4BB8E542E3} = {E6888896-758B-43FC-B8E0-4CD4BA077C07}
		{D25695EF-3D1D-4D31-B844-31DF1AFBFDFC} = {E6888896-758B-43FC-B8E0-4CD4BA077C07}
		{623CABEF-E6BC-47D6-954E-37B8023BD33D} = {E6888896-758B-43FC-B8E0-4CD4BA077C07}
		{35DF9AAA-8E91-4B9D-9CFC-01909820D429} = {E6888896-758B-43FC-B8E0-4CD4BA077C07}
		{7E1AD272-3BB8-4740-A8C3-C87889113D09} = {E6888896-758B-43FC-B8E0-4CD4BA077C07}
		{D151CEA4-4254-45B7-BAD7-DB88A5CCE52C} = {E6888896-758B-43FC-B8E0-4CD4BA077C07}
		{C4D2A869-FC15-4E87-B7B3-52E164CE41E1} = {E6888896-758B-43FC-B8E0-4CD4BA077C07}
		{EA39F15A-060A-4D65-8E19-24B3193B08C0} = {E6888896-758B-43FC-B8E0-4CD4BA077C07}
		{6AB3DB84-2FB8-483D-AE59-03BD7F0C8581} = {E6888896-758B-43FC-B8E0-4CD4BA077C07}
		{CFC9FCA2-7DEC-4B34-83E4-7C0A5551387F} = {E6888896-758B-43FC-B8E0-4CD4BA077C07}
		{7F84F173-892C-454C-8F8F-600189BCFD66} = {E6888896-758B-43FC-B8E0-4CD4BA077C07}
		{7E289500-D080-4FC3-BE9D-E2122534D813} = {E6888896-758B-43FC-B8E0-4CD4BA077C07}
		{DE1FA815-A79D-4119-A425-E9F08A393373} = {E6888896-758B-43FC-B8E0-4CD4BA077C07}
		{B9218949-2EBF-4241-8AB1-C614985617A2} = {E6888896-758B-43FC-B8E0-4CD4BA077C07}
		{FB76E7F5-2940-45C1-A6DA-5E76EB289FE6} = {E6888896-758B-43FC-B8E0-4CD4BA077C07}
		{F1338BCF-47F8-4717-AA2E-D2BEFCF69D77} = {4915F6FD-8B55-4EDE-9B7B-5CCEC00B1AF0}
		{E5E465CB-FACB-4069-BC48-274F4B694A12} = {4915F6FD-8B55-4EDE-9B7B-5CCEC00B1AF0}
		{C4CAADB6-BF54-49E1-A658-B9B648C408E0} = {4915F6FD-8B55-4EDE-9B7B-5CCEC00B1AF0}
		{726BA84E-119A-4D7B-86CB-F13B85AF6BF4} = {4915F6FD-8B55-4EDE-9B7B-5CCEC00B1AF0}
		{CE02C97E-6521-4A18-90C2-049919BF9A5D} = {4915F6FD-8B55-4EDE-9B7B-5CCEC00B1AF0}
		{65CEFB90-9A9E-4365-9E0E-522A88825C4D} = {4915F6FD-8B55-4EDE-9B7B-5CCEC00B1AF0}
		{BCCBB95E-E784-464D-90AC-BAF398C052CB} = {4915F6FD-8B55-4EDE-9B7B-5CCEC00B1AF0}
		{DAB9E782-7027-4652-B34E-798B446AB904} = {4915F6FD-8B55-4EDE-9B7B-5CCEC00B1AF0}
		{188CD533-FF8B-44DE-8B84-EC39A3A746C9} = {4915F6FD-8B55-4EDE-9B7B-5CCEC00B1AF0}
		{35507415-3B06-4804-A3F7-C3C83316DDFC} = {4915F6FD-8B55-4EDE-9B7B-5CCEC00B1AF0}
		{275620DC-994C-4CBE-ABFD-98E50E296504} = {4915F6FD-8B55-4EDE-9B7B-5CCEC00B1AF0}
		{382D544F-E491-4E8E-9DCB-84B435A5EF7D} = {4915F6FD-8B55-4EDE-9B7B-5CCEC00B1AF0}
		{6EB1F677-2D26-4519-86DE-2882D63B3651} = {4915F6FD-8B55-4EDE-9B7B-5CCEC00B1AF0}
		{380AE363-5698-48AA-A175-AA459DBC62CE} = {4915F6FD-8B55-4EDE-9B7B-5CCEC00B1AF0}
		{0CA5766F-B512-4E4D-8181-2DDCE975DBAC} = {4915F6FD-8B55-4EDE-9B7B-5CCEC00B1AF0}
		{13F468F7-A1AB-40FB-8B15-03B717174BB5} = {4915F6FD-8B55-4EDE-9B7B-5CCEC00B1AF0}
		{53C2D66F-D153-4A24-8489-6B8B6DF19579} = {4915F6FD-8B55-4EDE-9B7B-5CCEC00B1AF0}
		{FAA866F7-D05F-4928-B51C-8C53782E5CFD} = {4915F6FD-8B55-4EDE-9B7B-5CCEC00B1AF0}
		{7A8A717A-DDAF-4459-815A-27E21500AA76} = {4915F6FD-8B55-4EDE-9B7B-5CCEC00B1AF0}
		{E8370C33-776B-48DC-964C-BC2E62B7C2A9} = {4915F6FD-8B55-4EDE-9B7B-5CCEC00B1AF0}
		{06490EBE-0242-48B8-AF95-F9D822C40DC8} = {4915F6FD-8B55-4EDE-9B7B-5CCEC00B1AF0}
		{A2CC1CC5-93FD-407A-AC97-65AFA0AABEB8} = {4915F6FD-8B55-4EDE-9B7B-5CCEC00B1AF0}
		{11416EF2-7BDA-4C2C-817D-E7FB18DE5F39} = {4915F6FD-8B55-4EDE-9B7B-5CCEC00B1AF0}
		{3ADCC317-8FC1-4B1E-AF7D-377AF90B00AF} = {4915F6FD-8B55-4EDE-9B7B-5CCEC00B1AF0}
		{E55C2CFB-1EAB-4232-8C13-EB34BEAC7039} = {4915F6FD-8B55-4EDE-9B7B-5CCEC00B1AF0}
		{851B566B-C1A3-46F1-ADD5-EAFC29E32A26} = {4915F6FD-8B55-4EDE-9B7B-5CCEC00B1AF0}
		{A1FE990A-DB9E-445C-B8E3-1CC3BC0A692F} = {4915F6FD-8B55-4EDE-9B7B-5CCEC00B1AF0}
	EndGlobalSection
EndGlobal
