<?xml version="1.0" encoding="Windows-1252"?>
<Project ToolsVersion="4.0" xmlns="http://schemas.microsoft.com/developer/msbuild/2003">
  <ItemGroup>
    <ClCompile Include="..\..\..\coding\3rdparty\bullet3\test\InverseDynamics\test_invdyn_jacobian.cpp">
      <Filter>Source Files</Filter>
    </ClCompile>
  </ItemGroup>
  <ItemGroup>
    <CustomBuild Include="..\..\..\coding\3rdparty\bullet3\test\InverseDynamics\CMakeLists.txt" />
  </ItemGroup>
  <ItemGroup>
    <Filter Include="Source Files">
      <UniqueIdentifier>{1AEFB3A0-5BB8-4B52-BAEF-7B491BC4A073}</UniqueIdentifier>
    </Filter>
  </ItemGroup>
</Project>
