<?xml version="1.0" encoding="utf-8"?>
<Project ToolsVersion="4.0" xmlns="http://schemas.microsoft.com/developer/msbuild/2003">
  <ItemGroup>
    <Filter Include="coding">
      <UniqueIdentifier>{4FC737F1-C7A5-4376-A066-2A32D752A2FF}</UniqueIdentifier>
      <Extensions>cpp;c;cc;cxx;def;odl;idl;hpj;bat;asm;asmx</Extensions>
    </Filter>
    <Filter Include="coding\objreader">
      <UniqueIdentifier>{8db0c32c-c735-43fb-90d6-086ec5611470}</UniqueIdentifier>
    </Filter>
    <Filter Include="coding\containers">
      <UniqueIdentifier>{b4f84c7e-0e06-466e-a66e-51077aada663}</UniqueIdentifier>
    </Filter>
    <Filter Include="coding\utilities">
      <UniqueIdentifier>{5c9d3ade-27ae-4602-96a5-52b5d77c9da5}</UniqueIdentifier>
    </Filter>
    <Filter Include="coding\gameloop">
      <UniqueIdentifier>{47ac030f-863b-4537-92c0-2b451abd08e8}</UniqueIdentifier>
    </Filter>
    <Filter Include="coding\io">
      <UniqueIdentifier>{99168037-8899-4207-bf00-072e91b20b4d}</UniqueIdentifier>
    </Filter>
    <Filter Include="coding\imagereader">
      <UniqueIdentifier>{3663cf2a-03b5-461f-b415-40777a0342bd}</UniqueIdentifier>
    </Filter>
    <Filter Include="coding\gamescene">
      <UniqueIdentifier>{77c171d3-264b-4202-8703-13b7c8e0b795}</UniqueIdentifier>
    </Filter>
    <Filter Include="coding\core">
      <UniqueIdentifier>{f4a0f70b-7f83-47a9-a0b1-0f71017dc9d6}</UniqueIdentifier>
    </Filter>
  </ItemGroup>
  <ItemGroup>
    <ClCompile Include="..\..\coding\gamemachine\stdafx.cpp">
      <Filter>coding</Filter>
    </ClCompile>
    <ClCompile Include="..\..\coding\gamemachine\objreader\objreader.cpp">
      <Filter>coding\objreader</Filter>
    </ClCompile>
    <ClCompile Include="..\..\coding\gamemachine\containers\basic_containers.cpp">
      <Filter>coding\containers</Filter>
    </ClCompile>
    <ClCompile Include="..\..\coding\gamemachine\utilities\scanner.cpp">
      <Filter>coding\utilities</Filter>
    </ClCompile>
    <ClCompile Include="..\..\coding\gamemachine\objreader\mtlreader.cpp">
      <Filter>coding\objreader</Filter>
    </ClCompile>
    <ClCompile Include="..\..\coding\gamemachine\utilities\path.cpp">
      <Filter>coding\utilities</Filter>
    </ClCompile>
    <ClCompile Include="..\..\coding\gamemachine\utilities\assert.cpp">
      <Filter>coding\utilities</Filter>
    </ClCompile>
    <ClCompile Include="..\..\coding\gamemachine\objreader\objreaderprivate.cpp">
      <Filter>coding\objreader</Filter>
    </ClCompile>
    <ClCompile Include="..\..\coding\gamemachine\objreader\mtlreaderprivate.cpp">
      <Filter>coding\objreader</Filter>
    </ClCompile>
    <ClCompile Include="..\..\coding\gamemachine\utilities\camera.cpp">
      <Filter>coding\utilities</Filter>
    </ClCompile>
    <ClCompile Include="..\..\coding\gamemachine\gameloop\gameloop.cpp">
      <Filter>coding\gameloop</Filter>
    </ClCompile>
    <ClCompile Include="..\..\coding\gamemachine\utilities\stopwatch.cpp">
      <Filter>coding\utilities</Filter>
    </ClCompile>
    <ClCompile Include="..\..\coding\gamemachine\io\mouse.cpp">
      <Filter>coding\io</Filter>
    </ClCompile>
    <ClCompile Include="..\..\coding\gamemachine\io\keyboard.cpp">
      <Filter>coding\io</Filter>
    </ClCompile>
    <ClCompile Include="..\..\coding\gamemachine\imagereader\imagereader.cpp">
      <Filter>coding\imagereader</Filter>
    </ClCompile>
    <ClCompile Include="..\..\coding\gamemachine\imagereader\imagereaderprivate.cpp">
      <Filter>coding\imagereader</Filter>
    </ClCompile>
    <ClCompile Include="..\..\coding\gamemachine\gamescene\gameworld.cpp">
      <Filter>coding\gamescene</Filter>
    </ClCompile>
    <ClCompile Include="..\..\coding\gamemachine\gamescene\gameworldprivate.cpp">
      <Filter>coding\gamescene</Filter>
    </ClCompile>
    <ClCompile Include="..\..\coding\gamemachine\gamescene\gameobject.cpp">
      <Filter>coding\gamescene</Filter>
    </ClCompile>
    <ClCompile Include="..\..\coding\gamemachine\gamescene\gameobjectprivate.cpp">
      <Filter>coding\gamescene</Filter>
    </ClCompile>
    <ClCompile Include="..\..\coding\gamemachine\core\objstruct.cpp">
      <Filter>coding\core</Filter>
    </ClCompile>
  </ItemGroup>
  <ItemGroup>
    <ClInclude Include="..\..\coding\gamemachine\objreader\objreader.h">
      <Filter>coding\objreader</Filter>
    </ClInclude>
    <ClInclude Include="..\..\coding\gamemachine\stdafx.h">
      <Filter>coding</Filter>
    </ClInclude>
    <ClInclude Include="..\..\coding\gamemachine\common.h">
      <Filter>coding</Filter>
    </ClInclude>
    <ClInclude Include="..\..\coding\gamemachine\containers\basic_containers.h">
      <Filter>coding\containers</Filter>
    </ClInclude>
    <ClInclude Include="..\..\coding\gamemachine\utilities\scanner.h">
      <Filter>coding\utilities</Filter>
    </ClInclude>
    <ClInclude Include="..\..\coding\gamemachine\objreader\mtlreader.h">
      <Filter>coding\objreader</Filter>
    </ClInclude>
    <ClInclude Include="..\..\coding\gamemachine\utilities\path.h">
      <Filter>coding\utilities</Filter>
    </ClInclude>
    <ClInclude Include="..\..\coding\gamemachine\utilities\assert.h">
      <Filter>coding\utilities</Filter>
    </ClInclude>
    <ClInclude Include="..\..\coding\gamemachine\objreader\objreaderprivate.h">
      <Filter>coding\objreader</Filter>
    </ClInclude>
    <ClInclude Include="..\..\coding\gamemachine\objreader\mtlreaderprivate.h">
      <Filter>coding\objreader</Filter>
    </ClInclude>
    <ClInclude Include="..\..\coding\gamemachine\utilities\camera.h">
      <Filter>coding\utilities</Filter>
    </ClInclude>
    <ClInclude Include="..\..\coding\gamemachine\gameloop\gameloop.h">
      <Filter>coding\gameloop</Filter>
    </ClInclude>
    <ClInclude Include="..\..\coding\gamemachine\utilities\stopwatch.h">
      <Filter>coding\utilities</Filter>
    </ClInclude>
    <ClInclude Include="..\..\coding\gamemachine\io\keyboard.h">
      <Filter>coding\io</Filter>
    </ClInclude>
    <ClInclude Include="..\..\coding\gamemachine\io\mouse.h">
      <Filter>coding\io</Filter>
    </ClInclude>
    <ClInclude Include="..\..\coding\gamemachine\imagereader\imagereader.h">
      <Filter>coding\imagereader</Filter>
    </ClInclude>
    <ClInclude Include="..\..\coding\gamemachine\imagereader\imagereaderprivate.h">
      <Filter>coding\imagereader</Filter>
    </ClInclude>
    <ClInclude Include="..\..\coding\gamemachine\gamescene\gameworld.h">
      <Filter>coding\gamescene</Filter>
    </ClInclude>
    <ClInclude Include="..\..\coding\gamemachine\utilities\autoptr.h">
      <Filter>coding\utilities</Filter>
    </ClInclude>
    <ClInclude Include="..\..\coding\gamemachine\gamescene\gameworldprivate.h">
      <Filter>coding\gamescene</Filter>
    </ClInclude>
    <ClInclude Include="..\..\coding\gamemachine\gamescene\gameobject.h">
      <Filter>coding\gamescene</Filter>
    </ClInclude>
    <ClInclude Include="..\..\coding\gamemachine\gamescene\gameobjectprivate.h">
      <Filter>coding\gamescene</Filter>
    </ClInclude>
    <ClInclude Include="..\..\coding\gamemachine\core\objstruct.h">
      <Filter>coding\core</Filter>
    </ClInclude>
  </ItemGroup>
</Project>