Microsoft Visual Studio Solution File, Format Version 11.00
# Visual Studio 2010
Project("{8BC9CEB8-8B4A-11D0-8D11-00A0C91BC942}") = "ALL_BUILD", "ALL_BUILD.vcxproj", "{61CDBBA2-B80A-49A3-9262-3AD356B298D7}"
	ProjectSection(ProjectDependencies) = postProject
		{8C63BD5D-2D6D-4B53-A48F-E819D8C57039} = {8C63BD5D-2D6D-4B53-A48F-E819D8C57039}
		{1E1249F2-97E6-4AE5-AA7B-8C7EFE2C0C3C} = {1E1249F2-97E6-4AE5-AA7B-8C7EFE2C0C3C}
		{0E64EF06-C597-4630-A5E2-EF1811095995} = {0E64EF06-C597-4630-A5E2-EF1811095995}
		{A5B71515-E3B5-4D22-9B08-F3A6AACCDDF9} = {A5B71515-E3B5-4D22-9B08-F3A6AACCDDF9}
		{10B9C4DA-5DA2-46CE-813E-871333ED57F4} = {10B9C4DA-5DA2-46CE-813E-871333ED57F4}
		{811AEA2E-804B-48C2-986F-EE18DDB77D46} = {811AEA2E-804B-48C2-986F-EE18DDB77D46}
		{3F36B224-009A-46FD-85DD-F8CC46057692} = {3F36B224-009A-46FD-85DD-F8CC46057692}
		{0BBDD524-7929-4A76-8D91-B2A3B068FC88} = {0BBDD524-7929-4A76-8D91-B2A3B068FC88}
		{4C441149-544F-4592-95B0-C8720C0FB75D} = {4C441149-544F-4592-95B0-C8720C0FB75D}
		{34350725-F289-4872-95D5-1779837D8A86} = {34350725-F289-4872-95D5-1779837D8A86}
		{2439E096-368D-471C-A38F-DDC6D7C74756} = {2439E096-368D-471C-A38F-DDC6D7C74756}
		{43F8DD6A-8048-468A-A36A-74FA8410476E} = {43F8DD6A-8048-468A-A36A-74FA8410476E}
		{58DE2A64-BE83-4DFA-AE7D-BBD3C987922E} = {58DE2A64-BE83-4DFA-AE7D-BBD3C987922E}
		{677BE743-B397-4ADC-B37E-CCCB3C42D4BF} = {677BE743-B397-4ADC-B37E-CCCB3C42D4BF}
		{15EFFEE7-5754-4BBA-B1BF-EECB0CB2B738} = {15EFFEE7-5754-4BBA-B1BF-EECB0CB2B738}
		{DCB01501-F59D-4D74-92D1-2F7B0C7422DA} = {DCB01501-F59D-4D74-92D1-2F7B0C7422DA}
		{3629700F-ED12-4650-9236-32AEE32347B3} = {3629700F-ED12-4650-9236-32AEE32347B3}
		{923BEF00-D612-4473-AC4F-D2C0C891FD14} = {923BEF00-D612-4473-AC4F-D2C0C891FD14}
		{CAF2C8F9-6B18-4403-92EA-2B92D5419519} = {CAF2C8F9-6B18-4403-92EA-2B92D5419519}
		{3E21E180-D912-4575-BD1E-A54D2F9F4CD8} = {3E21E180-D912-4575-BD1E-A54D2F9F4CD8}
		{A11D793A-693F-4A6D-AD5E-2538ED41D5AC} = {A11D793A-693F-4A6D-AD5E-2538ED41D5AC}
		{443DED58-DA76-48C1-9417-2D4BB8E542E3} = {443DED58-DA76-48C1-9417-2D4BB8E542E3}
		{D25695EF-3D1D-4D31-B844-31DF1AFBFDFC} = {D25695EF-3D1D-4D31-B844-31DF1AFBFDFC}
		{35DF9AAA-8E91-4B9D-9CFC-01909820D429} = {35DF9AAA-8E91-4B9D-9CFC-01909820D429}
		{7E1AD272-3BB8-4740-A8C3-C87889113D09} = {7E1AD272-3BB8-4740-A8C3-C87889113D09}
		{C4D2A869-FC15-4E87-B7B3-52E164CE41E1} = {C4D2A869-FC15-4E87-B7B3-52E164CE41E1}
		{EA39F15A-060A-4D65-8E19-24B3193B08C0} = {EA39F15A-060A-4D65-8E19-24B3193B08C0}
		{6AB3DB84-2FB8-483D-AE59-03BD7F0C8581} = {6AB3DB84-2FB8-483D-AE59-03BD7F0C8581}
		{CFC9FCA2-7DEC-4B34-83E4-7C0A5551387F} = {CFC9FCA2-7DEC-4B34-83E4-7C0A5551387F}
		{7F84F173-892C-454C-8F8F-600189BCFD66} = {7F84F173-892C-454C-8F8F-600189BCFD66}
		{7E289500-D080-4FC3-BE9D-E2122534D813} = {7E289500-D080-4FC3-BE9D-E2122534D813}
		{DE1FA815-A79D-4119-A425-E9F08A393373} = {DE1FA815-A79D-4119-A425-E9F08A393373}
		{B9218949-2EBF-4241-8AB1-C614985617A2} = {B9218949-2EBF-4241-8AB1-C614985617A2}
		{FB76E7F5-2940-45C1-A6DA-5E76EB289FE6} = {FB76E7F5-2940-45C1-A6DA-5E76EB289FE6}
	EndProjectSection
EndProject
Project("{8BC9CEB8-8B4A-11D0-8D11-00A0C91BC942}") = "AppBasicExampleGui", "examples\BasicDemo\AppBasicExampleGui.vcxproj", "{8C63BD5D-2D6D-4B53-A48F-E819D8C57039}"
	ProjectSection(ProjectDependencies) = postProject
		{3F36B224-009A-46FD-85DD-F8CC46057692} = {3F36B224-009A-46FD-85DD-F8CC46057692}
		{2439E096-368D-471C-A38F-DDC6D7C74756} = {2439E096-368D-471C-A38F-DDC6D7C74756}
		{43F8DD6A-8048-468A-A36A-74FA8410476E} = {43F8DD6A-8048-468A-A36A-74FA8410476E}
		{35DF9AAA-8E91-4B9D-9CFC-01909820D429} = {35DF9AAA-8E91-4B9D-9CFC-01909820D429}
		{7E1AD272-3BB8-4740-A8C3-C87889113D09} = {7E1AD272-3BB8-4740-A8C3-C87889113D09}
		{DE1FA815-A79D-4119-A425-E9F08A393373} = {DE1FA815-A79D-4119-A425-E9F08A393373}
	EndProjectSection
EndProject
Project("{8BC9CEB8-8B4A-11D0-8D11-00A0C91BC942}") = "App_BasicExample", "examples\BasicDemo\App_BasicExample.vcxproj", "{1E1249F2-97E6-4AE5-AA7B-8C7EFE2C0C3C}"
	ProjectSection(ProjectDependencies) = postProject
		{2439E096-368D-471C-A38F-DDC6D7C74756} = {2439E096-368D-471C-A38F-DDC6D7C74756}
		{43F8DD6A-8048-468A-A36A-74FA8410476E} = {43F8DD6A-8048-468A-A36A-74FA8410476E}
		{35DF9AAA-8E91-4B9D-9CFC-01909820D429} = {35DF9AAA-8E91-4B9D-9CFC-01909820D429}
		{DE1FA815-A79D-4119-A425-E9F08A393373} = {DE1FA815-A79D-4119-A425-E9F08A393373}
	EndProjectSection
EndProject
Project("{8BC9CEB8-8B4A-11D0-8D11-00A0C91BC942}") = "App_ExampleBrowser", "examples\ExampleBrowser\App_ExampleBrowser.vcxproj", "{0E64EF06-C597-4630-A5E2-EF1811095995}"
	ProjectSection(ProjectDependencies) = postProject
		{3F36B224-009A-46FD-85DD-F8CC46057692} = {3F36B224-009A-46FD-85DD-F8CC46057692}
		{2439E096-368D-471C-A38F-DDC6D7C74756} = {2439E096-368D-471C-A38F-DDC6D7C74756}
		{43F8DD6A-8048-468A-A36A-74FA8410476E} = {43F8DD6A-8048-468A-A36A-74FA8410476E}
		{58DE2A64-BE83-4DFA-AE7D-BBD3C987922E} = {58DE2A64-BE83-4DFA-AE7D-BBD3C987922E}
		{15EFFEE7-5754-4BBA-B1BF-EECB0CB2B738} = {15EFFEE7-5754-4BBA-B1BF-EECB0CB2B738}
		{DCB01501-F59D-4D74-92D1-2F7B0C7422DA} = {DCB01501-F59D-4D74-92D1-2F7B0C7422DA}
		{3629700F-ED12-4650-9236-32AEE32347B3} = {3629700F-ED12-4650-9236-32AEE32347B3}
		{3E21E180-D912-4575-BD1E-A54D2F9F4CD8} = {3E21E180-D912-4575-BD1E-A54D2F9F4CD8}
		{35DF9AAA-8E91-4B9D-9CFC-01909820D429} = {35DF9AAA-8E91-4B9D-9CFC-01909820D429}
		{7E1AD272-3BB8-4740-A8C3-C87889113D09} = {7E1AD272-3BB8-4740-A8C3-C87889113D09}
		{DE1FA815-A79D-4119-A425-E9F08A393373} = {DE1FA815-A79D-4119-A425-E9F08A393373}
		{FB76E7F5-2940-45C1-A6DA-5E76EB289FE6} = {FB76E7F5-2940-45C1-A6DA-5E76EB289FE6}
	EndProjectSection
EndProject
Project("{8BC9CEB8-8B4A-11D0-8D11-00A0C91BC942}") = "App_HelloWorld", "examples\HelloWorld\App_HelloWorld.vcxproj", "{A5B71515-E3B5-4D22-9B08-F3A6AACCDDF9}"
	ProjectSection(ProjectDependencies) = postProject
		{2439E096-368D-471C-A38F-DDC6D7C74756} = {2439E096-368D-471C-A38F-DDC6D7C74756}
		{43F8DD6A-8048-468A-A36A-74FA8410476E} = {43F8DD6A-8048-468A-A36A-74FA8410476E}
		{35DF9AAA-8E91-4B9D-9CFC-01909820D429} = {35DF9AAA-8E91-4B9D-9CFC-01909820D429}
		{DE1FA815-A79D-4119-A425-E9F08A393373} = {DE1FA815-A79D-4119-A425-E9F08A393373}
	EndProjectSection
EndProject
Project("{8BC9CEB8-8B4A-11D0-8D11-00A0C91BC942}") = "Bullet2FileLoader", "src\Bullet3Serialize\Bullet2FileLoader\Bullet2FileLoader.vcxproj", "{10B9C4DA-5DA2-46CE-813E-871333ED57F4}"
	ProjectSection(ProjectDependencies) = postProject
		{DE1FA815-A79D-4119-A425-E9F08A393373} = {DE1FA815-A79D-4119-A425-E9F08A393373}
	EndProjectSection
EndProject
Project("{8BC9CEB8-8B4A-11D0-8D11-00A0C91BC942}") = "Bullet3Collision", "src\Bullet3Collision\Bullet3Collision.vcxproj", "{811AEA2E-804B-48C2-986F-EE18DDB77D46}"
	ProjectSection(ProjectDependencies) = postProject
		{DE1FA815-A79D-4119-A425-E9F08A393373} = {DE1FA815-A79D-4119-A425-E9F08A393373}
	EndProjectSection
EndProject
Project("{8BC9CEB8-8B4A-11D0-8D11-00A0C91BC942}") = "Bullet3Common", "src\Bullet3Common\Bullet3Common.vcxproj", "{3F36B224-009A-46FD-85DD-F8CC46057692}"
	ProjectSection(ProjectDependencies) = postProject
		{DE1FA815-A79D-4119-A425-E9F08A393373} = {DE1FA815-A79D-4119-A425-E9F08A393373}
	EndProjectSection
EndProject
Project("{8BC9CEB8-8B4A-11D0-8D11-00A0C91BC942}") = "Bullet3Dynamics", "src\Bullet3Dynamics\Bullet3Dynamics.vcxproj", "{0BBDD524-7929-4A76-8D91-B2A3B068FC88}"
	ProjectSection(ProjectDependencies) = postProject
		{DE1FA815-A79D-4119-A425-E9F08A393373} = {DE1FA815-A79D-4119-A425-E9F08A393373}
	EndProjectSection
EndProject
Project("{8BC9CEB8-8B4A-11D0-8D11-00A0C91BC942}") = "Bullet3Geometry", "src\Bullet3Geometry\Bullet3Geometry.vcxproj", "{4C441149-544F-4592-95B0-C8720C0FB75D}"
	ProjectSection(ProjectDependencies) = postProject
		{DE1FA815-A79D-4119-A425-E9F08A393373} = {DE1FA815-A79D-4119-A425-E9F08A393373}
	EndProjectSection
EndProject
Project("{8BC9CEB8-8B4A-11D0-8D11-00A0C91BC942}") = "Bullet3OpenCL_clew", "src\Bullet3OpenCL\Bullet3OpenCL_clew.vcxproj", "{34350725-F289-4872-95D5-1779837D8A86}"
	ProjectSection(ProjectDependencies) = postProject
		{DE1FA815-A79D-4119-A425-E9F08A393373} = {DE1FA815-A79D-4119-A425-E9F08A393373}
	EndProjectSection
EndProject
Project("{8BC9CEB8-8B4A-11D0-8D11-00A0C91BC942}") = "BulletCollision", "src\BulletCollision\BulletCollision.vcxproj", "{2439E096-368D-471C-A38F-DDC6D7C74756}"
	ProjectSection(ProjectDependencies) = postProject
		{DE1FA815-A79D-4119-A425-E9F08A393373} = {DE1FA815-A79D-4119-A425-E9F08A393373}
	EndProjectSection
EndProject
Project("{8BC9CEB8-8B4A-11D0-8D11-00A0C91BC942}") = "BulletDynamics", "src\BulletDynamics\BulletDynamics.vcxproj", "{43F8DD6A-8048-468A-A36A-74FA8410476E}"
	ProjectSection(ProjectDependencies) = postProject
		{DE1FA815-A79D-4119-A425-E9F08A393373} = {DE1FA815-A79D-4119-A425-E9F08A393373}
	EndProjectSection
EndProject
Project("{8BC9CEB8-8B4A-11D0-8D11-00A0C91BC942}") = "BulletExampleBrowserLib", "examples\ExampleBrowser\BulletExampleBrowserLib.vcxproj", "{58DE2A64-BE83-4DFA-AE7D-BBD3C987922E}"
	ProjectSection(ProjectDependencies) = postProject
		{DE1FA815-A79D-4119-A425-E9F08A393373} = {DE1FA815-A79D-4119-A425-E9F08A393373}
	EndProjectSection
EndProject
Project("{8BC9CEB8-8B4A-11D0-8D11-00A0C91BC942}") = "BulletFileLoader", "Extras\Serialize\BulletFileLoader\BulletFileLoader.vcxproj", "{677BE743-B397-4ADC-B37E-CCCB3C42D4BF}"
	ProjectSection(ProjectDependencies) = postProject
		{DE1FA815-A79D-4119-A425-E9F08A393373} = {DE1FA815-A79D-4119-A425-E9F08A393373}
	EndProjectSection
EndProject
Project("{8BC9CEB8-8B4A-11D0-8D11-00A0C91BC942}") = "BulletInverseDynamics", "src\BulletInverseDynamics\BulletInverseDynamics.vcxproj", "{15EFFEE7-5754-4BBA-B1BF-EECB0CB2B738}"
	ProjectSection(ProjectDependencies) = postProject
		{DE1FA815-A79D-4119-A425-E9F08A393373} = {DE1FA815-A79D-4119-A425-E9F08A393373}
	EndProjectSection
EndProject
Project("{8BC9CEB8-8B4A-11D0-8D11-00A0C91BC942}") = "BulletInverseDynamicsUtils", "Extras\InverseDynamics\BulletInverseDynamicsUtils.vcxproj", "{DCB01501-F59D-4D74-92D1-2F7B0C7422DA}"
	ProjectSection(ProjectDependencies) = postProject
		{DE1FA815-A79D-4119-A425-E9F08A393373} = {DE1FA815-A79D-4119-A425-E9F08A393373}
	EndProjectSection
EndProject
Project("{8BC9CEB8-8B4A-11D0-8D11-00A0C91BC942}") = "BulletSoftBody", "src\BulletSoftBody\BulletSoftBody.vcxproj", "{3629700F-ED12-4650-9236-32AEE32347B3}"
	ProjectSection(ProjectDependencies) = postProject
		{DE1FA815-A79D-4119-A425-E9F08A393373} = {DE1FA815-A79D-4119-A425-E9F08A393373}
	EndProjectSection
EndProject
Project("{8BC9CEB8-8B4A-11D0-8D11-00A0C91BC942}") = "BulletWorldImporter", "Extras\Serialize\BulletWorldImporter\BulletWorldImporter.vcxproj", "{923BEF00-D612-4473-AC4F-D2C0C891FD14}"
	ProjectSection(ProjectDependencies) = postProject
		{DE1FA815-A79D-4119-A425-E9F08A393373} = {DE1FA815-A79D-4119-A425-E9F08A393373}
	EndProjectSection
EndProject
Project("{8BC9CEB8-8B4A-11D0-8D11-00A0C91BC942}") = "BulletXmlWorldImporter", "Extras\Serialize\BulletXmlWorldImporter\BulletXmlWorldImporter.vcxproj", "{CAF2C8F9-6B18-4403-92EA-2B92D5419519}"
	ProjectSection(ProjectDependencies) = postProject
		{DE1FA815-A79D-4119-A425-E9F08A393373} = {DE1FA815-A79D-4119-A425-E9F08A393373}
	EndProjectSection
EndProject
Project("{8BC9CEB8-8B4A-11D0-8D11-00A0C91BC942}") = "BussIK", "examples\ThirdPartyLibs\BussIK\BussIK.vcxproj", "{3E21E180-D912-4575-BD1E-A54D2F9F4CD8}"
	ProjectSection(ProjectDependencies) = postProject
		{DE1FA815-A79D-4119-A425-E9F08A393373} = {DE1FA815-A79D-4119-A425-E9F08A393373}
	EndProjectSection
EndProject
Project("{8BC9CEB8-8B4A-11D0-8D11-00A0C91BC942}") = "ConvexDecomposition", "Extras\ConvexDecomposition\ConvexDecomposition.vcxproj", "{A11D793A-693F-4A6D-AD5E-2538ED41D5AC}"
	ProjectSection(ProjectDependencies) = postProject
		{DE1FA815-A79D-4119-A425-E9F08A393373} = {DE1FA815-A79D-4119-A425-E9F08A393373}
	EndProjectSection
EndProject
Project("{8BC9CEB8-8B4A-11D0-8D11-00A0C91BC942}") = "GIMPACTUtils", "Extras\GIMPACTUtils\GIMPACTUtils.vcxproj", "{443DED58-DA76-48C1-9417-2D4BB8E542E3}"
	ProjectSection(ProjectDependencies) = postProject
		{DE1FA815-A79D-4119-A425-E9F08A393373} = {DE1FA815-A79D-4119-A425-E9F08A393373}
	EndProjectSection
EndProject
Project("{8BC9CEB8-8B4A-11D0-8D11-00A0C91BC942}") = "HACD", "Extras\HACD\HACD.vcxproj", "{D25695EF-3D1D-4D31-B844-31DF1AFBFDFC}"
	ProjectSection(ProjectDependencies) = postProject
		{DE1FA815-A79D-4119-A425-E9F08A393373} = {DE1FA815-A79D-4119-A425-E9F08A393373}
	EndProjectSection
EndProject
Project("{8BC9CEB8-8B4A-11D0-8D11-00A0C91BC942}") = "INSTALL", "INSTALL.vcxproj", "{623CABEF-E6BC-47D6-954E-37B8023BD33D}"
	ProjectSection(ProjectDependencies) = postProject
		{61CDBBA2-B80A-49A3-9262-3AD356B298D7} = {61CDBBA2-B80A-49A3-9262-3AD356B298D7}
	EndProjectSection
EndProject
Project("{8BC9CEB8-8B4A-11D0-8D11-00A0C91BC942}") = "LinearMath", "src\LinearMath\LinearMath.vcxproj", "{35DF9AAA-8E91-4B9D-9CFC-01909820D429}"
	ProjectSection(ProjectDependencies) = postProject
		{DE1FA815-A79D-4119-A425-E9F08A393373} = {DE1FA815-A79D-4119-A425-E9F08A393373}
	EndProjectSection
EndProject
Project("{8BC9CEB8-8B4A-11D0-8D11-00A0C91BC942}") = "OpenGLWindow", "examples\OpenGLWindow\OpenGLWindow.vcxproj", "{7E1AD272-3BB8-4740-A8C3-C87889113D09}"
	ProjectSection(ProjectDependencies) = postProject
		{DE1FA815-A79D-4119-A425-E9F08A393373} = {DE1FA815-A79D-4119-A425-E9F08A393373}
	EndProjectSection
EndProject
Project("{8BC9CEB8-8B4A-11D0-8D11-00A0C91BC942}") = "RUN_TESTS", "RUN_TESTS.vcxproj", "{D151CEA4-4254-45B7-BAD7-DB88A5CCE52C}"
	ProjectSection(ProjectDependencies) = postProject
	EndProjectSection
EndProject
Project("{8BC9CEB8-8B4A-11D0-8D11-00A0C91BC942}") = "Test_BulletDynamics", "test\BulletDynamics\pendulum\Test_BulletDynamics.vcxproj", "{C4D2A869-FC15-4E87-B7B3-52E164CE41E1}"
	ProjectSection(ProjectDependencies) = postProject
		{2439E096-368D-471C-A38F-DDC6D7C74756} = {2439E096-368D-471C-A38F-DDC6D7C74756}
		{43F8DD6A-8048-468A-A36A-74FA8410476E} = {43F8DD6A-8048-468A-A36A-74FA8410476E}
		{35DF9AAA-8E91-4B9D-9CFC-01909820D429} = {35DF9AAA-8E91-4B9D-9CFC-01909820D429}
		{DE1FA815-A79D-4119-A425-E9F08A393373} = {DE1FA815-A79D-4119-A425-E9F08A393373}
		{B9218949-2EBF-4241-8AB1-C614985617A2} = {B9218949-2EBF-4241-8AB1-C614985617A2}
	EndProjectSection
EndProject
Project("{8BC9CEB8-8B4A-11D0-8D11-00A0C91BC942}") = "Test_BulletInverseDynamics", "test\InverseDynamics\Test_BulletInverseDynamics.vcxproj", "{EA39F15A-060A-4D65-8E19-24B3193B08C0}"
	ProjectSection(ProjectDependencies) = postProject
		{3F36B224-009A-46FD-85DD-F8CC46057692} = {3F36B224-009A-46FD-85DD-F8CC46057692}
		{2439E096-368D-471C-A38F-DDC6D7C74756} = {2439E096-368D-471C-A38F-DDC6D7C74756}
		{43F8DD6A-8048-468A-A36A-74FA8410476E} = {43F8DD6A-8048-468A-A36A-74FA8410476E}
		{15EFFEE7-5754-4BBA-B1BF-EECB0CB2B738} = {15EFFEE7-5754-4BBA-B1BF-EECB0CB2B738}
		{DCB01501-F59D-4D74-92D1-2F7B0C7422DA} = {DCB01501-F59D-4D74-92D1-2F7B0C7422DA}
		{35DF9AAA-8E91-4B9D-9CFC-01909820D429} = {35DF9AAA-8E91-4B9D-9CFC-01909820D429}
		{DE1FA815-A79D-4119-A425-E9F08A393373} = {DE1FA815-A79D-4119-A425-E9F08A393373}
		{B9218949-2EBF-4241-8AB1-C614985617A2} = {B9218949-2EBF-4241-8AB1-C614985617A2}
	EndProjectSection
EndProject
Project("{8BC9CEB8-8B4A-11D0-8D11-00A0C91BC942}") = "Test_BulletInverseDynamicsJacobian", "test\InverseDynamics\Test_BulletInverseDynamicsJacobian.vcxproj", "{6AB3DB84-2FB8-483D-AE59-03BD7F0C8581}"
	ProjectSection(ProjectDependencies) = postProject
		{3F36B224-009A-46FD-85DD-F8CC46057692} = {3F36B224-009A-46FD-85DD-F8CC46057692}
		{15EFFEE7-5754-4BBA-B1BF-EECB0CB2B738} = {15EFFEE7-5754-4BBA-B1BF-EECB0CB2B738}
		{DCB01501-F59D-4D74-92D1-2F7B0C7422DA} = {DCB01501-F59D-4D74-92D1-2F7B0C7422DA}
		{35DF9AAA-8E91-4B9D-9CFC-01909820D429} = {35DF9AAA-8E91-4B9D-9CFC-01909820D429}
		{DE1FA815-A79D-4119-A425-E9F08A393373} = {DE1FA815-A79D-4119-A425-E9F08A393373}
		{B9218949-2EBF-4241-8AB1-C614985617A2} = {B9218949-2EBF-4241-8AB1-C614985617A2}
	EndProjectSection
EndProject
Project("{8BC9CEB8-8B4A-11D0-8D11-00A0C91BC942}") = "Test_BulletInverseForwardDynamics", "test\InverseDynamics\Test_BulletInverseForwardDynamics.vcxproj", "{CFC9FCA2-7DEC-4B34-83E4-7C0A5551387F}"
	ProjectSection(ProjectDependencies) = postProject
		{3F36B224-009A-46FD-85DD-F8CC46057692} = {3F36B224-009A-46FD-85DD-F8CC46057692}
		{2439E096-368D-471C-A38F-DDC6D7C74756} = {2439E096-368D-471C-A38F-DDC6D7C74756}
		{43F8DD6A-8048-468A-A36A-74FA8410476E} = {43F8DD6A-8048-468A-A36A-74FA8410476E}
		{15EFFEE7-5754-4BBA-B1BF-EECB0CB2B738} = {15EFFEE7-5754-4BBA-B1BF-EECB0CB2B738}
		{DCB01501-F59D-4D74-92D1-2F7B0C7422DA} = {DCB01501-F59D-4D74-92D1-2F7B0C7422DA}
		{35DF9AAA-8E91-4B9D-9CFC-01909820D429} = {35DF9AAA-8E91-4B9D-9CFC-01909820D429}
		{DE1FA815-A79D-4119-A425-E9F08A393373} = {DE1FA815-A79D-4119-A425-E9F08A393373}
		{B9218949-2EBF-4241-8AB1-C614985617A2} = {B9218949-2EBF-4241-8AB1-C614985617A2}
	EndProjectSection
EndProject
Project("{8BC9CEB8-8B4A-11D0-8D11-00A0C91BC942}") = "Test_Collision", "test\collision\Test_Collision.vcxproj", "{7F84F173-892C-454C-8F8F-600189BCFD66}"
	ProjectSection(ProjectDependencies) = postProject
		{35DF9AAA-8E91-4B9D-9CFC-01909820D429} = {35DF9AAA-8E91-4B9D-9CFC-01909820D429}
		{DE1FA815-A79D-4119-A425-E9F08A393373} = {DE1FA815-A79D-4119-A425-E9F08A393373}
		{B9218949-2EBF-4241-8AB1-C614985617A2} = {B9218949-2EBF-4241-8AB1-C614985617A2}
	EndProjectSection
EndProject
Project("{8BC9CEB8-8B4A-11D0-8D11-00A0C91BC942}") = "Test_PhysicsClientServer", "test\SharedMemory\Test_PhysicsClientServer.vcxproj", "{7E289500-D080-4FC3-BE9D-E2122534D813}"
	ProjectSection(ProjectDependencies) = postProject
		{3F36B224-009A-46FD-85DD-F8CC46057692} = {3F36B224-009A-46FD-85DD-F8CC46057692}
		{2439E096-368D-471C-A38F-DDC6D7C74756} = {2439E096-368D-471C-A38F-DDC6D7C74756}
		{43F8DD6A-8048-468A-A36A-74FA8410476E} = {43F8DD6A-8048-468A-A36A-74FA8410476E}
		{677BE743-B397-4ADC-B37E-CCCB3C42D4BF} = {677BE743-B397-4ADC-B37E-CCCB3C42D4BF}
		{15EFFEE7-5754-4BBA-B1BF-EECB0CB2B738} = {15EFFEE7-5754-4BBA-B1BF-EECB0CB2B738}
		{DCB01501-F59D-4D74-92D1-2F7B0C7422DA} = {DCB01501-F59D-4D74-92D1-2F7B0C7422DA}
		{923BEF00-D612-4473-AC4F-D2C0C891FD14} = {923BEF00-D612-4473-AC4F-D2C0C891FD14}
		{3E21E180-D912-4575-BD1E-A54D2F9F4CD8} = {3E21E180-D912-4575-BD1E-A54D2F9F4CD8}
		{35DF9AAA-8E91-4B9D-9CFC-01909820D429} = {35DF9AAA-8E91-4B9D-9CFC-01909820D429}
		{DE1FA815-A79D-4119-A425-E9F08A393373} = {DE1FA815-A79D-4119-A425-E9F08A393373}
		{B9218949-2EBF-4241-8AB1-C614985617A2} = {B9218949-2EBF-4241-8AB1-C614985617A2}
	EndProjectSection
EndProject
Project("{8BC9CEB8-8B4A-11D0-8D11-00A0C91BC942}") = "ZERO_CHECK", "ZERO_CHECK.vcxproj", "{DE1FA815-A79D-4119-A425-E9F08A393373}"
	ProjectSection(ProjectDependencies) = postProject
	EndProjectSection
EndProject
Project("{8BC9CEB8-8B4A-11D0-8D11-00A0C91BC942}") = "gtest", "test\gtest-1.7.0\gtest.vcxproj", "{B9218949-2EBF-4241-8AB1-C614985617A2}"
	ProjectSection(ProjectDependencies) = postProject
		{DE1FA815-A79D-4119-A425-E9F08A393373} = {DE1FA815-A79D-4119-A425-E9F08A393373}
	EndProjectSection
EndProject
Project("{8BC9CEB8-8B4A-11D0-8D11-00A0C91BC942}") = "gwen", "examples\ThirdPartyLibs\Gwen\gwen.vcxproj", "{FB76E7F5-2940-45C1-A6DA-5E76EB289FE6}"
	ProjectSection(ProjectDependencies) = postProject
		{DE1FA815-A79D-4119-A425-E9F08A393373} = {DE1FA815-A79D-4119-A425-E9F08A393373}
	EndProjectSection
EndProject
Global
	GlobalSection(SolutionConfigurationPlatforms) = preSolution
		Debug|Win32 = Debug|Win32
		Release|Win32 = Release|Win32
		MinSizeRel|Win32 = MinSizeRel|Win32
		RelWithDebInfo|Win32 = RelWithDebInfo|Win32
	EndGlobalSection
	GlobalSection(ProjectConfigurationPlatforms) = postSolution
		{61CDBBA2-B80A-49A3-9262-3AD356B298D7}.Debug|Win32.ActiveCfg = Debug|Win32
		{61CDBBA2-B80A-49A3-9262-3AD356B298D7}.Debug|Win32.Build.0 = Debug|Win32
		{61CDBBA2-B80A-49A3-9262-3AD356B298D7}.Release|Win32.ActiveCfg = Release|Win32
		{61CDBBA2-B80A-49A3-9262-3AD356B298D7}.Release|Win32.Build.0 = Release|Win32
		{61CDBBA2-B80A-49A3-9262-3AD356B298D7}.MinSizeRel|Win32.ActiveCfg = MinSizeRel|Win32
		{61CDBBA2-B80A-49A3-9262-3AD356B298D7}.MinSizeRel|Win32.Build.0 = MinSizeRel|Win32
		{61CDBBA2-B80A-49A3-9262-3AD356B298D7}.RelWithDebInfo|Win32.ActiveCfg = RelWithDebInfo|Win32
		{61CDBBA2-B80A-49A3-9262-3AD356B298D7}.RelWithDebInfo|Win32.Build.0 = RelWithDebInfo|Win32
		{8C63BD5D-2D6D-4B53-A48F-E819D8C57039}.Debug|Win32.ActiveCfg = Debug|Win32
		{8C63BD5D-2D6D-4B53-A48F-E819D8C57039}.Debug|Win32.Build.0 = Debug|Win32
		{8C63BD5D-2D6D-4B53-A48F-E819D8C57039}.Release|Win32.ActiveCfg = Release|Win32
		{8C63BD5D-2D6D-4B53-A48F-E819D8C57039}.Release|Win32.Build.0 = Release|Win32
		{8C63BD5D-2D6D-4B53-A48F-E819D8C57039}.MinSizeRel|Win32.ActiveCfg = MinSizeRel|Win32
		{8C63BD5D-2D6D-4B53-A48F-E819D8C57039}.MinSizeRel|Win32.Build.0 = MinSizeRel|Win32
		{8C63BD5D-2D6D-4B53-A48F-E819D8C57039}.RelWithDebInfo|Win32.ActiveCfg = RelWithDebInfo|Win32
		{8C63BD5D-2D6D-4B53-A48F-E819D8C57039}.RelWithDebInfo|Win32.Build.0 = RelWithDebInfo|Win32
		{1E1249F2-97E6-4AE5-AA7B-8C7EFE2C0C3C}.Debug|Win32.ActiveCfg = Debug|Win32
		{1E1249F2-97E6-4AE5-AA7B-8C7EFE2C0C3C}.Debug|Win32.Build.0 = Debug|Win32
		{1E1249F2-97E6-4AE5-AA7B-8C7EFE2C0C3C}.Release|Win32.ActiveCfg = Release|Win32
		{1E1249F2-97E6-4AE5-AA7B-8C7EFE2C0C3C}.Release|Win32.Build.0 = Release|Win32
		{1E1249F2-97E6-4AE5-AA7B-8C7EFE2C0C3C}.MinSizeRel|Win32.ActiveCfg = MinSizeRel|Win32
		{1E1249F2-97E6-4AE5-AA7B-8C7EFE2C0C3C}.MinSizeRel|Win32.Build.0 = MinSizeRel|Win32
		{1E1249F2-97E6-4AE5-AA7B-8C7EFE2C0C3C}.RelWithDebInfo|Win32.ActiveCfg = RelWithDebInfo|Win32
		{1E1249F2-97E6-4AE5-AA7B-8C7EFE2C0C3C}.RelWithDebInfo|Win32.Build.0 = RelWithDebInfo|Win32
		{0E64EF06-C597-4630-A5E2-EF1811095995}.Debug|Win32.ActiveCfg = Debug|Win32
		{0E64EF06-C597-4630-A5E2-EF1811095995}.Debug|Win32.Build.0 = Debug|Win32
		{0E64EF06-C597-4630-A5E2-EF1811095995}.Release|Win32.ActiveCfg = Release|Win32
		{0E64EF06-C597-4630-A5E2-EF1811095995}.Release|Win32.Build.0 = Release|Win32
		{0E64EF06-C597-4630-A5E2-EF1811095995}.MinSizeRel|Win32.ActiveCfg = MinSizeRel|Win32
		{0E64EF06-C597-4630-A5E2-EF1811095995}.MinSizeRel|Win32.Build.0 = MinSizeRel|Win32
		{0E64EF06-C597-4630-A5E2-EF1811095995}.RelWithDebInfo|Win32.ActiveCfg = RelWithDebInfo|Win32
		{0E64EF06-C597-4630-A5E2-EF1811095995}.RelWithDebInfo|Win32.Build.0 = RelWithDebInfo|Win32
		{A5B71515-E3B5-4D22-9B08-F3A6AACCDDF9}.Debug|Win32.ActiveCfg = Debug|Win32
		{A5B71515-E3B5-4D22-9B08-F3A6AACCDDF9}.Debug|Win32.Build.0 = Debug|Win32
		{A5B71515-E3B5-4D22-9B08-F3A6AACCDDF9}.Release|Win32.ActiveCfg = Release|Win32
		{A5B71515-E3B5-4D22-9B08-F3A6AACCDDF9}.Release|Win32.Build.0 = Release|Win32
		{A5B71515-E3B5-4D22-9B08-F3A6AACCDDF9}.MinSizeRel|Win32.ActiveCfg = MinSizeRel|Win32
		{A5B71515-E3B5-4D22-9B08-F3A6AACCDDF9}.MinSizeRel|Win32.Build.0 = MinSizeRel|Win32
		{A5B71515-E3B5-4D22-9B08-F3A6AACCDDF9}.RelWithDebInfo|Win32.ActiveCfg = RelWithDebInfo|Win32
		{A5B71515-E3B5-4D22-9B08-F3A6AACCDDF9}.RelWithDebInfo|Win32.Build.0 = RelWithDebInfo|Win32
		{10B9C4DA-5DA2-46CE-813E-871333ED57F4}.Debug|Win32.ActiveCfg = Debug|Win32
		{10B9C4DA-5DA2-46CE-813E-871333ED57F4}.Debug|Win32.Build.0 = Debug|Win32
		{10B9C4DA-5DA2-46CE-813E-871333ED57F4}.Release|Win32.ActiveCfg = Release|Win32
		{10B9C4DA-5DA2-46CE-813E-871333ED57F4}.Release|Win32.Build.0 = Release|Win32
		{10B9C4DA-5DA2-46CE-813E-871333ED57F4}.MinSizeRel|Win32.ActiveCfg = MinSizeRel|Win32
		{10B9C4DA-5DA2-46CE-813E-871333ED57F4}.MinSizeRel|Win32.Build.0 = MinSizeRel|Win32
		{10B9C4DA-5DA2-46CE-813E-871333ED57F4}.RelWithDebInfo|Win32.ActiveCfg = RelWithDebInfo|Win32
		{10B9C4DA-5DA2-46CE-813E-871333ED57F4}.RelWithDebInfo|Win32.Build.0 = RelWithDebInfo|Win32
		{811AEA2E-804B-48C2-986F-EE18DDB77D46}.Debug|Win32.ActiveCfg = Debug|Win32
		{811AEA2E-804B-48C2-986F-EE18DDB77D46}.Debug|Win32.Build.0 = Debug|Win32
		{811AEA2E-804B-48C2-986F-EE18DDB77D46}.Release|Win32.ActiveCfg = Release|Win32
		{811AEA2E-804B-48C2-986F-EE18DDB77D46}.Release|Win32.Build.0 = Release|Win32
		{811AEA2E-804B-48C2-986F-EE18DDB77D46}.MinSizeRel|Win32.ActiveCfg = MinSizeRel|Win32
		{811AEA2E-804B-48C2-986F-EE18DDB77D46}.MinSizeRel|Win32.Build.0 = MinSizeRel|Win32
		{811AEA2E-804B-48C2-986F-EE18DDB77D46}.RelWithDebInfo|Win32.ActiveCfg = RelWithDebInfo|Win32
		{811AEA2E-804B-48C2-986F-EE18DDB77D46}.RelWithDebInfo|Win32.Build.0 = RelWithDebInfo|Win32
		{3F36B224-009A-46FD-85DD-F8CC46057692}.Debug|Win32.ActiveCfg = Debug|Win32
		{3F36B224-009A-46FD-85DD-F8CC46057692}.Debug|Win32.Build.0 = Debug|Win32
		{3F36B224-009A-46FD-85DD-F8CC46057692}.Release|Win32.ActiveCfg = Release|Win32
		{3F36B224-009A-46FD-85DD-F8CC46057692}.Release|Win32.Build.0 = Release|Win32
		{3F36B224-009A-46FD-85DD-F8CC46057692}.MinSizeRel|Win32.ActiveCfg = MinSizeRel|Win32
		{3F36B224-009A-46FD-85DD-F8CC46057692}.MinSizeRel|Win32.Build.0 = MinSizeRel|Win32
		{3F36B224-009A-46FD-85DD-F8CC46057692}.RelWithDebInfo|Win32.ActiveCfg = RelWithDebInfo|Win32
		{3F36B224-009A-46FD-85DD-F8CC46057692}.RelWithDebInfo|Win32.Build.0 = RelWithDebInfo|Win32
		{0BBDD524-7929-4A76-8D91-B2A3B068FC88}.Debug|Win32.ActiveCfg = Debug|Win32
		{0BBDD524-7929-4A76-8D91-B2A3B068FC88}.Debug|Win32.Build.0 = Debug|Win32
		{0BBDD524-7929-4A76-8D91-B2A3B068FC88}.Release|Win32.ActiveCfg = Release|Win32
		{0BBDD524-7929-4A76-8D91-B2A3B068FC88}.Release|Win32.Build.0 = Release|Win32
		{0BBDD524-7929-4A76-8D91-B2A3B068FC88}.MinSizeRel|Win32.ActiveCfg = MinSizeRel|Win32
		{0BBDD524-7929-4A76-8D91-B2A3B068FC88}.MinSizeRel|Win32.Build.0 = MinSizeRel|Win32
		{0BBDD524-7929-4A76-8D91-B2A3B068FC88}.RelWithDebInfo|Win32.ActiveCfg = RelWithDebInfo|Win32
		{0BBDD524-7929-4A76-8D91-B2A3B068FC88}.RelWithDebInfo|Win32.Build.0 = RelWithDebInfo|Win32
		{4C441149-544F-4592-95B0-C8720C0FB75D}.Debug|Win32.ActiveCfg = Debug|Win32
		{4C441149-544F-4592-95B0-C8720C0FB75D}.Debug|Win32.Build.0 = Debug|Win32
		{4C441149-544F-4592-95B0-C8720C0FB75D}.Release|Win32.ActiveCfg = Release|Win32
		{4C441149-544F-4592-95B0-C8720C0FB75D}.Release|Win32.Build.0 = Release|Win32
		{4C441149-544F-4592-95B0-C8720C0FB75D}.MinSizeRel|Win32.ActiveCfg = MinSizeRel|Win32
		{4C441149-544F-4592-95B0-C8720C0FB75D}.MinSizeRel|Win32.Build.0 = MinSizeRel|Win32
		{4C441149-544F-4592-95B0-C8720C0FB75D}.RelWithDebInfo|Win32.ActiveCfg = RelWithDebInfo|Win32
		{4C441149-544F-4592-95B0-C8720C0FB75D}.RelWithDebInfo|Win32.Build.0 = RelWithDebInfo|Win32
		{34350725-F289-4872-95D5-1779837D8A86}.Debug|Win32.ActiveCfg = Debug|Win32
		{34350725-F289-4872-95D5-1779837D8A86}.Debug|Win32.Build.0 = Debug|Win32
		{34350725-F289-4872-95D5-1779837D8A86}.Release|Win32.ActiveCfg = Release|Win32
		{34350725-F289-4872-95D5-1779837D8A86}.Release|Win32.Build.0 = Release|Win32
		{34350725-F289-4872-95D5-1779837D8A86}.MinSizeRel|Win32.ActiveCfg = MinSizeRel|Win32
		{34350725-F289-4872-95D5-1779837D8A86}.MinSizeRel|Win32.Build.0 = MinSizeRel|Win32
		{34350725-F289-4872-95D5-1779837D8A86}.RelWithDebInfo|Win32.ActiveCfg = RelWithDebInfo|Win32
		{34350725-F289-4872-95D5-1779837D8A86}.RelWithDebInfo|Win32.Build.0 = RelWithDebInfo|Win32
		{2439E096-368D-471C-A38F-DDC6D7C74756}.Debug|Win32.ActiveCfg = Debug|Win32
		{2439E096-368D-471C-A38F-DDC6D7C74756}.Debug|Win32.Build.0 = Debug|Win32
		{2439E096-368D-471C-A38F-DDC6D7C74756}.Release|Win32.ActiveCfg = Release|Win32
		{2439E096-368D-471C-A38F-DDC6D7C74756}.Release|Win32.Build.0 = Release|Win32
		{2439E096-368D-471C-A38F-DDC6D7C74756}.MinSizeRel|Win32.ActiveCfg = MinSizeRel|Win32
		{2439E096-368D-471C-A38F-DDC6D7C74756}.MinSizeRel|Win32.Build.0 = MinSizeRel|Win32
		{2439E096-368D-471C-A38F-DDC6D7C74756}.RelWithDebInfo|Win32.ActiveCfg = RelWithDebInfo|Win32
		{2439E096-368D-471C-A38F-DDC6D7C74756}.RelWithDebInfo|Win32.Build.0 = RelWithDebInfo|Win32
		{43F8DD6A-8048-468A-A36A-74FA8410476E}.Debug|Win32.ActiveCfg = Debug|Win32
		{43F8DD6A-8048-468A-A36A-74FA8410476E}.Debug|Win32.Build.0 = Debug|Win32
		{43F8DD6A-8048-468A-A36A-74FA8410476E}.Release|Win32.ActiveCfg = Release|Win32
		{43F8DD6A-8048-468A-A36A-74FA8410476E}.Release|Win32.Build.0 = Release|Win32
		{43F8DD6A-8048-468A-A36A-74FA8410476E}.MinSizeRel|Win32.ActiveCfg = MinSizeRel|Win32
		{43F8DD6A-8048-468A-A36A-74FA8410476E}.MinSizeRel|Win32.Build.0 = MinSizeRel|Win32
		{43F8DD6A-8048-468A-A36A-74FA8410476E}.RelWithDebInfo|Win32.ActiveCfg = RelWithDebInfo|Win32
		{43F8DD6A-8048-468A-A36A-74FA8410476E}.RelWithDebInfo|Win32.Build.0 = RelWithDebInfo|Win32
		{58DE2A64-BE83-4DFA-AE7D-BBD3C987922E}.Debug|Win32.ActiveCfg = Debug|Win32
		{58DE2A64-BE83-4DFA-AE7D-BBD3C987922E}.Debug|Win32.Build.0 = Debug|Win32
		{58DE2A64-BE83-4DFA-AE7D-BBD3C987922E}.Release|Win32.ActiveCfg = Release|Win32
		{58DE2A64-BE83-4DFA-AE7D-BBD3C987922E}.Release|Win32.Build.0 = Release|Win32
		{58DE2A64-BE83-4DFA-AE7D-BBD3C987922E}.MinSizeRel|Win32.ActiveCfg = MinSizeRel|Win32
		{58DE2A64-BE83-4DFA-AE7D-BBD3C987922E}.MinSizeRel|Win32.Build.0 = MinSizeRel|Win32
		{58DE2A64-BE83-4DFA-AE7D-BBD3C987922E}.RelWithDebInfo|Win32.ActiveCfg = RelWithDebInfo|Win32
		{58DE2A64-BE83-4DFA-AE7D-BBD3C987922E}.RelWithDebInfo|Win32.Build.0 = RelWithDebInfo|Win32
		{677BE743-B397-4ADC-B37E-CCCB3C42D4BF}.Debug|Win32.ActiveCfg = Debug|Win32
		{677BE743-B397-4ADC-B37E-CCCB3C42D4BF}.Debug|Win32.Build.0 = Debug|Win32
		{677BE743-B397-4ADC-B37E-CCCB3C42D4BF}.Release|Win32.ActiveCfg = Release|Win32
		{677BE743-B397-4ADC-B37E-CCCB3C42D4BF}.Release|Win32.Build.0 = Release|Win32
		{677BE743-B397-4ADC-B37E-CCCB3C42D4BF}.MinSizeRel|Win32.ActiveCfg = MinSizeRel|Win32
		{677BE743-B397-4ADC-B37E-CCCB3C42D4BF}.MinSizeRel|Win32.Build.0 = MinSizeRel|Win32
		{677BE743-B397-4ADC-B37E-CCCB3C42D4BF}.RelWithDebInfo|Win32.ActiveCfg = RelWithDebInfo|Win32
		{677BE743-B397-4ADC-B37E-CCCB3C42D4BF}.RelWithDebInfo|Win32.Build.0 = RelWithDebInfo|Win32
		{15EFFEE7-5754-4BBA-B1BF-EECB0CB2B738}.Debug|Win32.ActiveCfg = Debug|Win32
		{15EFFEE7-5754-4BBA-B1BF-EECB0CB2B738}.Debug|Win32.Build.0 = Debug|Win32
		{15EFFEE7-5754-4BBA-B1BF-EECB0CB2B738}.Release|Win32.ActiveCfg = Release|Win32
		{15EFFEE7-5754-4BBA-B1BF-EECB0CB2B738}.Release|Win32.Build.0 = Release|Win32
		{15EFFEE7-5754-4BBA-B1BF-EECB0CB2B738}.MinSizeRel|Win32.ActiveCfg = MinSizeRel|Win32
		{15EFFEE7-5754-4BBA-B1BF-EECB0CB2B738}.MinSizeRel|Win32.Build.0 = MinSizeRel|Win32
		{15EFFEE7-5754-4BBA-B1BF-EECB0CB2B738}.RelWithDebInfo|Win32.ActiveCfg = RelWithDebInfo|Win32
		{15EFFEE7-5754-4BBA-B1BF-EECB0CB2B738}.RelWithDebInfo|Win32.Build.0 = RelWithDebInfo|Win32
		{DCB01501-F59D-4D74-92D1-2F7B0C7422DA}.Debug|Win32.ActiveCfg = Debug|Win32
		{DCB01501-F59D-4D74-92D1-2F7B0C7422DA}.Debug|Win32.Build.0 = Debug|Win32
		{DCB01501-F59D-4D74-92D1-2F7B0C7422DA}.Release|Win32.ActiveCfg = Release|Win32
		{DCB01501-F59D-4D74-92D1-2F7B0C7422DA}.Release|Win32.Build.0 = Release|Win32
		{DCB01501-F59D-4D74-92D1-2F7B0C7422DA}.MinSizeRel|Win32.ActiveCfg = MinSizeRel|Win32
		{DCB01501-F59D-4D74-92D1-2F7B0C7422DA}.MinSizeRel|Win32.Build.0 = MinSizeRel|Win32
		{DCB01501-F59D-4D74-92D1-2F7B0C7422DA}.RelWithDebInfo|Win32.ActiveCfg = RelWithDebInfo|Win32
		{DCB01501-F59D-4D74-92D1-2F7B0C7422DA}.RelWithDebInfo|Win32.Build.0 = RelWithDebInfo|Win32
		{3629700F-ED12-4650-9236-32AEE32347B3}.Debug|Win32.ActiveCfg = Debug|Win32
		{3629700F-ED12-4650-9236-32AEE32347B3}.Debug|Win32.Build.0 = Debug|Win32
		{3629700F-ED12-4650-9236-32AEE32347B3}.Release|Win32.ActiveCfg = Release|Win32
		{3629700F-ED12-4650-9236-32AEE32347B3}.Release|Win32.Build.0 = Release|Win32
		{3629700F-ED12-4650-9236-32AEE32347B3}.MinSizeRel|Win32.ActiveCfg = MinSizeRel|Win32
		{3629700F-ED12-4650-9236-32AEE32347B3}.MinSizeRel|Win32.Build.0 = MinSizeRel|Win32
		{3629700F-ED12-4650-9236-32AEE32347B3}.RelWithDebInfo|Win32.ActiveCfg = RelWithDebInfo|Win32
		{3629700F-ED12-4650-9236-32AEE32347B3}.RelWithDebInfo|Win32.Build.0 = RelWithDebInfo|Win32
		{923BEF00-D612-4473-AC4F-D2C0C891FD14}.Debug|Win32.ActiveCfg = Debug|Win32
		{923BEF00-D612-4473-AC4F-D2C0C891FD14}.Debug|Win32.Build.0 = Debug|Win32
		{923BEF00-D612-4473-AC4F-D2C0C891FD14}.Release|Win32.ActiveCfg = Release|Win32
		{923BEF00-D612-4473-AC4F-D2C0C891FD14}.Release|Win32.Build.0 = Release|Win32
		{923BEF00-D612-4473-AC4F-D2C0C891FD14}.MinSizeRel|Win32.ActiveCfg = MinSizeRel|Win32
		{923BEF00-D612-4473-AC4F-D2C0C891FD14}.MinSizeRel|Win32.Build.0 = MinSizeRel|Win32
		{923BEF00-D612-4473-AC4F-D2C0C891FD14}.RelWithDebInfo|Win32.ActiveCfg = RelWithDebInfo|Win32
		{923BEF00-D612-4473-AC4F-D2C0C891FD14}.RelWithDebInfo|Win32.Build.0 = RelWithDebInfo|Win32
		{CAF2C8F9-6B18-4403-92EA-2B92D5419519}.Debug|Win32.ActiveCfg = Debug|Win32
		{CAF2C8F9-6B18-4403-92EA-2B92D5419519}.Debug|Win32.Build.0 = Debug|Win32
		{CAF2C8F9-6B18-4403-92EA-2B92D5419519}.Release|Win32.ActiveCfg = Release|Win32
		{CAF2C8F9-6B18-4403-92EA-2B92D5419519}.Release|Win32.Build.0 = Release|Win32
		{CAF2C8F9-6B18-4403-92EA-2B92D5419519}.MinSizeRel|Win32.ActiveCfg = MinSizeRel|Win32
		{CAF2C8F9-6B18-4403-92EA-2B92D5419519}.MinSizeRel|Win32.Build.0 = MinSizeRel|Win32
		{CAF2C8F9-6B18-4403-92EA-2B92D5419519}.RelWithDebInfo|Win32.ActiveCfg = RelWithDebInfo|Win32
		{CAF2C8F9-6B18-4403-92EA-2B92D5419519}.RelWithDebInfo|Win32.Build.0 = RelWithDebInfo|Win32
		{3E21E180-D912-4575-BD1E-A54D2F9F4CD8}.Debug|Win32.ActiveCfg = Debug|Win32
		{3E21E180-D912-4575-BD1E-A54D2F9F4CD8}.Debug|Win32.Build.0 = Debug|Win32
		{3E21E180-D912-4575-BD1E-A54D2F9F4CD8}.Release|Win32.ActiveCfg = Release|Win32
		{3E21E180-D912-4575-BD1E-A54D2F9F4CD8}.Release|Win32.Build.0 = Release|Win32
		{3E21E180-D912-4575-BD1E-A54D2F9F4CD8}.MinSizeRel|Win32.ActiveCfg = MinSizeRel|Win32
		{3E21E180-D912-4575-BD1E-A54D2F9F4CD8}.MinSizeRel|Win32.Build.0 = MinSizeRel|Win32
		{3E21E180-D912-4575-BD1E-A54D2F9F4CD8}.RelWithDebInfo|Win32.ActiveCfg = RelWithDebInfo|Win32
		{3E21E180-D912-4575-BD1E-A54D2F9F4CD8}.RelWithDebInfo|Win32.Build.0 = RelWithDebInfo|Win32
		{A11D793A-693F-4A6D-AD5E-2538ED41D5AC}.Debug|Win32.ActiveCfg = Debug|Win32
		{A11D793A-693F-4A6D-AD5E-2538ED41D5AC}.Debug|Win32.Build.0 = Debug|Win32
		{A11D793A-693F-4A6D-AD5E-2538ED41D5AC}.Release|Win32.ActiveCfg = Release|Win32
		{A11D793A-693F-4A6D-AD5E-2538ED41D5AC}.Release|Win32.Build.0 = Release|Win32
		{A11D793A-693F-4A6D-AD5E-2538ED41D5AC}.MinSizeRel|Win32.ActiveCfg = MinSizeRel|Win32
		{A11D793A-693F-4A6D-AD5E-2538ED41D5AC}.MinSizeRel|Win32.Build.0 = MinSizeRel|Win32
		{A11D793A-693F-4A6D-AD5E-2538ED41D5AC}.RelWithDebInfo|Win32.ActiveCfg = RelWithDebInfo|Win32
		{A11D793A-693F-4A6D-AD5E-2538ED41D5AC}.RelWithDebInfo|Win32.Build.0 = RelWithDebInfo|Win32
		{443DED58-DA76-48C1-9417-2D4BB8E542E3}.Debug|Win32.ActiveCfg = Debug|Win32
		{443DED58-DA76-48C1-9417-2D4BB8E542E3}.Debug|Win32.Build.0 = Debug|Win32
		{443DED58-DA76-48C1-9417-2D4BB8E542E3}.Release|Win32.ActiveCfg = Release|Win32
		{443DED58-DA76-48C1-9417-2D4BB8E542E3}.Release|Win32.Build.0 = Release|Win32
		{443DED58-DA76-48C1-9417-2D4BB8E542E3}.MinSizeRel|Win32.ActiveCfg = MinSizeRel|Win32
		{443DED58-DA76-48C1-9417-2D4BB8E542E3}.MinSizeRel|Win32.Build.0 = MinSizeRel|Win32
		{443DED58-DA76-48C1-9417-2D4BB8E542E3}.RelWithDebInfo|Win32.ActiveCfg = RelWithDebInfo|Win32
		{443DED58-DA76-48C1-9417-2D4BB8E542E3}.RelWithDebInfo|Win32.Build.0 = RelWithDebInfo|Win32
		{D25695EF-3D1D-4D31-B844-31DF1AFBFDFC}.Debug|Win32.ActiveCfg = Debug|Win32
		{D25695EF-3D1D-4D31-B844-31DF1AFBFDFC}.Debug|Win32.Build.0 = Debug|Win32
		{D25695EF-3D1D-4D31-B844-31DF1AFBFDFC}.Release|Win32.ActiveCfg = Release|Win32
		{D25695EF-3D1D-4D31-B844-31DF1AFBFDFC}.Release|Win32.Build.0 = Release|Win32
		{D25695EF-3D1D-4D31-B844-31DF1AFBFDFC}.MinSizeRel|Win32.ActiveCfg = MinSizeRel|Win32
		{D25695EF-3D1D-4D31-B844-31DF1AFBFDFC}.MinSizeRel|Win32.Build.0 = MinSizeRel|Win32
		{D25695EF-3D1D-4D31-B844-31DF1AFBFDFC}.RelWithDebInfo|Win32.ActiveCfg = RelWithDebInfo|Win32
		{D25695EF-3D1D-4D31-B844-31DF1AFBFDFC}.RelWithDebInfo|Win32.Build.0 = RelWithDebInfo|Win32
		{623CABEF-E6BC-47D6-954E-37B8023BD33D}.Debug|Win32.ActiveCfg = Debug|Win32
		{623CABEF-E6BC-47D6-954E-37B8023BD33D}.Release|Win32.ActiveCfg = Release|Win32
		{623CABEF-E6BC-47D6-954E-37B8023BD33D}.MinSizeRel|Win32.ActiveCfg = MinSizeRel|Win32
		{623CABEF-E6BC-47D6-954E-37B8023BD33D}.RelWithDebInfo|Win32.ActiveCfg = RelWithDebInfo|Win32
		{35DF9AAA-8E91-4B9D-9CFC-01909820D429}.Debug|Win32.ActiveCfg = Debug|Win32
		{35DF9AAA-8E91-4B9D-9CFC-01909820D429}.Debug|Win32.Build.0 = Debug|Win32
		{35DF9AAA-8E91-4B9D-9CFC-01909820D429}.Release|Win32.ActiveCfg = Release|Win32
		{35DF9AAA-8E91-4B9D-9CFC-01909820D429}.Release|Win32.Build.0 = Release|Win32
		{35DF9AAA-8E91-4B9D-9CFC-01909820D429}.MinSizeRel|Win32.ActiveCfg = MinSizeRel|Win32
		{35DF9AAA-8E91-4B9D-9CFC-01909820D429}.MinSizeRel|Win32.Build.0 = MinSizeRel|Win32
		{35DF9AAA-8E91-4B9D-9CFC-01909820D429}.RelWithDebInfo|Win32.ActiveCfg = RelWithDebInfo|Win32
		{35DF9AAA-8E91-4B9D-9CFC-01909820D429}.RelWithDebInfo|Win32.Build.0 = RelWithDebInfo|Win32
		{7E1AD272-3BB8-4740-A8C3-C87889113D09}.Debug|Win32.ActiveCfg = Debug|Win32
		{7E1AD272-3BB8-4740-A8C3-C87889113D09}.Debug|Win32.Build.0 = Debug|Win32
		{7E1AD272-3BB8-4740-A8C3-C87889113D09}.Release|Win32.ActiveCfg = Release|Win32
		{7E1AD272-3BB8-4740-A8C3-C87889113D09}.Release|Win32.Build.0 = Release|Win32
		{7E1AD272-3BB8-4740-A8C3-C87889113D09}.MinSizeRel|Win32.ActiveCfg = MinSizeRel|Win32
		{7E1AD272-3BB8-4740-A8C3-C87889113D09}.MinSizeRel|Win32.Build.0 = MinSizeRel|Win32
		{7E1AD272-3BB8-4740-A8C3-C87889113D09}.RelWithDebInfo|Win32.ActiveCfg = RelWithDebInfo|Win32
		{7E1AD272-3BB8-4740-A8C3-C87889113D09}.RelWithDebInfo|Win32.Build.0 = RelWithDebInfo|Win32
		{D151CEA4-4254-45B7-BAD7-DB88A5CCE52C}.Debug|Win32.ActiveCfg = Debug|Win32
		{D151CEA4-4254-45B7-BAD7-DB88A5CCE52C}.Release|Win32.ActiveCfg = Release|Win32
		{D151CEA4-4254-45B7-BAD7-DB88A5CCE52C}.MinSizeRel|Win32.ActiveCfg = MinSizeRel|Win32
		{D151CEA4-4254-45B7-BAD7-DB88A5CCE52C}.RelWithDebInfo|Win32.ActiveCfg = RelWithDebInfo|Win32
		{C4D2A869-FC15-4E87-B7B3-52E164CE41E1}.Debug|Win32.ActiveCfg = Debug|Win32
		{C4D2A869-FC15-4E87-B7B3-52E164CE41E1}.Debug|Win32.Build.0 = Debug|Win32
		{C4D2A869-FC15-4E87-B7B3-52E164CE41E1}.Release|Win32.ActiveCfg = Release|Win32
		{C4D2A869-FC15-4E87-B7B3-52E164CE41E1}.Release|Win32.Build.0 = Release|Win32
		{C4D2A869-FC15-4E87-B7B3-52E164CE41E1}.MinSizeRel|Win32.ActiveCfg = MinSizeRel|Win32
		{C4D2A869-FC15-4E87-B7B3-52E164CE41E1}.MinSizeRel|Win32.Build.0 = MinSizeRel|Win32
		{C4D2A869-FC15-4E87-B7B3-52E164CE41E1}.RelWithDebInfo|Win32.ActiveCfg = RelWithDebInfo|Win32
		{C4D2A869-FC15-4E87-B7B3-52E164CE41E1}.RelWithDebInfo|Win32.Build.0 = RelWithDebInfo|Win32
		{EA39F15A-060A-4D65-8E19-24B3193B08C0}.Debug|Win32.ActiveCfg = Debug|Win32
		{EA39F15A-060A-4D65-8E19-24B3193B08C0}.Debug|Win32.Build.0 = Debug|Win32
		{EA39F15A-060A-4D65-8E19-24B3193B08C0}.Release|Win32.ActiveCfg = Release|Win32
		{EA39F15A-060A-4D65-8E19-24B3193B08C0}.Release|Win32.Build.0 = Release|Win32
		{EA39F15A-060A-4D65-8E19-24B3193B08C0}.MinSizeRel|Win32.ActiveCfg = MinSizeRel|Win32
		{EA39F15A-060A-4D65-8E19-24B3193B08C0}.MinSizeRel|Win32.Build.0 = MinSizeRel|Win32
		{EA39F15A-060A-4D65-8E19-24B3193B08C0}.RelWithDebInfo|Win32.ActiveCfg = RelWithDebInfo|Win32
		{EA39F15A-060A-4D65-8E19-24B3193B08C0}.RelWithDebInfo|Win32.Build.0 = RelWithDebInfo|Win32
		{6AB3DB84-2FB8-483D-AE59-03BD7F0C8581}.Debug|Win32.ActiveCfg = Debug|Win32
		{6AB3DB84-2FB8-483D-AE59-03BD7F0C8581}.Debug|Win32.Build.0 = Debug|Win32
		{6AB3DB84-2FB8-483D-AE59-03BD7F0C8581}.Release|Win32.ActiveCfg = Release|Win32
		{6AB3DB84-2FB8-483D-AE59-03BD7F0C8581}.Release|Win32.Build.0 = Release|Win32
		{6AB3DB84-2FB8-483D-AE59-03BD7F0C8581}.MinSizeRel|Win32.ActiveCfg = MinSizeRel|Win32
		{6AB3DB84-2FB8-483D-AE59-03BD7F0C8581}.MinSizeRel|Win32.Build.0 = MinSizeRel|Win32
		{6AB3DB84-2FB8-483D-AE59-03BD7F0C8581}.RelWithDebInfo|Win32.ActiveCfg = RelWithDebInfo|Win32
		{6AB3DB84-2FB8-483D-AE59-03BD7F0C8581}.RelWithDebInfo|Win32.Build.0 = RelWithDebInfo|Win32
		{CFC9FCA2-7DEC-4B34-83E4-7C0A5551387F}.Debug|Win32.ActiveCfg = Debug|Win32
		{CFC9FCA2-7DEC-4B34-83E4-7C0A5551387F}.Debug|Win32.Build.0 = Debug|Win32
		{CFC9FCA2-7DEC-4B34-83E4-7C0A5551387F}.Release|Win32.ActiveCfg = Release|Win32
		{CFC9FCA2-7DEC-4B34-83E4-7C0A5551387F}.Release|Win32.Build.0 = Release|Win32
		{CFC9FCA2-7DEC-4B34-83E4-7C0A5551387F}.MinSizeRel|Win32.ActiveCfg = MinSizeRel|Win32
		{CFC9FCA2-7DEC-4B34-83E4-7C0A5551387F}.MinSizeRel|Win32.Build.0 = MinSizeRel|Win32
		{CFC9FCA2-7DEC-4B34-83E4-7C0A5551387F}.RelWithDebInfo|Win32.ActiveCfg = RelWithDebInfo|Win32
		{CFC9FCA2-7DEC-4B34-83E4-7C0A5551387F}.RelWithDebInfo|Win32.Build.0 = RelWithDebInfo|Win32
		{7F84F173-892C-454C-8F8F-600189BCFD66}.Debug|Win32.ActiveCfg = Debug|Win32
		{7F84F173-892C-454C-8F8F-600189BCFD66}.Debug|Win32.Build.0 = Debug|Win32
		{7F84F173-892C-454C-8F8F-600189BCFD66}.Release|Win32.ActiveCfg = Release|Win32
		{7F84F173-892C-454C-8F8F-600189BCFD66}.Release|Win32.Build.0 = Release|Win32
		{7F84F173-892C-454C-8F8F-600189BCFD66}.MinSizeRel|Win32.ActiveCfg = MinSizeRel|Win32
		{7F84F173-892C-454C-8F8F-600189BCFD66}.MinSizeRel|Win32.Build.0 = MinSizeRel|Win32
		{7F84F173-892C-454C-8F8F-600189BCFD66}.RelWithDebInfo|Win32.ActiveCfg = RelWithDebInfo|Win32
		{7F84F173-892C-454C-8F8F-600189BCFD66}.RelWithDebInfo|Win32.Build.0 = RelWithDebInfo|Win32
		{7E289500-D080-4FC3-BE9D-E2122534D813}.Debug|Win32.ActiveCfg = Debug|Win32
		{7E289500-D080-4FC3-BE9D-E2122534D813}.Debug|Win32.Build.0 = Debug|Win32
		{7E289500-D080-4FC3-BE9D-E2122534D813}.Release|Win32.ActiveCfg = Release|Win32
		{7E289500-D080-4FC3-BE9D-E2122534D813}.Release|Win32.Build.0 = Release|Win32
		{7E289500-D080-4FC3-BE9D-E2122534D813}.MinSizeRel|Win32.ActiveCfg = MinSizeRel|Win32
		{7E289500-D080-4FC3-BE9D-E2122534D813}.MinSizeRel|Win32.Build.0 = MinSizeRel|Win32
		{7E289500-D080-4FC3-BE9D-E2122534D813}.RelWithDebInfo|Win32.ActiveCfg = RelWithDebInfo|Win32
		{7E289500-D080-4FC3-BE9D-E2122534D813}.RelWithDebInfo|Win32.Build.0 = RelWithDebInfo|Win32
		{DE1FA815-A79D-4119-A425-E9F08A393373}.Debug|Win32.ActiveCfg = Debug|Win32
		{DE1FA815-A79D-4119-A425-E9F08A393373}.Debug|Win32.Build.0 = Debug|Win32
		{DE1FA815-A79D-4119-A425-E9F08A393373}.Release|Win32.ActiveCfg = Release|Win32
		{DE1FA815-A79D-4119-A425-E9F08A393373}.Release|Win32.Build.0 = Release|Win32
		{DE1FA815-A79D-4119-A425-E9F08A393373}.MinSizeRel|Win32.ActiveCfg = MinSizeRel|Win32
		{DE1FA815-A79D-4119-A425-E9F08A393373}.MinSizeRel|Win32.Build.0 = MinSizeRel|Win32
		{DE1FA815-A79D-4119-A425-E9F08A393373}.RelWithDebInfo|Win32.ActiveCfg = RelWithDebInfo|Win32
		{DE1FA815-A79D-4119-A425-E9F08A393373}.RelWithDebInfo|Win32.Build.0 = RelWithDebInfo|Win32
		{B9218949-2EBF-4241-8AB1-C614985617A2}.Debug|Win32.ActiveCfg = Debug|Win32
		{B9218949-2EBF-4241-8AB1-C614985617A2}.Debug|Win32.Build.0 = Debug|Win32
		{B9218949-2EBF-4241-8AB1-C614985617A2}.Release|Win32.ActiveCfg = Release|Win32
		{B9218949-2EBF-4241-8AB1-C614985617A2}.Release|Win32.Build.0 = Release|Win32
		{B9218949-2EBF-4241-8AB1-C614985617A2}.MinSizeRel|Win32.ActiveCfg = MinSizeRel|Win32
		{B9218949-2EBF-4241-8AB1-C614985617A2}.MinSizeRel|Win32.Build.0 = MinSizeRel|Win32
		{B9218949-2EBF-4241-8AB1-C614985617A2}.RelWithDebInfo|Win32.ActiveCfg = RelWithDebInfo|Win32
		{B9218949-2EBF-4241-8AB1-C614985617A2}.RelWithDebInfo|Win32.Build.0 = RelWithDebInfo|Win32
		{FB76E7F5-2940-45C1-A6DA-5E76EB289FE6}.Debug|Win32.ActiveCfg = Debug|Win32
		{FB76E7F5-2940-45C1-A6DA-5E76EB289FE6}.Debug|Win32.Build.0 = Debug|Win32
		{FB76E7F5-2940-45C1-A6DA-5E76EB289FE6}.Release|Win32.ActiveCfg = Release|Win32
		{FB76E7F5-2940-45C1-A6DA-5E76EB289FE6}.Release|Win32.Build.0 = Release|Win32
		{FB76E7F5-2940-45C1-A6DA-5E76EB289FE6}.MinSizeRel|Win32.ActiveCfg = MinSizeRel|Win32
		{FB76E7F5-2940-45C1-A6DA-5E76EB289FE6}.MinSizeRel|Win32.Build.0 = MinSizeRel|Win32
		{FB76E7F5-2940-45C1-A6DA-5E76EB289FE6}.RelWithDebInfo|Win32.ActiveCfg = RelWithDebInfo|Win32
		{FB76E7F5-2940-45C1-A6DA-5E76EB289FE6}.RelWithDebInfo|Win32.Build.0 = RelWithDebInfo|Win32
	EndGlobalSection
	GlobalSection(ExtensibilityGlobals) = postSolution
	EndGlobalSection
	GlobalSection(ExtensibilityAddIns) = postSolution
	EndGlobalSection
EndGlobal
