<?xml version="1.0" encoding="Windows-1252"?>
<Project ToolsVersion="4.0" xmlns="http://schemas.microsoft.com/developer/msbuild/2003">
  <ItemGroup>
    <ClCompile Include="..\..\..\coding\3rdparty\bullet3\examples\BasicDemo\BasicExample.cpp">
      <Filter>Source Files</Filter>
    </ClCompile>
    <ClCompile Include="..\..\..\coding\3rdparty\bullet3\examples\BasicDemo\main.cpp">
      <Filter>Source Files</Filter>
    </ClCompile>
  </ItemGroup>
  <ItemGroup>
    <CustomBuild Include="..\..\..\coding\3rdparty\bullet3\examples\BasicDemo\CMakeLists.txt" />
  </ItemGroup>
  <ItemGroup>
    <ResourceCompile Include="..\..\..\coding\3rdparty\bullet3\build3\bullet.rc">
      <Filter>Source Files</Filter>
    </ResourceCompile>
  </ItemGroup>
  <ItemGroup>
    <Filter Include="Source Files">
      <UniqueIdentifier>{1AEFB3A0-5BB8-4B52-BAEF-7B491BC4A073}</UniqueIdentifier>
    </Filter>
  </ItemGroup>
</Project>
