<?xml version="1.0" encoding="Windows-1252"?>
<Project ToolsVersion="4.0" xmlns="http://schemas.microsoft.com/developer/msbuild/2003">
  <ItemGroup>
    <CustomBuild Include="..\coding\3rdparty\freeglut-3.0.0\CMakeLists.txt" />
    <CustomBuild Include="CMakeFiles\382fad6e78cb21f1e05b7ee63828b149\ALL_BUILD.rule">
      <Filter>CMake Rules</Filter>
    </CustomBuild>
  </ItemGroup>
  <ItemGroup>
    <None Include="CMakeFiles\ALL_BUILD" />
  </ItemGroup>
  <ItemGroup>
    <Filter Include="CMake Rules">
      <UniqueIdentifier>{5ACD10A1-3927-4ADE-B716-55804F8F90EF}</UniqueIdentifier>
    </Filter>
  </ItemGroup>
</Project>
