<?xml version="1.0" encoding="Windows-1252"?>
<Project ToolsVersion="4.0" xmlns="http://schemas.microsoft.com/developer/msbuild/2003">
  <ItemGroup>
    <ClCompile Include="..\coding\3rdparty\freeglut-3.0.0\src\fg_callbacks.c">
      <Filter>Source Files</Filter>
    </ClCompile>
    <ClCompile Include="..\coding\3rdparty\freeglut-3.0.0\src\fg_cursor.c">
      <Filter>Source Files</Filter>
    </ClCompile>
    <ClCompile Include="..\coding\3rdparty\freeglut-3.0.0\src\fg_display.c">
      <Filter>Source Files</Filter>
    </ClCompile>
    <ClCompile Include="..\coding\3rdparty\freeglut-3.0.0\src\fg_ext.c">
      <Filter>Source Files</Filter>
    </ClCompile>
    <ClCompile Include="..\coding\3rdparty\freeglut-3.0.0\src\fg_font_data.c">
      <Filter>Source Files</Filter>
    </ClCompile>
    <ClCompile Include="..\coding\3rdparty\freeglut-3.0.0\src\fg_gamemode.c">
      <Filter>Source Files</Filter>
    </ClCompile>
    <ClCompile Include="..\coding\3rdparty\freeglut-3.0.0\src\fg_geometry.c">
      <Filter>Source Files</Filter>
    </ClCompile>
    <ClCompile Include="..\coding\3rdparty\freeglut-3.0.0\src\fg_gl2.c">
      <Filter>Source Files</Filter>
    </ClCompile>
    <ClCompile Include="..\coding\3rdparty\freeglut-3.0.0\src\fg_init.c">
      <Filter>Source Files</Filter>
    </ClCompile>
    <ClCompile Include="..\coding\3rdparty\freeglut-3.0.0\src\fg_input_devices.c">
      <Filter>Source Files</Filter>
    </ClCompile>
    <ClCompile Include="..\coding\3rdparty\freeglut-3.0.0\src\fg_joystick.c">
      <Filter>Source Files</Filter>
    </ClCompile>
    <ClCompile Include="..\coding\3rdparty\freeglut-3.0.0\src\fg_main.c">
      <Filter>Source Files</Filter>
    </ClCompile>
    <ClCompile Include="..\coding\3rdparty\freeglut-3.0.0\src\fg_misc.c">
      <Filter>Source Files</Filter>
    </ClCompile>
    <ClCompile Include="..\coding\3rdparty\freeglut-3.0.0\src\fg_overlay.c">
      <Filter>Source Files</Filter>
    </ClCompile>
    <ClCompile Include="..\coding\3rdparty\freeglut-3.0.0\src\fg_spaceball.c">
      <Filter>Source Files</Filter>
    </ClCompile>
    <ClCompile Include="..\coding\3rdparty\freeglut-3.0.0\src\fg_state.c">
      <Filter>Source Files</Filter>
    </ClCompile>
    <ClCompile Include="..\coding\3rdparty\freeglut-3.0.0\src\fg_stroke_mono_roman.c">
      <Filter>Source Files</Filter>
    </ClCompile>
    <ClCompile Include="..\coding\3rdparty\freeglut-3.0.0\src\fg_stroke_roman.c">
      <Filter>Source Files</Filter>
    </ClCompile>
    <ClCompile Include="..\coding\3rdparty\freeglut-3.0.0\src\fg_structure.c">
      <Filter>Source Files</Filter>
    </ClCompile>
    <ClCompile Include="..\coding\3rdparty\freeglut-3.0.0\src\fg_teapot.c">
      <Filter>Source Files</Filter>
    </ClCompile>
    <ClCompile Include="..\coding\3rdparty\freeglut-3.0.0\src\fg_videoresize.c">
      <Filter>Source Files</Filter>
    </ClCompile>
    <ClCompile Include="..\coding\3rdparty\freeglut-3.0.0\src\fg_window.c">
      <Filter>Source Files</Filter>
    </ClCompile>
    <ClCompile Include="..\coding\3rdparty\freeglut-3.0.0\src\fg_font.c">
      <Filter>Source Files</Filter>
    </ClCompile>
    <ClCompile Include="..\coding\3rdparty\freeglut-3.0.0\src\fg_menu.c">
      <Filter>Source Files</Filter>
    </ClCompile>
    <ClCompile Include="..\coding\3rdparty\freeglut-3.0.0\src\mswin\fg_cursor_mswin.c">
      <Filter>Source Files</Filter>
    </ClCompile>
    <ClCompile Include="..\coding\3rdparty\freeglut-3.0.0\src\mswin\fg_display_mswin.c">
      <Filter>Source Files</Filter>
    </ClCompile>
    <ClCompile Include="..\coding\3rdparty\freeglut-3.0.0\src\mswin\fg_ext_mswin.c">
      <Filter>Source Files</Filter>
    </ClCompile>
    <ClCompile Include="..\coding\3rdparty\freeglut-3.0.0\src\mswin\fg_gamemode_mswin.c">
      <Filter>Source Files</Filter>
    </ClCompile>
    <ClCompile Include="..\coding\3rdparty\freeglut-3.0.0\src\mswin\fg_init_mswin.c">
      <Filter>Source Files</Filter>
    </ClCompile>
    <ClCompile Include="..\coding\3rdparty\freeglut-3.0.0\src\mswin\fg_input_devices_mswin.c">
      <Filter>Source Files</Filter>
    </ClCompile>
    <ClCompile Include="..\coding\3rdparty\freeglut-3.0.0\src\mswin\fg_joystick_mswin.c">
      <Filter>Source Files</Filter>
    </ClCompile>
    <ClCompile Include="..\coding\3rdparty\freeglut-3.0.0\src\mswin\fg_main_mswin.c">
      <Filter>Source Files</Filter>
    </ClCompile>
    <ClCompile Include="..\coding\3rdparty\freeglut-3.0.0\src\mswin\fg_menu_mswin.c">
      <Filter>Source Files</Filter>
    </ClCompile>
    <ClCompile Include="..\coding\3rdparty\freeglut-3.0.0\src\mswin\fg_spaceball_mswin.c">
      <Filter>Source Files</Filter>
    </ClCompile>
    <ClCompile Include="..\coding\3rdparty\freeglut-3.0.0\src\mswin\fg_state_mswin.c">
      <Filter>Source Files</Filter>
    </ClCompile>
    <ClCompile Include="..\coding\3rdparty\freeglut-3.0.0\src\mswin\fg_structure_mswin.c">
      <Filter>Source Files</Filter>
    </ClCompile>
    <ClCompile Include="..\coding\3rdparty\freeglut-3.0.0\src\mswin\fg_window_mswin.c">
      <Filter>Source Files</Filter>
    </ClCompile>
    <ClCompile Include="..\coding\3rdparty\freeglut-3.0.0\src\util\xparsegeometry_repl.c">
      <Filter>Source Files</Filter>
    </ClCompile>
  </ItemGroup>
  <ItemGroup>
    <ClInclude Include="..\coding\3rdparty\freeglut-3.0.0\include\GL\freeglut.h">
      <Filter>Header Files</Filter>
    </ClInclude>
    <ClInclude Include="..\coding\3rdparty\freeglut-3.0.0\include\GL\freeglut_ext.h">
      <Filter>Header Files</Filter>
    </ClInclude>
    <ClInclude Include="..\coding\3rdparty\freeglut-3.0.0\include\GL\freeglut_std.h">
      <Filter>Header Files</Filter>
    </ClInclude>
    <ClInclude Include="..\coding\3rdparty\freeglut-3.0.0\include\GL\glut.h">
      <Filter>Header Files</Filter>
    </ClInclude>
    <ClInclude Include="..\coding\3rdparty\freeglut-3.0.0\src\fg_gl2.h">
      <Filter>Header Files</Filter>
    </ClInclude>
    <ClInclude Include="..\coding\3rdparty\freeglut-3.0.0\src\fg_init.h">
      <Filter>Header Files</Filter>
    </ClInclude>
    <ClInclude Include="..\coding\3rdparty\freeglut-3.0.0\src\fg_internal.h">
      <Filter>Header Files</Filter>
    </ClInclude>
    <ClInclude Include="..\coding\3rdparty\freeglut-3.0.0\src\fg_teapot_data.h">
      <Filter>Header Files</Filter>
    </ClInclude>
    <ClInclude Include="..\coding\3rdparty\freeglut-3.0.0\src\mswin\fg_internal_mswin.h">
      <Filter>Header Files</Filter>
    </ClInclude>
    <ClInclude Include="..\coding\3rdparty\freeglut-3.0.0\src\util\xparsegeometry_repl.h">
      <Filter>Header Files</Filter>
    </ClInclude>
  </ItemGroup>
  <ItemGroup>
    <CustomBuild Include="..\coding\3rdparty\freeglut-3.0.0\CMakeLists.txt" />
  </ItemGroup>
  <ItemGroup>
    <ResourceCompile Include="freeglut.rc">
      <Filter>Source Files</Filter>
    </ResourceCompile>
  </ItemGroup>
  <ItemGroup>
    <Filter Include="Source Files">
      <UniqueIdentifier>{B9E7B717-71E0-45E2-90B8-B2F115F15C81}</UniqueIdentifier>
    </Filter>
    <Filter Include="Header Files">
      <UniqueIdentifier>{19177636-CC88-415E-AFEB-81847AC311E0}</UniqueIdentifier>
    </Filter>
  </ItemGroup>
</Project>
